Microsoft Visual Studio Solution File, Format Version 12.00
# Visual Studio 15
Project("{8BC9CEB8-8B4A-11D0-8D11-00A0C91BC942}") = "ALL_BUILD", "ALL_BUILD.vcxproj", "{4845399B-363C-3D45-A3C9-05736AD8655A}"
	ProjectSection(ProjectDependencies) = postProject
		{79884F95-6F6D-32D0-AE68-6B8B6D84A0A4} = {79884F95-6F6D-32D0-AE68-6B8B6D84A0A4}
		{681ED591-7CEF-36F8-9AB9-712DE4FD3D10} = {681ED591-7CEF-36F8-9AB9-712DE4FD3D10}
		{6F3974F2-762B-3957-93B3-2839E0D29778} = {6F3974F2-762B-3957-93B3-2839E0D29778}
		{262AA3D5-464B-3732-B3C1-6AC7FAC6DF44} = {262AA3D5-464B-3732-B3C1-6AC7FAC6DF44}
		{07953E51-2C0D-3560-8C04-07698AA0F06B} = {07953E51-2C0D-3560-8C04-07698AA0F06B}
		{A161D4B9-E0BD-3A1D-A3F4-1C30E8CF80E1} = {A161D4B9-E0BD-3A1D-A3F4-1C30E8CF80E1}
		{CE5EE363-E19D-3A7F-9B22-F6E3D4FE4575} = {CE5EE363-E19D-3A7F-9B22-F6E3D4FE4575}
		{87CFAF9B-C739-3682-92CB-BA5193FF9B75} = {87CFAF9B-C739-3682-92CB-BA5193FF9B75}
		{16CB55AD-7A16-3427-A5D7-76E2A0197051} = {16CB55AD-7A16-3427-A5D7-76E2A0197051}
		{63CFA43D-862E-3555-844D-45E7B425ABB1} = {63CFA43D-862E-3555-844D-45E7B425ABB1}
		{A8967B70-1526-33FA-AEF9-B8D3C9614DE2} = {A8967B70-1526-33FA-AEF9-B8D3C9614DE2}
		{BEC5C81A-1D9E-3DC6-8FBD-EF22C0077747} = {BEC5C81A-1D9E-3DC6-8FBD-EF22C0077747}
		{28CF2C51-4111-3FB2-9652-E3550EB69CC2} = {28CF2C51-4111-3FB2-9652-E3550EB69CC2}
		{A44A901D-F4CB-3BCA-85DA-844C58EC4673} = {A44A901D-F4CB-3BCA-85DA-844C58EC4673}
		{F716E777-9425-373B-9D47-412A32059E66} = {F716E777-9425-373B-9D47-412A32059E66}
		{EE4A234E-C63B-3AE1-A91B-B166879BAEDA} = {EE4A234E-C63B-3AE1-A91B-B166879BAEDA}
		{98DF1FE3-9F28-3F34-B76C-30E8B4C20405} = {98DF1FE3-9F28-3F34-B76C-30E8B4C20405}
		{7ABF5688-32A8-3D3F-93D6-3B2D636156A5} = {7ABF5688-32A8-3D3F-93D6-3B2D636156A5}
		{73B1530B-1A86-3B31-A382-14DBB97DC0DA} = {73B1530B-1A86-3B31-A382-14DBB97DC0DA}
		{228EF192-EF0D-3391-B73C-19635F9AED6C} = {228EF192-EF0D-3391-B73C-19635F9AED6C}
		{69F93F50-3C1B-30F6-9167-A44D8A64BBF1} = {69F93F50-3C1B-30F6-9167-A44D8A64BBF1}
		{97FB15D5-1A60-3768-B16C-60A160C740AE} = {97FB15D5-1A60-3768-B16C-60A160C740AE}
		{8CFC97FF-2840-3E72-A717-F8400C80DDC6} = {8CFC97FF-2840-3E72-A717-F8400C80DDC6}
		{22DC1B0E-1964-3A7B-8306-3F1F2C97AFC5} = {22DC1B0E-1964-3A7B-8306-3F1F2C97AFC5}
		{68164AEF-6D61-3CF8-B78E-586B52552EC2} = {68164AEF-6D61-3CF8-B78E-586B52552EC2}
		{F088968D-A904-31CD-9EC5-26F3DD6E99B3} = {F088968D-A904-31CD-9EC5-26F3DD6E99B3}
		{2D63F2C2-7F84-3421-B6DA-AF07344362A5} = {2D63F2C2-7F84-3421-B6DA-AF07344362A5}
		{7AAEE729-B9EA-3637-A97F-664A6CD2E6E5} = {7AAEE729-B9EA-3637-A97F-664A6CD2E6E5}
		{A2EEFCEB-607D-362F-B745-CC15CEB3DF40} = {A2EEFCEB-607D-362F-B745-CC15CEB3DF40}
		{C215FD85-BD67-3809-B5C9-D1C2D4B173AF} = {C215FD85-BD67-3809-B5C9-D1C2D4B173AF}
		{23819264-FD9E-3294-A2A1-CA73A836FE45} = {23819264-FD9E-3294-A2A1-CA73A836FE45}
		{1A533B15-61B8-373D-A4AB-CD9FDA0439E5} = {1A533B15-61B8-373D-A4AB-CD9FDA0439E5}
		{B25818D1-1033-36B9-A348-CEA475C743BC} = {B25818D1-1033-36B9-A348-CEA475C743BC}
		{8187858B-6FF3-3C49-BACB-5F7F215B7E62} = {8187858B-6FF3-3C49-BACB-5F7F215B7E62}
		{38ED331C-72F7-3A85-AEF1-9601CD633F46} = {38ED331C-72F7-3A85-AEF1-9601CD633F46}
		{E78960CD-E167-372A-9C05-2ED419E92AFB} = {E78960CD-E167-372A-9C05-2ED419E92AFB}
		{34FC87B6-EBBC-30B8-8D2A-F4F37D7129ED} = {34FC87B6-EBBC-30B8-8D2A-F4F37D7129ED}
		{45225B23-4BE9-3D7C-B621-05211B1E142E} = {45225B23-4BE9-3D7C-B621-05211B1E142E}
		{729ACC78-3816-3C8C-A4D1-373F71EA39C0} = {729ACC78-3816-3C8C-A4D1-373F71EA39C0}
		{8DEA80C2-5BF3-38EB-828F-009110FC1456} = {8DEA80C2-5BF3-38EB-828F-009110FC1456}
		{D3805FD0-ADF5-3234-A3FF-84F62C9ACAEE} = {D3805FD0-ADF5-3234-A3FF-84F62C9ACAEE}
		{CA69B585-EF8A-309D-9DDC-38C259665558} = {CA69B585-EF8A-309D-9DDC-38C259665558}
	EndProjectSection
EndProject
Project("{8BC9CEB8-8B4A-11D0-8D11-00A0C91BC942}") = "AppBasicExampleGui", "examples\BasicDemo\AppBasicExampleGui.vcxproj", "{79884F95-6F6D-32D0-AE68-6B8B6D84A0A4}"
	ProjectSection(ProjectDependencies) = postProject
		{BEC5C81A-1D9E-3DC6-8FBD-EF22C0077747} = {BEC5C81A-1D9E-3DC6-8FBD-EF22C0077747}
		{EE4A234E-C63B-3AE1-A91B-B166879BAEDA} = {EE4A234E-C63B-3AE1-A91B-B166879BAEDA}
		{98DF1FE3-9F28-3F34-B76C-30E8B4C20405} = {98DF1FE3-9F28-3F34-B76C-30E8B4C20405}
		{C215FD85-BD67-3809-B5C9-D1C2D4B173AF} = {C215FD85-BD67-3809-B5C9-D1C2D4B173AF}
		{23819264-FD9E-3294-A2A1-CA73A836FE45} = {23819264-FD9E-3294-A2A1-CA73A836FE45}
		{729ACC78-3816-3C8C-A4D1-373F71EA39C0} = {729ACC78-3816-3C8C-A4D1-373F71EA39C0}
	EndProjectSection
EndProject
Project("{8BC9CEB8-8B4A-11D0-8D11-00A0C91BC942}") = "App_BasicExample", "examples\BasicDemo\App_BasicExample.vcxproj", "{681ED591-7CEF-36F8-9AB9-712DE4FD3D10}"
	ProjectSection(ProjectDependencies) = postProject
		{EE4A234E-C63B-3AE1-A91B-B166879BAEDA} = {EE4A234E-C63B-3AE1-A91B-B166879BAEDA}
		{98DF1FE3-9F28-3F34-B76C-30E8B4C20405} = {98DF1FE3-9F28-3F34-B76C-30E8B4C20405}
		{C215FD85-BD67-3809-B5C9-D1C2D4B173AF} = {C215FD85-BD67-3809-B5C9-D1C2D4B173AF}
		{729ACC78-3816-3C8C-A4D1-373F71EA39C0} = {729ACC78-3816-3C8C-A4D1-373F71EA39C0}
	EndProjectSection
EndProject
Project("{8BC9CEB8-8B4A-11D0-8D11-00A0C91BC942}") = "App_ExampleBrowser", "examples\ExampleBrowser\App_ExampleBrowser.vcxproj", "{6F3974F2-762B-3957-93B3-2839E0D29778}"
	ProjectSection(ProjectDependencies) = postProject
		{BEC5C81A-1D9E-3DC6-8FBD-EF22C0077747} = {BEC5C81A-1D9E-3DC6-8FBD-EF22C0077747}
		{EE4A234E-C63B-3AE1-A91B-B166879BAEDA} = {EE4A234E-C63B-3AE1-A91B-B166879BAEDA}
		{98DF1FE3-9F28-3F34-B76C-30E8B4C20405} = {98DF1FE3-9F28-3F34-B76C-30E8B4C20405}
		{7ABF5688-32A8-3D3F-93D6-3B2D636156A5} = {7ABF5688-32A8-3D3F-93D6-3B2D636156A5}
		{228EF192-EF0D-3391-B73C-19635F9AED6C} = {228EF192-EF0D-3391-B73C-19635F9AED6C}
		{69F93F50-3C1B-30F6-9167-A44D8A64BBF1} = {69F93F50-3C1B-30F6-9167-A44D8A64BBF1}
		{8CFC97FF-2840-3E72-A717-F8400C80DDC6} = {8CFC97FF-2840-3E72-A717-F8400C80DDC6}
		{F088968D-A904-31CD-9EC5-26F3DD6E99B3} = {F088968D-A904-31CD-9EC5-26F3DD6E99B3}
		{C215FD85-BD67-3809-B5C9-D1C2D4B173AF} = {C215FD85-BD67-3809-B5C9-D1C2D4B173AF}
		{23819264-FD9E-3294-A2A1-CA73A836FE45} = {23819264-FD9E-3294-A2A1-CA73A836FE45}
		{729ACC78-3816-3C8C-A4D1-373F71EA39C0} = {729ACC78-3816-3C8C-A4D1-373F71EA39C0}
		{CA69B585-EF8A-309D-9DDC-38C259665558} = {CA69B585-EF8A-309D-9DDC-38C259665558}
	EndProjectSection
EndProject
Project("{8BC9CEB8-8B4A-11D0-8D11-00A0C91BC942}") = "App_HelloWorld", "examples\HelloWorld\App_HelloWorld.vcxproj", "{262AA3D5-464B-3732-B3C1-6AC7FAC6DF44}"
	ProjectSection(ProjectDependencies) = postProject
		{EE4A234E-C63B-3AE1-A91B-B166879BAEDA} = {EE4A234E-C63B-3AE1-A91B-B166879BAEDA}
		{98DF1FE3-9F28-3F34-B76C-30E8B4C20405} = {98DF1FE3-9F28-3F34-B76C-30E8B4C20405}
		{C215FD85-BD67-3809-B5C9-D1C2D4B173AF} = {C215FD85-BD67-3809-B5C9-D1C2D4B173AF}
		{729ACC78-3816-3C8C-A4D1-373F71EA39C0} = {729ACC78-3816-3C8C-A4D1-373F71EA39C0}
	EndProjectSection
EndProject
Project("{8BC9CEB8-8B4A-11D0-8D11-00A0C91BC942}") = "App_PhysicsServer_SharedMemory", "examples\SharedMemory\App_PhysicsServer_SharedMemory.vcxproj", "{07953E51-2C0D-3560-8C04-07698AA0F06B}"
	ProjectSection(ProjectDependencies) = postProject
		{BEC5C81A-1D9E-3DC6-8FBD-EF22C0077747} = {BEC5C81A-1D9E-3DC6-8FBD-EF22C0077747}
		{EE4A234E-C63B-3AE1-A91B-B166879BAEDA} = {EE4A234E-C63B-3AE1-A91B-B166879BAEDA}
		{98DF1FE3-9F28-3F34-B76C-30E8B4C20405} = {98DF1FE3-9F28-3F34-B76C-30E8B4C20405}
		{73B1530B-1A86-3B31-A382-14DBB97DC0DA} = {73B1530B-1A86-3B31-A382-14DBB97DC0DA}
		{228EF192-EF0D-3391-B73C-19635F9AED6C} = {228EF192-EF0D-3391-B73C-19635F9AED6C}
		{69F93F50-3C1B-30F6-9167-A44D8A64BBF1} = {69F93F50-3C1B-30F6-9167-A44D8A64BBF1}
		{22DC1B0E-1964-3A7B-8306-3F1F2C97AFC5} = {22DC1B0E-1964-3A7B-8306-3F1F2C97AFC5}
		{F088968D-A904-31CD-9EC5-26F3DD6E99B3} = {F088968D-A904-31CD-9EC5-26F3DD6E99B3}
		{C215FD85-BD67-3809-B5C9-D1C2D4B173AF} = {C215FD85-BD67-3809-B5C9-D1C2D4B173AF}
		{729ACC78-3816-3C8C-A4D1-373F71EA39C0} = {729ACC78-3816-3C8C-A4D1-373F71EA39C0}
	EndProjectSection
EndProject
Project("{8BC9CEB8-8B4A-11D0-8D11-00A0C91BC942}") = "App_PhysicsServer_SharedMemory_GUI", "examples\SharedMemory\App_PhysicsServer_SharedMemory_GUI.vcxproj", "{A161D4B9-E0BD-3A1D-A3F4-1C30E8CF80E1}"
	ProjectSection(ProjectDependencies) = postProject
		{BEC5C81A-1D9E-3DC6-8FBD-EF22C0077747} = {BEC5C81A-1D9E-3DC6-8FBD-EF22C0077747}
		{EE4A234E-C63B-3AE1-A91B-B166879BAEDA} = {EE4A234E-C63B-3AE1-A91B-B166879BAEDA}
		{98DF1FE3-9F28-3F34-B76C-30E8B4C20405} = {98DF1FE3-9F28-3F34-B76C-30E8B4C20405}
		{73B1530B-1A86-3B31-A382-14DBB97DC0DA} = {73B1530B-1A86-3B31-A382-14DBB97DC0DA}
		{228EF192-EF0D-3391-B73C-19635F9AED6C} = {228EF192-EF0D-3391-B73C-19635F9AED6C}
		{69F93F50-3C1B-30F6-9167-A44D8A64BBF1} = {69F93F50-3C1B-30F6-9167-A44D8A64BBF1}
		{22DC1B0E-1964-3A7B-8306-3F1F2C97AFC5} = {22DC1B0E-1964-3A7B-8306-3F1F2C97AFC5}
		{F088968D-A904-31CD-9EC5-26F3DD6E99B3} = {F088968D-A904-31CD-9EC5-26F3DD6E99B3}
		{C215FD85-BD67-3809-B5C9-D1C2D4B173AF} = {C215FD85-BD67-3809-B5C9-D1C2D4B173AF}
		{23819264-FD9E-3294-A2A1-CA73A836FE45} = {23819264-FD9E-3294-A2A1-CA73A836FE45}
		{729ACC78-3816-3C8C-A4D1-373F71EA39C0} = {729ACC78-3816-3C8C-A4D1-373F71EA39C0}
	EndProjectSection
EndProject
Project("{8BC9CEB8-8B4A-11D0-8D11-00A0C91BC942}") = "App_PhysicsServer_SharedMemory_VR", "examples\SharedMemory\App_PhysicsServer_SharedMemory_VR.vcxproj", "{CE5EE363-E19D-3A7F-9B22-F6E3D4FE4575}"
	ProjectSection(ProjectDependencies) = postProject
		{BEC5C81A-1D9E-3DC6-8FBD-EF22C0077747} = {BEC5C81A-1D9E-3DC6-8FBD-EF22C0077747}
		{EE4A234E-C63B-3AE1-A91B-B166879BAEDA} = {EE4A234E-C63B-3AE1-A91B-B166879BAEDA}
		{98DF1FE3-9F28-3F34-B76C-30E8B4C20405} = {98DF1FE3-9F28-3F34-B76C-30E8B4C20405}
		{73B1530B-1A86-3B31-A382-14DBB97DC0DA} = {73B1530B-1A86-3B31-A382-14DBB97DC0DA}
		{228EF192-EF0D-3391-B73C-19635F9AED6C} = {228EF192-EF0D-3391-B73C-19635F9AED6C}
		{69F93F50-3C1B-30F6-9167-A44D8A64BBF1} = {69F93F50-3C1B-30F6-9167-A44D8A64BBF1}
		{22DC1B0E-1964-3A7B-8306-3F1F2C97AFC5} = {22DC1B0E-1964-3A7B-8306-3F1F2C97AFC5}
		{F088968D-A904-31CD-9EC5-26F3DD6E99B3} = {F088968D-A904-31CD-9EC5-26F3DD6E99B3}
		{C215FD85-BD67-3809-B5C9-D1C2D4B173AF} = {C215FD85-BD67-3809-B5C9-D1C2D4B173AF}
		{23819264-FD9E-3294-A2A1-CA73A836FE45} = {23819264-FD9E-3294-A2A1-CA73A836FE45}
		{729ACC78-3816-3C8C-A4D1-373F71EA39C0} = {729ACC78-3816-3C8C-A4D1-373F71EA39C0}
	EndProjectSection
EndProject
Project("{8BC9CEB8-8B4A-11D0-8D11-00A0C91BC942}") = "App_RobotSimulator", "examples\RobotSimulator\App_RobotSimulator.vcxproj", "{87CFAF9B-C739-3682-92CB-BA5193FF9B75}"
	ProjectSection(ProjectDependencies) = postProject
		{BEC5C81A-1D9E-3DC6-8FBD-EF22C0077747} = {BEC5C81A-1D9E-3DC6-8FBD-EF22C0077747}
		{EE4A234E-C63B-3AE1-A91B-B166879BAEDA} = {EE4A234E-C63B-3AE1-A91B-B166879BAEDA}
		{98DF1FE3-9F28-3F34-B76C-30E8B4C20405} = {98DF1FE3-9F28-3F34-B76C-30E8B4C20405}
		{7ABF5688-32A8-3D3F-93D6-3B2D636156A5} = {7ABF5688-32A8-3D3F-93D6-3B2D636156A5}
		{73B1530B-1A86-3B31-A382-14DBB97DC0DA} = {73B1530B-1A86-3B31-A382-14DBB97DC0DA}
		{228EF192-EF0D-3391-B73C-19635F9AED6C} = {228EF192-EF0D-3391-B73C-19635F9AED6C}
		{69F93F50-3C1B-30F6-9167-A44D8A64BBF1} = {69F93F50-3C1B-30F6-9167-A44D8A64BBF1}
		{8CFC97FF-2840-3E72-A717-F8400C80DDC6} = {8CFC97FF-2840-3E72-A717-F8400C80DDC6}
		{22DC1B0E-1964-3A7B-8306-3F1F2C97AFC5} = {22DC1B0E-1964-3A7B-8306-3F1F2C97AFC5}
		{F088968D-A904-31CD-9EC5-26F3DD6E99B3} = {F088968D-A904-31CD-9EC5-26F3DD6E99B3}
		{C215FD85-BD67-3809-B5C9-D1C2D4B173AF} = {C215FD85-BD67-3809-B5C9-D1C2D4B173AF}
		{23819264-FD9E-3294-A2A1-CA73A836FE45} = {23819264-FD9E-3294-A2A1-CA73A836FE45}
		{729ACC78-3816-3C8C-A4D1-373F71EA39C0} = {729ACC78-3816-3C8C-A4D1-373F71EA39C0}
		{CA69B585-EF8A-309D-9DDC-38C259665558} = {CA69B585-EF8A-309D-9DDC-38C259665558}
	EndProjectSection
EndProject
Project("{8BC9CEB8-8B4A-11D0-8D11-00A0C91BC942}") = "App_obj2sdf", "Extras\obj2sdf\App_obj2sdf.vcxproj", "{16CB55AD-7A16-3427-A5D7-76E2A0197051}"
	ProjectSection(ProjectDependencies) = postProject
		{BEC5C81A-1D9E-3DC6-8FBD-EF22C0077747} = {BEC5C81A-1D9E-3DC6-8FBD-EF22C0077747}
		{729ACC78-3816-3C8C-A4D1-373F71EA39C0} = {729ACC78-3816-3C8C-A4D1-373F71EA39C0}
	EndProjectSection
EndProject
Project("{8BC9CEB8-8B4A-11D0-8D11-00A0C91BC942}") = "Bullet2FileLoader", "src\Bullet3Serialize\Bullet2FileLoader\Bullet2FileLoader.vcxproj", "{63CFA43D-862E-3555-844D-45E7B425ABB1}"
	ProjectSection(ProjectDependencies) = postProject
		{729ACC78-3816-3C8C-A4D1-373F71EA39C0} = {729ACC78-3816-3C8C-A4D1-373F71EA39C0}
	EndProjectSection
EndProject
Project("{8BC9CEB8-8B4A-11D0-8D11-00A0C91BC942}") = "Bullet3Collision", "src\Bullet3Collision\Bullet3Collision.vcxproj", "{A8967B70-1526-33FA-AEF9-B8D3C9614DE2}"
	ProjectSection(ProjectDependencies) = postProject
		{729ACC78-3816-3C8C-A4D1-373F71EA39C0} = {729ACC78-3816-3C8C-A4D1-373F71EA39C0}
	EndProjectSection
EndProject
Project("{8BC9CEB8-8B4A-11D0-8D11-00A0C91BC942}") = "Bullet3Common", "src\Bullet3Common\Bullet3Common.vcxproj", "{BEC5C81A-1D9E-3DC6-8FBD-EF22C0077747}"
	ProjectSection(ProjectDependencies) = postProject
		{729ACC78-3816-3C8C-A4D1-373F71EA39C0} = {729ACC78-3816-3C8C-A4D1-373F71EA39C0}
	EndProjectSection
EndProject
Project("{8BC9CEB8-8B4A-11D0-8D11-00A0C91BC942}") = "Bullet3Dynamics", "src\Bullet3Dynamics\Bullet3Dynamics.vcxproj", "{28CF2C51-4111-3FB2-9652-E3550EB69CC2}"
	ProjectSection(ProjectDependencies) = postProject
		{729ACC78-3816-3C8C-A4D1-373F71EA39C0} = {729ACC78-3816-3C8C-A4D1-373F71EA39C0}
	EndProjectSection
EndProject
Project("{8BC9CEB8-8B4A-11D0-8D11-00A0C91BC942}") = "Bullet3Geometry", "src\Bullet3Geometry\Bullet3Geometry.vcxproj", "{A44A901D-F4CB-3BCA-85DA-844C58EC4673}"
	ProjectSection(ProjectDependencies) = postProject
		{729ACC78-3816-3C8C-A4D1-373F71EA39C0} = {729ACC78-3816-3C8C-A4D1-373F71EA39C0}
	EndProjectSection
EndProject
Project("{8BC9CEB8-8B4A-11D0-8D11-00A0C91BC942}") = "Bullet3OpenCL_clew", "src\Bullet3OpenCL\Bullet3OpenCL_clew.vcxproj", "{F716E777-9425-373B-9D47-412A32059E66}"
	ProjectSection(ProjectDependencies) = postProject
		{729ACC78-3816-3C8C-A4D1-373F71EA39C0} = {729ACC78-3816-3C8C-A4D1-373F71EA39C0}
	EndProjectSection
EndProject
Project("{8BC9CEB8-8B4A-11D0-8D11-00A0C91BC942}") = "BulletCollision", "src\BulletCollision\BulletCollision.vcxproj", "{EE4A234E-C63B-3AE1-A91B-B166879BAEDA}"
	ProjectSection(ProjectDependencies) = postProject
		{729ACC78-3816-3C8C-A4D1-373F71EA39C0} = {729ACC78-3816-3C8C-A4D1-373F71EA39C0}
	EndProjectSection
EndProject
Project("{8BC9CEB8-8B4A-11D0-8D11-00A0C91BC942}") = "BulletDynamics", "src\BulletDynamics\BulletDynamics.vcxproj", "{98DF1FE3-9F28-3F34-B76C-30E8B4C20405}"
	ProjectSection(ProjectDependencies) = postProject
		{729ACC78-3816-3C8C-A4D1-373F71EA39C0} = {729ACC78-3816-3C8C-A4D1-373F71EA39C0}
	EndProjectSection
EndProject
Project("{8BC9CEB8-8B4A-11D0-8D11-00A0C91BC942}") = "BulletExampleBrowserLib", "examples\ExampleBrowser\BulletExampleBrowserLib.vcxproj", "{7ABF5688-32A8-3D3F-93D6-3B2D636156A5}"
	ProjectSection(ProjectDependencies) = postProject
		{729ACC78-3816-3C8C-A4D1-373F71EA39C0} = {729ACC78-3816-3C8C-A4D1-373F71EA39C0}
	EndProjectSection
EndProject
Project("{8BC9CEB8-8B4A-11D0-8D11-00A0C91BC942}") = "BulletFileLoader", "Extras\Serialize\BulletFileLoader\BulletFileLoader.vcxproj", "{73B1530B-1A86-3B31-A382-14DBB97DC0DA}"
	ProjectSection(ProjectDependencies) = postProject
		{729ACC78-3816-3C8C-A4D1-373F71EA39C0} = {729ACC78-3816-3C8C-A4D1-373F71EA39C0}
	EndProjectSection
EndProject
Project("{8BC9CEB8-8B4A-11D0-8D11-00A0C91BC942}") = "BulletInverseDynamics", "src\BulletInverseDynamics\BulletInverseDynamics.vcxproj", "{228EF192-EF0D-3391-B73C-19635F9AED6C}"
	ProjectSection(ProjectDependencies) = postProject
		{729ACC78-3816-3C8C-A4D1-373F71EA39C0} = {729ACC78-3816-3C8C-A4D1-373F71EA39C0}
	EndProjectSection
EndProject
Project("{8BC9CEB8-8B4A-11D0-8D11-00A0C91BC942}") = "BulletInverseDynamicsUtils", "Extras\InverseDynamics\BulletInverseDynamicsUtils.vcxproj", "{69F93F50-3C1B-30F6-9167-A44D8A64BBF1}"
	ProjectSection(ProjectDependencies) = postProject
		{729ACC78-3816-3C8C-A4D1-373F71EA39C0} = {729ACC78-3816-3C8C-A4D1-373F71EA39C0}
	EndProjectSection
EndProject
Project("{8BC9CEB8-8B4A-11D0-8D11-00A0C91BC942}") = "BulletRobotics", "Extras\BulletRobotics\BulletRobotics.vcxproj", "{97FB15D5-1A60-3768-B16C-60A160C740AE}"
	ProjectSection(ProjectDependencies) = postProject
		{729ACC78-3816-3C8C-A4D1-373F71EA39C0} = {729ACC78-3816-3C8C-A4D1-373F71EA39C0}
	EndProjectSection
EndProject
Project("{8BC9CEB8-8B4A-11D0-8D11-00A0C91BC942}") = "BulletSoftBody", "src\BulletSoftBody\BulletSoftBody.vcxproj", "{8CFC97FF-2840-3E72-A717-F8400C80DDC6}"
	ProjectSection(ProjectDependencies) = postProject
		{729ACC78-3816-3C8C-A4D1-373F71EA39C0} = {729ACC78-3816-3C8C-A4D1-373F71EA39C0}
	EndProjectSection
EndProject
Project("{8BC9CEB8-8B4A-11D0-8D11-00A0C91BC942}") = "BulletWorldImporter", "Extras\Serialize\BulletWorldImporter\BulletWorldImporter.vcxproj", "{22DC1B0E-1964-3A7B-8306-3F1F2C97AFC5}"
	ProjectSection(ProjectDependencies) = postProject
		{729ACC78-3816-3C8C-A4D1-373F71EA39C0} = {729ACC78-3816-3C8C-A4D1-373F71EA39C0}
	EndProjectSection
EndProject
Project("{8BC9CEB8-8B4A-11D0-8D11-00A0C91BC942}") = "BulletXmlWorldImporter", "Extras\Serialize\BulletXmlWorldImporter\BulletXmlWorldImporter.vcxproj", "{68164AEF-6D61-3CF8-B78E-586B52552EC2}"
	ProjectSection(ProjectDependencies) = postProject
		{729ACC78-3816-3C8C-A4D1-373F71EA39C0} = {729ACC78-3816-3C8C-A4D1-373F71EA39C0}
	EndProjectSection
EndProject
Project("{8BC9CEB8-8B4A-11D0-8D11-00A0C91BC942}") = "BussIK", "examples\ThirdPartyLibs\BussIK\BussIK.vcxproj", "{F088968D-A904-31CD-9EC5-26F3DD6E99B3}"
	ProjectSection(ProjectDependencies) = postProject
		{729ACC78-3816-3C8C-A4D1-373F71EA39C0} = {729ACC78-3816-3C8C-A4D1-373F71EA39C0}
	EndProjectSection
EndProject
Project("{8BC9CEB8-8B4A-11D0-8D11-00A0C91BC942}") = "ConvexDecomposition", "Extras\ConvexDecomposition\ConvexDecomposition.vcxproj", "{2D63F2C2-7F84-3421-B6DA-AF07344362A5}"
	ProjectSection(ProjectDependencies) = postProject
		{729ACC78-3816-3C8C-A4D1-373F71EA39C0} = {729ACC78-3816-3C8C-A4D1-373F71EA39C0}
	EndProjectSection
EndProject
Project("{8BC9CEB8-8B4A-11D0-8D11-00A0C91BC942}") = "GIMPACTUtils", "Extras\GIMPACTUtils\GIMPACTUtils.vcxproj", "{7AAEE729-B9EA-3637-A97F-664A6CD2E6E5}"
	ProjectSection(ProjectDependencies) = postProject
		{729ACC78-3816-3C8C-A4D1-373F71EA39C0} = {729ACC78-3816-3C8C-A4D1-373F71EA39C0}
	EndProjectSection
EndProject
Project("{8BC9CEB8-8B4A-11D0-8D11-00A0C91BC942}") = "HACD", "Extras\HACD\HACD.vcxproj", "{A2EEFCEB-607D-362F-B745-CC15CEB3DF40}"
	ProjectSection(ProjectDependencies) = postProject
		{729ACC78-3816-3C8C-A4D1-373F71EA39C0} = {729ACC78-3816-3C8C-A4D1-373F71EA39C0}
	EndProjectSection
EndProject
Project("{8BC9CEB8-8B4A-11D0-8D11-00A0C91BC942}") = "INSTALL", "INSTALL.vcxproj", "{39F348BD-5218-35A4-A365-83A2AEC88087}"
	ProjectSection(ProjectDependencies) = postProject
		{4845399B-363C-3D45-A3C9-05736AD8655A} = {4845399B-363C-3D45-A3C9-05736AD8655A}
		{729ACC78-3816-3C8C-A4D1-373F71EA39C0} = {729ACC78-3816-3C8C-A4D1-373F71EA39C0}
	EndProjectSection
EndProject
Project("{8BC9CEB8-8B4A-11D0-8D11-00A0C91BC942}") = "LinearMath", "src\LinearMath\LinearMath.vcxproj", "{C215FD85-BD67-3809-B5C9-D1C2D4B173AF}"
	ProjectSection(ProjectDependencies) = postProject
		{729ACC78-3816-3C8C-A4D1-373F71EA39C0} = {729ACC78-3816-3C8C-A4D1-373F71EA39C0}
	EndProjectSection
EndProject
Project("{8BC9CEB8-8B4A-11D0-8D11-00A0C91BC942}") = "OpenGLWindow", "examples\OpenGLWindow\OpenGLWindow.vcxproj", "{23819264-FD9E-3294-A2A1-CA73A836FE45}"
	ProjectSection(ProjectDependencies) = postProject
		{729ACC78-3816-3C8C-A4D1-373F71EA39C0} = {729ACC78-3816-3C8C-A4D1-373F71EA39C0}
	EndProjectSection
EndProject
Project("{8BC9CEB8-8B4A-11D0-8D11-00A0C91BC942}") = "RUN_TESTS", "RUN_TESTS.vcxproj", "{16E2F2B8-3B62-3BC0-BDE6-CD0B8480DD20}"
	ProjectSection(ProjectDependencies) = postProject
		{729ACC78-3816-3C8C-A4D1-373F71EA39C0} = {729ACC78-3816-3C8C-A4D1-373F71EA39C0}
	EndProjectSection
EndProject
Project("{8BC9CEB8-8B4A-11D0-8D11-00A0C91BC942}") = "Test_BulletDynamics", "test\BulletDynamics\pendulum\Test_BulletDynamics.vcxproj", "{1A533B15-61B8-373D-A4AB-CD9FDA0439E5}"
	ProjectSection(ProjectDependencies) = postProject
		{EE4A234E-C63B-3AE1-A91B-B166879BAEDA} = {EE4A234E-C63B-3AE1-A91B-B166879BAEDA}
		{98DF1FE3-9F28-3F34-B76C-30E8B4C20405} = {98DF1FE3-9F28-3F34-B76C-30E8B4C20405}
		{C215FD85-BD67-3809-B5C9-D1C2D4B173AF} = {C215FD85-BD67-3809-B5C9-D1C2D4B173AF}
		{729ACC78-3816-3C8C-A4D1-373F71EA39C0} = {729ACC78-3816-3C8C-A4D1-373F71EA39C0}
		{D3805FD0-ADF5-3234-A3FF-84F62C9ACAEE} = {D3805FD0-ADF5-3234-A3FF-84F62C9ACAEE}
	EndProjectSection
EndProject
Project("{8BC9CEB8-8B4A-11D0-8D11-00A0C91BC942}") = "Test_BulletInverseDynamics", "test\InverseDynamics\Test_BulletInverseDynamics.vcxproj", "{B25818D1-1033-36B9-A348-CEA475C743BC}"
	ProjectSection(ProjectDependencies) = postProject
		{BEC5C81A-1D9E-3DC6-8FBD-EF22C0077747} = {BEC5C81A-1D9E-3DC6-8FBD-EF22C0077747}
		{EE4A234E-C63B-3AE1-A91B-B166879BAEDA} = {EE4A234E-C63B-3AE1-A91B-B166879BAEDA}
		{98DF1FE3-9F28-3F34-B76C-30E8B4C20405} = {98DF1FE3-9F28-3F34-B76C-30E8B4C20405}
		{228EF192-EF0D-3391-B73C-19635F9AED6C} = {228EF192-EF0D-3391-B73C-19635F9AED6C}
		{69F93F50-3C1B-30F6-9167-A44D8A64BBF1} = {69F93F50-3C1B-30F6-9167-A44D8A64BBF1}
		{C215FD85-BD67-3809-B5C9-D1C2D4B173AF} = {C215FD85-BD67-3809-B5C9-D1C2D4B173AF}
		{729ACC78-3816-3C8C-A4D1-373F71EA39C0} = {729ACC78-3816-3C8C-A4D1-373F71EA39C0}
		{D3805FD0-ADF5-3234-A3FF-84F62C9ACAEE} = {D3805FD0-ADF5-3234-A3FF-84F62C9ACAEE}
	EndProjectSection
EndProject
Project("{8BC9CEB8-8B4A-11D0-8D11-00A0C91BC942}") = "Test_BulletInverseDynamicsJacobian", "test\InverseDynamics\Test_BulletInverseDynamicsJacobian.vcxproj", "{8187858B-6FF3-3C49-BACB-5F7F215B7E62}"
	ProjectSection(ProjectDependencies) = postProject
		{BEC5C81A-1D9E-3DC6-8FBD-EF22C0077747} = {BEC5C81A-1D9E-3DC6-8FBD-EF22C0077747}
		{228EF192-EF0D-3391-B73C-19635F9AED6C} = {228EF192-EF0D-3391-B73C-19635F9AED6C}
		{69F93F50-3C1B-30F6-9167-A44D8A64BBF1} = {69F93F50-3C1B-30F6-9167-A44D8A64BBF1}
		{C215FD85-BD67-3809-B5C9-D1C2D4B173AF} = {C215FD85-BD67-3809-B5C9-D1C2D4B173AF}
		{729ACC78-3816-3C8C-A4D1-373F71EA39C0} = {729ACC78-3816-3C8C-A4D1-373F71EA39C0}
		{D3805FD0-ADF5-3234-A3FF-84F62C9ACAEE} = {D3805FD0-ADF5-3234-A3FF-84F62C9ACAEE}
	EndProjectSection
EndProject
Project("{8BC9CEB8-8B4A-11D0-8D11-00A0C91BC942}") = "Test_BulletInverseForwardDynamics", "test\InverseDynamics\Test_BulletInverseForwardDynamics.vcxproj", "{38ED331C-72F7-3A85-AEF1-9601CD633F46}"
	ProjectSection(ProjectDependencies) = postProject
		{BEC5C81A-1D9E-3DC6-8FBD-EF22C0077747} = {BEC5C81A-1D9E-3DC6-8FBD-EF22C0077747}
		{EE4A234E-C63B-3AE1-A91B-B166879BAEDA} = {EE4A234E-C63B-3AE1-A91B-B166879BAEDA}
		{98DF1FE3-9F28-3F34-B76C-30E8B4C20405} = {98DF1FE3-9F28-3F34-B76C-30E8B4C20405}
		{228EF192-EF0D-3391-B73C-19635F9AED6C} = {228EF192-EF0D-3391-B73C-19635F9AED6C}
		{69F93F50-3C1B-30F6-9167-A44D8A64BBF1} = {69F93F50-3C1B-30F6-9167-A44D8A64BBF1}
		{C215FD85-BD67-3809-B5C9-D1C2D4B173AF} = {C215FD85-BD67-3809-B5C9-D1C2D4B173AF}
		{729ACC78-3816-3C8C-A4D1-373F71EA39C0} = {729ACC78-3816-3C8C-A4D1-373F71EA39C0}
		{D3805FD0-ADF5-3234-A3FF-84F62C9ACAEE} = {D3805FD0-ADF5-3234-A3FF-84F62C9ACAEE}
	EndProjectSection
EndProject
Project("{8BC9CEB8-8B4A-11D0-8D11-00A0C91BC942}") = "Test_Collision", "test\collision\Test_Collision.vcxproj", "{E78960CD-E167-372A-9C05-2ED419E92AFB}"
	ProjectSection(ProjectDependencies) = postProject
		{C215FD85-BD67-3809-B5C9-D1C2D4B173AF} = {C215FD85-BD67-3809-B5C9-D1C2D4B173AF}
		{729ACC78-3816-3C8C-A4D1-373F71EA39C0} = {729ACC78-3816-3C8C-A4D1-373F71EA39C0}
		{D3805FD0-ADF5-3234-A3FF-84F62C9ACAEE} = {D3805FD0-ADF5-3234-A3FF-84F62C9ACAEE}
	EndProjectSection
EndProject
Project("{8BC9CEB8-8B4A-11D0-8D11-00A0C91BC942}") = "Test_PhysicsClientServer", "test\SharedMemory\Test_PhysicsClientServer.vcxproj", "{34FC87B6-EBBC-30B8-8D2A-F4F37D7129ED}"
	ProjectSection(ProjectDependencies) = postProject
		{BEC5C81A-1D9E-3DC6-8FBD-EF22C0077747} = {BEC5C81A-1D9E-3DC6-8FBD-EF22C0077747}
		{EE4A234E-C63B-3AE1-A91B-B166879BAEDA} = {EE4A234E-C63B-3AE1-A91B-B166879BAEDA}
		{98DF1FE3-9F28-3F34-B76C-30E8B4C20405} = {98DF1FE3-9F28-3F34-B76C-30E8B4C20405}
		{73B1530B-1A86-3B31-A382-14DBB97DC0DA} = {73B1530B-1A86-3B31-A382-14DBB97DC0DA}
		{228EF192-EF0D-3391-B73C-19635F9AED6C} = {228EF192-EF0D-3391-B73C-19635F9AED6C}
		{69F93F50-3C1B-30F6-9167-A44D8A64BBF1} = {69F93F50-3C1B-30F6-9167-A44D8A64BBF1}
		{22DC1B0E-1964-3A7B-8306-3F1F2C97AFC5} = {22DC1B0E-1964-3A7B-8306-3F1F2C97AFC5}
		{F088968D-A904-31CD-9EC5-26F3DD6E99B3} = {F088968D-A904-31CD-9EC5-26F3DD6E99B3}
		{C215FD85-BD67-3809-B5C9-D1C2D4B173AF} = {C215FD85-BD67-3809-B5C9-D1C2D4B173AF}
		{729ACC78-3816-3C8C-A4D1-373F71EA39C0} = {729ACC78-3816-3C8C-A4D1-373F71EA39C0}
		{D3805FD0-ADF5-3234-A3FF-84F62C9ACAEE} = {D3805FD0-ADF5-3234-A3FF-84F62C9ACAEE}
	EndProjectSection
EndProject
Project("{8BC9CEB8-8B4A-11D0-8D11-00A0C91BC942}") = "Test_btKinematicCharacterController", "test\BulletDynamics\Test_btKinematicCharacterController.vcxproj", "{45225B23-4BE9-3D7C-B621-05211B1E142E}"
	ProjectSection(ProjectDependencies) = postProject
		{EE4A234E-C63B-3AE1-A91B-B166879BAEDA} = {EE4A234E-C63B-3AE1-A91B-B166879BAEDA}
		{98DF1FE3-9F28-3F34-B76C-30E8B4C20405} = {98DF1FE3-9F28-3F34-B76C-30E8B4C20405}
		{C215FD85-BD67-3809-B5C9-D1C2D4B173AF} = {C215FD85-BD67-3809-B5C9-D1C2D4B173AF}
		{729ACC78-3816-3C8C-A4D1-373F71EA39C0} = {729ACC78-3816-3C8C-A4D1-373F71EA39C0}
		{D3805FD0-ADF5-3234-A3FF-84F62C9ACAEE} = {D3805FD0-ADF5-3234-A3FF-84F62C9ACAEE}
	EndProjectSection
EndProject
Project("{8BC9CEB8-8B4A-11D0-8D11-00A0C91BC942}") = "ZERO_CHECK", "ZERO_CHECK.vcxproj", "{729ACC78-3816-3C8C-A4D1-373F71EA39C0}"
	ProjectSection(ProjectDependencies) = postProject
	EndProjectSection
EndProject
Project("{8BC9CEB8-8B4A-11D0-8D11-00A0C91BC942}") = "clsocket", "examples\ThirdPartyLibs\clsocket\clsocket.vcxproj", "{8DEA80C2-5BF3-38EB-828F-009110FC1456}"
	ProjectSection(ProjectDependencies) = postProject
		{729ACC78-3816-3C8C-A4D1-373F71EA39C0} = {729ACC78-3816-3C8C-A4D1-373F71EA39C0}
	EndProjectSection
EndProject
Project("{8BC9CEB8-8B4A-11D0-8D11-00A0C91BC942}") = "gtest", "test\gtest-1.7.0\gtest.vcxproj", "{D3805FD0-ADF5-3234-A3FF-84F62C9ACAEE}"
	ProjectSection(ProjectDependencies) = postProject
		{729ACC78-3816-3C8C-A4D1-373F71EA39C0} = {729ACC78-3816-3C8C-A4D1-373F71EA39C0}
	EndProjectSection
EndProject
Project("{8BC9CEB8-8B4A-11D0-8D11-00A0C91BC942}") = "gwen", "examples\ThirdPartyLibs\Gwen\gwen.vcxproj", "{CA69B585-EF8A-309D-9DDC-38C259665558}"
	ProjectSection(ProjectDependencies) = postProject
		{729ACC78-3816-3C8C-A4D1-373F71EA39C0} = {729ACC78-3816-3C8C-A4D1-373F71EA39C0}
	EndProjectSection
EndProject
Global
	GlobalSection(SolutionConfigurationPlatforms) = preSolution
		Debug|Win32 = Debug|Win32
		Release|Win32 = Release|Win32
		MinSizeRel|Win32 = MinSizeRel|Win32
		RelWithDebInfo|Win32 = RelWithDebInfo|Win32
	EndGlobalSection
	GlobalSection(ProjectConfigurationPlatforms) = postSolution
		{4845399B-363C-3D45-A3C9-05736AD8655A}.Debug|Win32.ActiveCfg = Debug|Win32
		{4845399B-363C-3D45-A3C9-05736AD8655A}.Debug|Win32.Build.0 = Debug|Win32
		{4845399B-363C-3D45-A3C9-05736AD8655A}.Release|Win32.ActiveCfg = Release|Win32
		{4845399B-363C-3D45-A3C9-05736AD8655A}.Release|Win32.Build.0 = Release|Win32
		{4845399B-363C-3D45-A3C9-05736AD8655A}.MinSizeRel|Win32.ActiveCfg = MinSizeRel|Win32
		{4845399B-363C-3D45-A3C9-05736AD8655A}.MinSizeRel|Win32.Build.0 = MinSizeRel|Win32
		{4845399B-363C-3D45-A3C9-05736AD8655A}.RelWithDebInfo|Win32.ActiveCfg = RelWithDebInfo|Win32
		{4845399B-363C-3D45-A3C9-05736AD8655A}.RelWithDebInfo|Win32.Build.0 = RelWithDebInfo|Win32
		{79884F95-6F6D-32D0-AE68-6B8B6D84A0A4}.Debug|Win32.ActiveCfg = Debug|Win32
		{79884F95-6F6D-32D0-AE68-6B8B6D84A0A4}.Debug|Win32.Build.0 = Debug|Win32
		{79884F95-6F6D-32D0-AE68-6B8B6D84A0A4}.Release|Win32.ActiveCfg = Release|Win32
		{79884F95-6F6D-32D0-AE68-6B8B6D84A0A4}.Release|Win32.Build.0 = Release|Win32
		{79884F95-6F6D-32D0-AE68-6B8B6D84A0A4}.MinSizeRel|Win32.ActiveCfg = MinSizeRel|Win32
		{79884F95-6F6D-32D0-AE68-6B8B6D84A0A4}.MinSizeRel|Win32.Build.0 = MinSizeRel|Win32
		{79884F95-6F6D-32D0-AE68-6B8B6D84A0A4}.RelWithDebInfo|Win32.ActiveCfg = RelWithDebInfo|Win32
		{79884F95-6F6D-32D0-AE68-6B8B6D84A0A4}.RelWithDebInfo|Win32.Build.0 = RelWithDebInfo|Win32
		{681ED591-7CEF-36F8-9AB9-712DE4FD3D10}.Debug|Win32.ActiveCfg = Debug|Win32
		{681ED591-7CEF-36F8-9AB9-712DE4FD3D10}.Debug|Win32.Build.0 = Debug|Win32
		{681ED591-7CEF-36F8-9AB9-712DE4FD3D10}.Release|Win32.ActiveCfg = Release|Win32
		{681ED591-7CEF-36F8-9AB9-712DE4FD3D10}.Release|Win32.Build.0 = Release|Win32
		{681ED591-7CEF-36F8-9AB9-712DE4FD3D10}.MinSizeRel|Win32.ActiveCfg = MinSizeRel|Win32
		{681ED591-7CEF-36F8-9AB9-712DE4FD3D10}.MinSizeRel|Win32.Build.0 = MinSizeRel|Win32
		{681ED591-7CEF-36F8-9AB9-712DE4FD3D10}.RelWithDebInfo|Win32.ActiveCfg = RelWithDebInfo|Win32
		{681ED591-7CEF-36F8-9AB9-712DE4FD3D10}.RelWithDebInfo|Win32.Build.0 = RelWithDebInfo|Win32
		{6F3974F2-762B-3957-93B3-2839E0D29778}.Debug|Win32.ActiveCfg = Debug|Win32
		{6F3974F2-762B-3957-93B3-2839E0D29778}.Debug|Win32.Build.0 = Debug|Win32
		{6F3974F2-762B-3957-93B3-2839E0D29778}.Release|Win32.ActiveCfg = Release|Win32
		{6F3974F2-762B-3957-93B3-2839E0D29778}.Release|Win32.Build.0 = Release|Win32
		{6F3974F2-762B-3957-93B3-2839E0D29778}.MinSizeRel|Win32.ActiveCfg = MinSizeRel|Win32
		{6F3974F2-762B-3957-93B3-2839E0D29778}.MinSizeRel|Win32.Build.0 = MinSizeRel|Win32
		{6F3974F2-762B-3957-93B3-2839E0D29778}.RelWithDebInfo|Win32.ActiveCfg = RelWithDebInfo|Win32
		{6F3974F2-762B-3957-93B3-2839E0D29778}.RelWithDebInfo|Win32.Build.0 = RelWithDebInfo|Win32
		{262AA3D5-464B-3732-B3C1-6AC7FAC6DF44}.Debug|Win32.ActiveCfg = Debug|Win32
		{262AA3D5-464B-3732-B3C1-6AC7FAC6DF44}.Debug|Win32.Build.0 = Debug|Win32
		{262AA3D5-464B-3732-B3C1-6AC7FAC6DF44}.Release|Win32.ActiveCfg = Release|Win32
		{262AA3D5-464B-3732-B3C1-6AC7FAC6DF44}.Release|Win32.Build.0 = Release|Win32
		{262AA3D5-464B-3732-B3C1-6AC7FAC6DF44}.MinSizeRel|Win32.ActiveCfg = MinSizeRel|Win32
		{262AA3D5-464B-3732-B3C1-6AC7FAC6DF44}.MinSizeRel|Win32.Build.0 = MinSizeRel|Win32
		{262AA3D5-464B-3732-B3C1-6AC7FAC6DF44}.RelWithDebInfo|Win32.ActiveCfg = RelWithDebInfo|Win32
		{262AA3D5-464B-3732-B3C1-6AC7FAC6DF44}.RelWithDebInfo|Win32.Build.0 = RelWithDebInfo|Win32
		{07953E51-2C0D-3560-8C04-07698AA0F06B}.Debug|Win32.ActiveCfg = Debug|Win32
		{07953E51-2C0D-3560-8C04-07698AA0F06B}.Debug|Win32.Build.0 = Debug|Win32
		{07953E51-2C0D-3560-8C04-07698AA0F06B}.Release|Win32.ActiveCfg = Release|Win32
		{07953E51-2C0D-3560-8C04-07698AA0F06B}.Release|Win32.Build.0 = Release|Win32
		{07953E51-2C0D-3560-8C04-07698AA0F06B}.MinSizeRel|Win32.ActiveCfg = MinSizeRel|Win32
		{07953E51-2C0D-3560-8C04-07698AA0F06B}.MinSizeRel|Win32.Build.0 = MinSizeRel|Win32
		{07953E51-2C0D-3560-8C04-07698AA0F06B}.RelWithDebInfo|Win32.ActiveCfg = RelWithDebInfo|Win32
		{07953E51-2C0D-3560-8C04-07698AA0F06B}.RelWithDebInfo|Win32.Build.0 = RelWithDebInfo|Win32
		{A161D4B9-E0BD-3A1D-A3F4-1C30E8CF80E1}.Debug|Win32.ActiveCfg = Debug|Win32
		{A161D4B9-E0BD-3A1D-A3F4-1C30E8CF80E1}.Debug|Win32.Build.0 = Debug|Win32
		{A161D4B9-E0BD-3A1D-A3F4-1C30E8CF80E1}.Release|Win32.ActiveCfg = Release|Win32
		{A161D4B9-E0BD-3A1D-A3F4-1C30E8CF80E1}.Release|Win32.Build.0 = Release|Win32
		{A161D4B9-E0BD-3A1D-A3F4-1C30E8CF80E1}.MinSizeRel|Win32.ActiveCfg = MinSizeRel|Win32
		{A161D4B9-E0BD-3A1D-A3F4-1C30E8CF80E1}.MinSizeRel|Win32.Build.0 = MinSizeRel|Win32
		{A161D4B9-E0BD-3A1D-A3F4-1C30E8CF80E1}.RelWithDebInfo|Win32.ActiveCfg = RelWithDebInfo|Win32
		{A161D4B9-E0BD-3A1D-A3F4-1C30E8CF80E1}.RelWithDebInfo|Win32.Build.0 = RelWithDebInfo|Win32
		{CE5EE363-E19D-3A7F-9B22-F6E3D4FE4575}.Debug|Win32.ActiveCfg = Debug|Win32
		{CE5EE363-E19D-3A7F-9B22-F6E3D4FE4575}.Debug|Win32.Build.0 = Debug|Win32
		{CE5EE363-E19D-3A7F-9B22-F6E3D4FE4575}.Release|Win32.ActiveCfg = Release|Win32
		{CE5EE363-E19D-3A7F-9B22-F6E3D4FE4575}.Release|Win32.Build.0 = Release|Win32
		{CE5EE363-E19D-3A7F-9B22-F6E3D4FE4575}.MinSizeRel|Win32.ActiveCfg = MinSizeRel|Win32
		{CE5EE363-E19D-3A7F-9B22-F6E3D4FE4575}.MinSizeRel|Win32.Build.0 = MinSizeRel|Win32
		{CE5EE363-E19D-3A7F-9B22-F6E3D4FE4575}.RelWithDebInfo|Win32.ActiveCfg = RelWithDebInfo|Win32
		{CE5EE363-E19D-3A7F-9B22-F6E3D4FE4575}.RelWithDebInfo|Win32.Build.0 = RelWithDebInfo|Win32
		{87CFAF9B-C739-3682-92CB-BA5193FF9B75}.Debug|Win32.ActiveCfg = Debug|Win32
		{87CFAF9B-C739-3682-92CB-BA5193FF9B75}.Debug|Win32.Build.0 = Debug|Win32
		{87CFAF9B-C739-3682-92CB-BA5193FF9B75}.Release|Win32.ActiveCfg = Release|Win32
		{87CFAF9B-C739-3682-92CB-BA5193FF9B75}.Release|Win32.Build.0 = Release|Win32
		{87CFAF9B-C739-3682-92CB-BA5193FF9B75}.MinSizeRel|Win32.ActiveCfg = MinSizeRel|Win32
		{87CFAF9B-C739-3682-92CB-BA5193FF9B75}.MinSizeRel|Win32.Build.0 = MinSizeRel|Win32
		{87CFAF9B-C739-3682-92CB-BA5193FF9B75}.RelWithDebInfo|Win32.ActiveCfg = RelWithDebInfo|Win32
		{87CFAF9B-C739-3682-92CB-BA5193FF9B75}.RelWithDebInfo|Win32.Build.0 = RelWithDebInfo|Win32
		{16CB55AD-7A16-3427-A5D7-76E2A0197051}.Debug|Win32.ActiveCfg = Debug|Win32
		{16CB55AD-7A16-3427-A5D7-76E2A0197051}.Debug|Win32.Build.0 = Debug|Win32
		{16CB55AD-7A16-3427-A5D7-76E2A0197051}.Release|Win32.ActiveCfg = Release|Win32
		{16CB55AD-7A16-3427-A5D7-76E2A0197051}.Release|Win32.Build.0 = Release|Win32
		{16CB55AD-7A16-3427-A5D7-76E2A0197051}.MinSizeRel|Win32.ActiveCfg = MinSizeRel|Win32
		{16CB55AD-7A16-3427-A5D7-76E2A0197051}.MinSizeRel|Win32.Build.0 = MinSizeRel|Win32
		{16CB55AD-7A16-3427-A5D7-76E2A0197051}.RelWithDebInfo|Win32.ActiveCfg = RelWithDebInfo|Win32
		{16CB55AD-7A16-3427-A5D7-76E2A0197051}.RelWithDebInfo|Win32.Build.0 = RelWithDebInfo|Win32
		{63CFA43D-862E-3555-844D-45E7B425ABB1}.Debug|Win32.ActiveCfg = Debug|Win32
		{63CFA43D-862E-3555-844D-45E7B425ABB1}.Debug|Win32.Build.0 = Debug|Win32
		{63CFA43D-862E-3555-844D-45E7B425ABB1}.Release|Win32.ActiveCfg = Release|Win32
		{63CFA43D-862E-3555-844D-45E7B425ABB1}.Release|Win32.Build.0 = Release|Win32
		{63CFA43D-862E-3555-844D-45E7B425ABB1}.MinSizeRel|Win32.ActiveCfg = MinSizeRel|Win32
		{63CFA43D-862E-3555-844D-45E7B425ABB1}.MinSizeRel|Win32.Build.0 = MinSizeRel|Win32
		{63CFA43D-862E-3555-844D-45E7B425ABB1}.RelWithDebInfo|Win32.ActiveCfg = RelWithDebInfo|Win32
		{63CFA43D-862E-3555-844D-45E7B425ABB1}.RelWithDebInfo|Win32.Build.0 = RelWithDebInfo|Win32
		{A8967B70-1526-33FA-AEF9-B8D3C9614DE2}.Debug|Win32.ActiveCfg = Debug|Win32
		{A8967B70-1526-33FA-AEF9-B8D3C9614DE2}.Debug|Win32.Build.0 = Debug|Win32
		{A8967B70-1526-33FA-AEF9-B8D3C9614DE2}.Release|Win32.ActiveCfg = Release|Win32
		{A8967B70-1526-33FA-AEF9-B8D3C9614DE2}.Release|Win32.Build.0 = Release|Win32
		{A8967B70-1526-33FA-AEF9-B8D3C9614DE2}.MinSizeRel|Win32.ActiveCfg = MinSizeRel|Win32
		{A8967B70-1526-33FA-AEF9-B8D3C9614DE2}.MinSizeRel|Win32.Build.0 = MinSizeRel|Win32
		{A8967B70-1526-33FA-AEF9-B8D3C9614DE2}.RelWithDebInfo|Win32.ActiveCfg = RelWithDebInfo|Win32
		{A8967B70-1526-33FA-AEF9-B8D3C9614DE2}.RelWithDebInfo|Win32.Build.0 = RelWithDebInfo|Win32
		{BEC5C81A-1D9E-3DC6-8FBD-EF22C0077747}.Debug|Win32.ActiveCfg = Debug|Win32
		{BEC5C81A-1D9E-3DC6-8FBD-EF22C0077747}.Debug|Win32.Build.0 = Debug|Win32
		{BEC5C81A-1D9E-3DC6-8FBD-EF22C0077747}.Release|Win32.ActiveCfg = Release|Win32
		{BEC5C81A-1D9E-3DC6-8FBD-EF22C0077747}.Release|Win32.Build.0 = Release|Win32
		{BEC5C81A-1D9E-3DC6-8FBD-EF22C0077747}.MinSizeRel|Win32.ActiveCfg = MinSizeRel|Win32
		{BEC5C81A-1D9E-3DC6-8FBD-EF22C0077747}.MinSizeRel|Win32.Build.0 = MinSizeRel|Win32
		{BEC5C81A-1D9E-3DC6-8FBD-EF22C0077747}.RelWithDebInfo|Win32.ActiveCfg = RelWithDebInfo|Win32
		{BEC5C81A-1D9E-3DC6-8FBD-EF22C0077747}.RelWithDebInfo|Win32.Build.0 = RelWithDebInfo|Win32
		{28CF2C51-4111-3FB2-9652-E3550EB69CC2}.Debug|Win32.ActiveCfg = Debug|Win32
		{28CF2C51-4111-3FB2-9652-E3550EB69CC2}.Debug|Win32.Build.0 = Debug|Win32
		{28CF2C51-4111-3FB2-9652-E3550EB69CC2}.Release|Win32.ActiveCfg = Release|Win32
		{28CF2C51-4111-3FB2-9652-E3550EB69CC2}.Release|Win32.Build.0 = Release|Win32
		{28CF2C51-4111-3FB2-9652-E3550EB69CC2}.MinSizeRel|Win32.ActiveCfg = MinSizeRel|Win32
		{28CF2C51-4111-3FB2-9652-E3550EB69CC2}.MinSizeRel|Win32.Build.0 = MinSizeRel|Win32
		{28CF2C51-4111-3FB2-9652-E3550EB69CC2}.RelWithDebInfo|Win32.ActiveCfg = RelWithDebInfo|Win32
		{28CF2C51-4111-3FB2-9652-E3550EB69CC2}.RelWithDebInfo|Win32.Build.0 = RelWithDebInfo|Win32
		{A44A901D-F4CB-3BCA-85DA-844C58EC4673}.Debug|Win32.ActiveCfg = Debug|Win32
		{A44A901D-F4CB-3BCA-85DA-844C58EC4673}.Debug|Win32.Build.0 = Debug|Win32
		{A44A901D-F4CB-3BCA-85DA-844C58EC4673}.Release|Win32.ActiveCfg = Release|Win32
		{A44A901D-F4CB-3BCA-85DA-844C58EC4673}.Release|Win32.Build.0 = Release|Win32
		{A44A901D-F4CB-3BCA-85DA-844C58EC4673}.MinSizeRel|Win32.ActiveCfg = MinSizeRel|Win32
		{A44A901D-F4CB-3BCA-85DA-844C58EC4673}.MinSizeRel|Win32.Build.0 = MinSizeRel|Win32
		{A44A901D-F4CB-3BCA-85DA-844C58EC4673}.RelWithDebInfo|Win32.ActiveCfg = RelWithDebInfo|Win32
		{A44A901D-F4CB-3BCA-85DA-844C58EC4673}.RelWithDebInfo|Win32.Build.0 = RelWithDebInfo|Win32
		{F716E777-9425-373B-9D47-412A32059E66}.Debug|Win32.ActiveCfg = Debug|Win32
		{F716E777-9425-373B-9D47-412A32059E66}.Debug|Win32.Build.0 = Debug|Win32
		{F716E777-9425-373B-9D47-412A32059E66}.Release|Win32.ActiveCfg = Release|Win32
		{F716E777-9425-373B-9D47-412A32059E66}.Release|Win32.Build.0 = Release|Win32
		{F716E777-9425-373B-9D47-412A32059E66}.MinSizeRel|Win32.ActiveCfg = MinSizeRel|Win32
		{F716E777-9425-373B-9D47-412A32059E66}.MinSizeRel|Win32.Build.0 = MinSizeRel|Win32
		{F716E777-9425-373B-9D47-412A32059E66}.RelWithDebInfo|Win32.ActiveCfg = RelWithDebInfo|Win32
		{F716E777-9425-373B-9D47-412A32059E66}.RelWithDebInfo|Win32.Build.0 = RelWithDebInfo|Win32
		{EE4A234E-C63B-3AE1-A91B-B166879BAEDA}.Debug|Win32.ActiveCfg = Debug|Win32
		{EE4A234E-C63B-3AE1-A91B-B166879BAEDA}.Debug|Win32.Build.0 = Debug|Win32
		{EE4A234E-C63B-3AE1-A91B-B166879BAEDA}.Release|Win32.ActiveCfg = Release|Win32
		{EE4A234E-C63B-3AE1-A91B-B166879BAEDA}.Release|Win32.Build.0 = Release|Win32
		{EE4A234E-C63B-3AE1-A91B-B166879BAEDA}.MinSizeRel|Win32.ActiveCfg = MinSizeRel|Win32
		{EE4A234E-C63B-3AE1-A91B-B166879BAEDA}.MinSizeRel|Win32.Build.0 = MinSizeRel|Win32
		{EE4A234E-C63B-3AE1-A91B-B166879BAEDA}.RelWithDebInfo|Win32.ActiveCfg = RelWithDebInfo|Win32
		{EE4A234E-C63B-3AE1-A91B-B166879BAEDA}.RelWithDebInfo|Win32.Build.0 = RelWithDebInfo|Win32
		{98DF1FE3-9F28-3F34-B76C-30E8B4C20405}.Debug|Win32.ActiveCfg = Debug|Win32
		{98DF1FE3-9F28-3F34-B76C-30E8B4C20405}.Debug|Win32.Build.0 = Debug|Win32
		{98DF1FE3-9F28-3F34-B76C-30E8B4C20405}.Release|Win32.ActiveCfg = Release|Win32
		{98DF1FE3-9F28-3F34-B76C-30E8B4C20405}.Release|Win32.Build.0 = Release|Win32
		{98DF1FE3-9F28-3F34-B76C-30E8B4C20405}.MinSizeRel|Win32.ActiveCfg = MinSizeRel|Win32
		{98DF1FE3-9F28-3F34-B76C-30E8B4C20405}.MinSizeRel|Win32.Build.0 = MinSizeRel|Win32
		{98DF1FE3-9F28-3F34-B76C-30E8B4C20405}.RelWithDebInfo|Win32.ActiveCfg = RelWithDebInfo|Win32
		{98DF1FE3-9F28-3F34-B76C-30E8B4C20405}.RelWithDebInfo|Win32.Build.0 = RelWithDebInfo|Win32
		{7ABF5688-32A8-3D3F-93D6-3B2D636156A5}.Debug|Win32.ActiveCfg = Debug|Win32
		{7ABF5688-32A8-3D3F-93D6-3B2D636156A5}.Debug|Win32.Build.0 = Debug|Win32
		{7ABF5688-32A8-3D3F-93D6-3B2D636156A5}.Release|Win32.ActiveCfg = Release|Win32
		{7ABF5688-32A8-3D3F-93D6-3B2D636156A5}.Release|Win32.Build.0 = Release|Win32
		{7ABF5688-32A8-3D3F-93D6-3B2D636156A5}.MinSizeRel|Win32.ActiveCfg = MinSizeRel|Win32
		{7ABF5688-32A8-3D3F-93D6-3B2D636156A5}.MinSizeRel|Win32.Build.0 = MinSizeRel|Win32
		{7ABF5688-32A8-3D3F-93D6-3B2D636156A5}.RelWithDebInfo|Win32.ActiveCfg = RelWithDebInfo|Win32
		{7ABF5688-32A8-3D3F-93D6-3B2D636156A5}.RelWithDebInfo|Win32.Build.0 = RelWithDebInfo|Win32
		{73B1530B-1A86-3B31-A382-14DBB97DC0DA}.Debug|Win32.ActiveCfg = Debug|Win32
		{73B1530B-1A86-3B31-A382-14DBB97DC0DA}.Debug|Win32.Build.0 = Debug|Win32
		{73B1530B-1A86-3B31-A382-14DBB97DC0DA}.Release|Win32.ActiveCfg = Release|Win32
		{73B1530B-1A86-3B31-A382-14DBB97DC0DA}.Release|Win32.Build.0 = Release|Win32
		{73B1530B-1A86-3B31-A382-14DBB97DC0DA}.MinSizeRel|Win32.ActiveCfg = MinSizeRel|Win32
		{73B1530B-1A86-3B31-A382-14DBB97DC0DA}.MinSizeRel|Win32.Build.0 = MinSizeRel|Win32
		{73B1530B-1A86-3B31-A382-14DBB97DC0DA}.RelWithDebInfo|Win32.ActiveCfg = RelWithDebInfo|Win32
		{73B1530B-1A86-3B31-A382-14DBB97DC0DA}.RelWithDebInfo|Win32.Build.0 = RelWithDebInfo|Win32
		{228EF192-EF0D-3391-B73C-19635F9AED6C}.Debug|Win32.ActiveCfg = Debug|Win32
		{228EF192-EF0D-3391-B73C-19635F9AED6C}.Debug|Win32.Build.0 = Debug|Win32
		{228EF192-EF0D-3391-B73C-19635F9AED6C}.Release|Win32.ActiveCfg = Release|Win32
		{228EF192-EF0D-3391-B73C-19635F9AED6C}.Release|Win32.Build.0 = Release|Win32
		{228EF192-EF0D-3391-B73C-19635F9AED6C}.MinSizeRel|Win32.ActiveCfg = MinSizeRel|Win32
		{228EF192-EF0D-3391-B73C-19635F9AED6C}.MinSizeRel|Win32.Build.0 = MinSizeRel|Win32
		{228EF192-EF0D-3391-B73C-19635F9AED6C}.RelWithDebInfo|Win32.ActiveCfg = RelWithDebInfo|Win32
		{228EF192-EF0D-3391-B73C-19635F9AED6C}.RelWithDebInfo|Win32.Build.0 = RelWithDebInfo|Win32
		{69F93F50-3C1B-30F6-9167-A44D8A64BBF1}.Debug|Win32.ActiveCfg = Debug|Win32
		{69F93F50-3C1B-30F6-9167-A44D8A64BBF1}.Debug|Win32.Build.0 = Debug|Win32
		{69F93F50-3C1B-30F6-9167-A44D8A64BBF1}.Release|Win32.ActiveCfg = Release|Win32
		{69F93F50-3C1B-30F6-9167-A44D8A64BBF1}.Release|Win32.Build.0 = Release|Win32
		{69F93F50-3C1B-30F6-9167-A44D8A64BBF1}.MinSizeRel|Win32.ActiveCfg = MinSizeRel|Win32
		{69F93F50-3C1B-30F6-9167-A44D8A64BBF1}.MinSizeRel|Win32.Build.0 = MinSizeRel|Win32
		{69F93F50-3C1B-30F6-9167-A44D8A64BBF1}.RelWithDebInfo|Win32.ActiveCfg = RelWithDebInfo|Win32
		{69F93F50-3C1B-30F6-9167-A44D8A64BBF1}.RelWithDebInfo|Win32.Build.0 = RelWithDebInfo|Win32
		{97FB15D5-1A60-3768-B16C-60A160C740AE}.Debug|Win32.ActiveCfg = Debug|Win32
		{97FB15D5-1A60-3768-B16C-60A160C740AE}.Debug|Win32.Build.0 = Debug|Win32
		{97FB15D5-1A60-3768-B16C-60A160C740AE}.Release|Win32.ActiveCfg = Release|Win32
		{97FB15D5-1A60-3768-B16C-60A160C740AE}.Release|Win32.Build.0 = Release|Win32
		{97FB15D5-1A60-3768-B16C-60A160C740AE}.MinSizeRel|Win32.ActiveCfg = MinSizeRel|Win32
		{97FB15D5-1A60-3768-B16C-60A160C740AE}.MinSizeRel|Win32.Build.0 = MinSizeRel|Win32
		{97FB15D5-1A60-3768-B16C-60A160C740AE}.RelWithDebInfo|Win32.ActiveCfg = RelWithDebInfo|Win32
		{97FB15D5-1A60-3768-B16C-60A160C740AE}.RelWithDebInfo|Win32.Build.0 = RelWithDebInfo|Win32
		{8CFC97FF-2840-3E72-A717-F8400C80DDC6}.Debug|Win32.ActiveCfg = Debug|Win32
		{8CFC97FF-2840-3E72-A717-F8400C80DDC6}.Debug|Win32.Build.0 = Debug|Win32
		{8CFC97FF-2840-3E72-A717-F8400C80DDC6}.Release|Win32.ActiveCfg = Release|Win32
		{8CFC97FF-2840-3E72-A717-F8400C80DDC6}.Release|Win32.Build.0 = Release|Win32
		{8CFC97FF-2840-3E72-A717-F8400C80DDC6}.MinSizeRel|Win32.ActiveCfg = MinSizeRel|Win32
		{8CFC97FF-2840-3E72-A717-F8400C80DDC6}.MinSizeRel|Win32.Build.0 = MinSizeRel|Win32
		{8CFC97FF-2840-3E72-A717-F8400C80DDC6}.RelWithDebInfo|Win32.ActiveCfg = RelWithDebInfo|Win32
		{8CFC97FF-2840-3E72-A717-F8400C80DDC6}.RelWithDebInfo|Win32.Build.0 = RelWithDebInfo|Win32
		{22DC1B0E-1964-3A7B-8306-3F1F2C97AFC5}.Debug|Win32.ActiveCfg = Debug|Win32
		{22DC1B0E-1964-3A7B-8306-3F1F2C97AFC5}.Debug|Win32.Build.0 = Debug|Win32
		{22DC1B0E-1964-3A7B-8306-3F1F2C97AFC5}.Release|Win32.ActiveCfg = Release|Win32
		{22DC1B0E-1964-3A7B-8306-3F1F2C97AFC5}.Release|Win32.Build.0 = Release|Win32
		{22DC1B0E-1964-3A7B-8306-3F1F2C97AFC5}.MinSizeRel|Win32.ActiveCfg = MinSizeRel|Win32
		{22DC1B0E-1964-3A7B-8306-3F1F2C97AFC5}.MinSizeRel|Win32.Build.0 = MinSizeRel|Win32
		{22DC1B0E-1964-3A7B-8306-3F1F2C97AFC5}.RelWithDebInfo|Win32.ActiveCfg = RelWithDebInfo|Win32
		{22DC1B0E-1964-3A7B-8306-3F1F2C97AFC5}.RelWithDebInfo|Win32.Build.0 = RelWithDebInfo|Win32
		{68164AEF-6D61-3CF8-B78E-586B52552EC2}.Debug|Win32.ActiveCfg = Debug|Win32
		{68164AEF-6D61-3CF8-B78E-586B52552EC2}.Debug|Win32.Build.0 = Debug|Win32
		{68164AEF-6D61-3CF8-B78E-586B52552EC2}.Release|Win32.ActiveCfg = Release|Win32
		{68164AEF-6D61-3CF8-B78E-586B52552EC2}.Release|Win32.Build.0 = Release|Win32
		{68164AEF-6D61-3CF8-B78E-586B52552EC2}.MinSizeRel|Win32.ActiveCfg = MinSizeRel|Win32
		{68164AEF-6D61-3CF8-B78E-586B52552EC2}.MinSizeRel|Win32.Build.0 = MinSizeRel|Win32
		{68164AEF-6D61-3CF8-B78E-586B52552EC2}.RelWithDebInfo|Win32.ActiveCfg = RelWithDebInfo|Win32
		{68164AEF-6D61-3CF8-B78E-586B52552EC2}.RelWithDebInfo|Win32.Build.0 = RelWithDebInfo|Win32
		{F088968D-A904-31CD-9EC5-26F3DD6E99B3}.Debug|Win32.ActiveCfg = Debug|Win32
		{F088968D-A904-31CD-9EC5-26F3DD6E99B3}.Debug|Win32.Build.0 = Debug|Win32
		{F088968D-A904-31CD-9EC5-26F3DD6E99B3}.Release|Win32.ActiveCfg = Release|Win32
		{F088968D-A904-31CD-9EC5-26F3DD6E99B3}.Release|Win32.Build.0 = Release|Win32
		{F088968D-A904-31CD-9EC5-26F3DD6E99B3}.MinSizeRel|Win32.ActiveCfg = MinSizeRel|Win32
		{F088968D-A904-31CD-9EC5-26F3DD6E99B3}.MinSizeRel|Win32.Build.0 = MinSizeRel|Win32
		{F088968D-A904-31CD-9EC5-26F3DD6E99B3}.RelWithDebInfo|Win32.ActiveCfg = RelWithDebInfo|Win32
		{F088968D-A904-31CD-9EC5-26F3DD6E99B3}.RelWithDebInfo|Win32.Build.0 = RelWithDebInfo|Win32
		{2D63F2C2-7F84-3421-B6DA-AF07344362A5}.Debug|Win32.ActiveCfg = Debug|Win32
		{2D63F2C2-7F84-3421-B6DA-AF07344362A5}.Debug|Win32.Build.0 = Debug|Win32
		{2D63F2C2-7F84-3421-B6DA-AF07344362A5}.Release|Win32.ActiveCfg = Release|Win32
		{2D63F2C2-7F84-3421-B6DA-AF07344362A5}.Release|Win32.Build.0 = Release|Win32
		{2D63F2C2-7F84-3421-B6DA-AF07344362A5}.MinSizeRel|Win32.ActiveCfg = MinSizeRel|Win32
		{2D63F2C2-7F84-3421-B6DA-AF07344362A5}.MinSizeRel|Win32.Build.0 = MinSizeRel|Win32
		{2D63F2C2-7F84-3421-B6DA-AF07344362A5}.RelWithDebInfo|Win32.ActiveCfg = RelWithDebInfo|Win32
		{2D63F2C2-7F84-3421-B6DA-AF07344362A5}.RelWithDebInfo|Win32.Build.0 = RelWithDebInfo|Win32
		{7AAEE729-B9EA-3637-A97F-664A6CD2E6E5}.Debug|Win32.ActiveCfg = Debug|Win32
		{7AAEE729-B9EA-3637-A97F-664A6CD2E6E5}.Debug|Win32.Build.0 = Debug|Win32
		{7AAEE729-B9EA-3637-A97F-664A6CD2E6E5}.Release|Win32.ActiveCfg = Release|Win32
		{7AAEE729-B9EA-3637-A97F-664A6CD2E6E5}.Release|Win32.Build.0 = Release|Win32
		{7AAEE729-B9EA-3637-A97F-664A6CD2E6E5}.MinSizeRel|Win32.ActiveCfg = MinSizeRel|Win32
		{7AAEE729-B9EA-3637-A97F-664A6CD2E6E5}.MinSizeRel|Win32.Build.0 = MinSizeRel|Win32
		{7AAEE729-B9EA-3637-A97F-664A6CD2E6E5}.RelWithDebInfo|Win32.ActiveCfg = RelWithDebInfo|Win32
		{7AAEE729-B9EA-3637-A97F-664A6CD2E6E5}.RelWithDebInfo|Win32.Build.0 = RelWithDebInfo|Win32
		{A2EEFCEB-607D-362F-B745-CC15CEB3DF40}.Debug|Win32.ActiveCfg = Debug|Win32
		{A2EEFCEB-607D-362F-B745-CC15CEB3DF40}.Debug|Win32.Build.0 = Debug|Win32
		{A2EEFCEB-607D-362F-B745-CC15CEB3DF40}.Release|Win32.ActiveCfg = Release|Win32
		{A2EEFCEB-607D-362F-B745-CC15CEB3DF40}.Release|Win32.Build.0 = Release|Win32
		{A2EEFCEB-607D-362F-B745-CC15CEB3DF40}.MinSizeRel|Win32.ActiveCfg = MinSizeRel|Win32
		{A2EEFCEB-607D-362F-B745-CC15CEB3DF40}.MinSizeRel|Win32.Build.0 = MinSizeRel|Win32
		{A2EEFCEB-607D-362F-B745-CC15CEB3DF40}.RelWithDebInfo|Win32.ActiveCfg = RelWithDebInfo|Win32
		{A2EEFCEB-607D-362F-B745-CC15CEB3DF40}.RelWithDebInfo|Win32.Build.0 = RelWithDebInfo|Win32
		{39F348BD-5218-35A4-A365-83A2AEC88087}.Debug|Win32.ActiveCfg = Debug|Win32
		{39F348BD-5218-35A4-A365-83A2AEC88087}.Release|Win32.ActiveCfg = Release|Win32
		{39F348BD-5218-35A4-A365-83A2AEC88087}.MinSizeRel|Win32.ActiveCfg = MinSizeRel|Win32
		{39F348BD-5218-35A4-A365-83A2AEC88087}.RelWithDebInfo|Win32.ActiveCfg = RelWithDebInfo|Win32
		{C215FD85-BD67-3809-B5C9-D1C2D4B173AF}.Debug|Win32.ActiveCfg = Debug|Win32
		{C215FD85-BD67-3809-B5C9-D1C2D4B173AF}.Debug|Win32.Build.0 = Debug|Win32
		{C215FD85-BD67-3809-B5C9-D1C2D4B173AF}.Release|Win32.ActiveCfg = Release|Win32
		{C215FD85-BD67-3809-B5C9-D1C2D4B173AF}.Release|Win32.Build.0 = Release|Win32
		{C215FD85-BD67-3809-B5C9-D1C2D4B173AF}.MinSizeRel|Win32.ActiveCfg = MinSizeRel|Win32
		{C215FD85-BD67-3809-B5C9-D1C2D4B173AF}.MinSizeRel|Win32.Build.0 = MinSizeRel|Win32
		{C215FD85-BD67-3809-B5C9-D1C2D4B173AF}.RelWithDebInfo|Win32.ActiveCfg = RelWithDebInfo|Win32
		{C215FD85-BD67-3809-B5C9-D1C2D4B173AF}.RelWithDebInfo|Win32.Build.0 = RelWithDebInfo|Win32
		{23819264-FD9E-3294-A2A1-CA73A836FE45}.Debug|Win32.ActiveCfg = Debug|Win32
		{23819264-FD9E-3294-A2A1-CA73A836FE45}.Debug|Win32.Build.0 = Debug|Win32
		{23819264-FD9E-3294-A2A1-CA73A836FE45}.Release|Win32.ActiveCfg = Release|Win32
		{23819264-FD9E-3294-A2A1-CA73A836FE45}.Release|Win32.Build.0 = Release|Win32
		{23819264-FD9E-3294-A2A1-CA73A836FE45}.MinSizeRel|Win32.ActiveCfg = MinSizeRel|Win32
		{23819264-FD9E-3294-A2A1-CA73A836FE45}.MinSizeRel|Win32.Build.0 = MinSizeRel|Win32
		{23819264-FD9E-3294-A2A1-CA73A836FE45}.RelWithDebInfo|Win32.ActiveCfg = RelWithDebInfo|Win32
		{23819264-FD9E-3294-A2A1-CA73A836FE45}.RelWithDebInfo|Win32.Build.0 = RelWithDebInfo|Win32
		{16E2F2B8-3B62-3BC0-BDE6-CD0B8480DD20}.Debug|Win32.ActiveCfg = Debug|Win32
		{16E2F2B8-3B62-3BC0-BDE6-CD0B8480DD20}.Release|Win32.ActiveCfg = Release|Win32
		{16E2F2B8-3B62-3BC0-BDE6-CD0B8480DD20}.MinSizeRel|Win32.ActiveCfg = MinSizeRel|Win32
		{16E2F2B8-3B62-3BC0-BDE6-CD0B8480DD20}.RelWithDebInfo|Win32.ActiveCfg = RelWithDebInfo|Win32
		{1A533B15-61B8-373D-A4AB-CD9FDA0439E5}.Debug|Win32.ActiveCfg = Debug|Win32
		{1A533B15-61B8-373D-A4AB-CD9FDA0439E5}.Debug|Win32.Build.0 = Debug|Win32
		{1A533B15-61B8-373D-A4AB-CD9FDA0439E5}.Release|Win32.ActiveCfg = Release|Win32
		{1A533B15-61B8-373D-A4AB-CD9FDA0439E5}.Release|Win32.Build.0 = Release|Win32
		{1A533B15-61B8-373D-A4AB-CD9FDA0439E5}.MinSizeRel|Win32.ActiveCfg = MinSizeRel|Win32
		{1A533B15-61B8-373D-A4AB-CD9FDA0439E5}.MinSizeRel|Win32.Build.0 = MinSizeRel|Win32
		{1A533B15-61B8-373D-A4AB-CD9FDA0439E5}.RelWithDebInfo|Win32.ActiveCfg = RelWithDebInfo|Win32
		{1A533B15-61B8-373D-A4AB-CD9FDA0439E5}.RelWithDebInfo|Win32.Build.0 = RelWithDebInfo|Win32
		{B25818D1-1033-36B9-A348-CEA475C743BC}.Debug|Win32.ActiveCfg = Debug|Win32
		{B25818D1-1033-36B9-A348-CEA475C743BC}.Debug|Win32.Build.0 = Debug|Win32
		{B25818D1-1033-36B9-A348-CEA475C743BC}.Release|Win32.ActiveCfg = Release|Win32
		{B25818D1-1033-36B9-A348-CEA475C743BC}.Release|Win32.Build.0 = Release|Win32
		{B25818D1-1033-36B9-A348-CEA475C743BC}.MinSizeRel|Win32.ActiveCfg = MinSizeRel|Win32
		{B25818D1-1033-36B9-A348-CEA475C743BC}.MinSizeRel|Win32.Build.0 = MinSizeRel|Win32
		{B25818D1-1033-36B9-A348-CEA475C743BC}.RelWithDebInfo|Win32.ActiveCfg = RelWithDebInfo|Win32
		{B25818D1-1033-36B9-A348-CEA475C743BC}.RelWithDebInfo|Win32.Build.0 = RelWithDebInfo|Win32
		{8187858B-6FF3-3C49-BACB-5F7F215B7E62}.Debug|Win32.ActiveCfg = Debug|Win32
		{8187858B-6FF3-3C49-BACB-5F7F215B7E62}.Debug|Win32.Build.0 = Debug|Win32
		{8187858B-6FF3-3C49-BACB-5F7F215B7E62}.Release|Win32.ActiveCfg = Release|Win32
		{8187858B-6FF3-3C49-BACB-5F7F215B7E62}.Release|Win32.Build.0 = Release|Win32
		{8187858B-6FF3-3C49-BACB-5F7F215B7E62}.MinSizeRel|Win32.ActiveCfg = MinSizeRel|Win32
		{8187858B-6FF3-3C49-BACB-5F7F215B7E62}.MinSizeRel|Win32.Build.0 = MinSizeRel|Win32
		{8187858B-6FF3-3C49-BACB-5F7F215B7E62}.RelWithDebInfo|Win32.ActiveCfg = RelWithDebInfo|Win32
		{8187858B-6FF3-3C49-BACB-5F7F215B7E62}.RelWithDebInfo|Win32.Build.0 = RelWithDebInfo|Win32
		{38ED331C-72F7-3A85-AEF1-9601CD633F46}.Debug|Win32.ActiveCfg = Debug|Win32
		{38ED331C-72F7-3A85-AEF1-9601CD633F46}.Debug|Win32.Build.0 = Debug|Win32
		{38ED331C-72F7-3A85-AEF1-9601CD633F46}.Release|Win32.ActiveCfg = Release|Win32
		{38ED331C-72F7-3A85-AEF1-9601CD633F46}.Release|Win32.Build.0 = Release|Win32
		{38ED331C-72F7-3A85-AEF1-9601CD633F46}.MinSizeRel|Win32.ActiveCfg = MinSizeRel|Win32
		{38ED331C-72F7-3A85-AEF1-9601CD633F46}.MinSizeRel|Win32.Build.0 = MinSizeRel|Win32
		{38ED331C-72F7-3A85-AEF1-9601CD633F46}.RelWithDebInfo|Win32.ActiveCfg = RelWithDebInfo|Win32
		{38ED331C-72F7-3A85-AEF1-9601CD633F46}.RelWithDebInfo|Win32.Build.0 = RelWithDebInfo|Win32
		{E78960CD-E167-372A-9C05-2ED419E92AFB}.Debug|Win32.ActiveCfg = Debug|Win32
		{E78960CD-E167-372A-9C05-2ED419E92AFB}.Debug|Win32.Build.0 = Debug|Win32
		{E78960CD-E167-372A-9C05-2ED419E92AFB}.Release|Win32.ActiveCfg = Release|Win32
		{E78960CD-E167-372A-9C05-2ED419E92AFB}.Release|Win32.Build.0 = Release|Win32
		{E78960CD-E167-372A-9C05-2ED419E92AFB}.MinSizeRel|Win32.ActiveCfg = MinSizeRel|Win32
		{E78960CD-E167-372A-9C05-2ED419E92AFB}.MinSizeRel|Win32.Build.0 = MinSizeRel|Win32
		{E78960CD-E167-372A-9C05-2ED419E92AFB}.RelWithDebInfo|Win32.ActiveCfg = RelWithDebInfo|Win32
		{E78960CD-E167-372A-9C05-2ED419E92AFB}.RelWithDebInfo|Win32.Build.0 = RelWithDebInfo|Win32
		{34FC87B6-EBBC-30B8-8D2A-F4F37D7129ED}.Debug|Win32.ActiveCfg = Debug|Win32
		{34FC87B6-EBBC-30B8-8D2A-F4F37D7129ED}.Debug|Win32.Build.0 = Debug|Win32
		{34FC87B6-EBBC-30B8-8D2A-F4F37D7129ED}.Release|Win32.ActiveCfg = Release|Win32
		{34FC87B6-EBBC-30B8-8D2A-F4F37D7129ED}.Release|Win32.Build.0 = Release|Win32
		{34FC87B6-EBBC-30B8-8D2A-F4F37D7129ED}.MinSizeRel|Win32.ActiveCfg = MinSizeRel|Win32
		{34FC87B6-EBBC-30B8-8D2A-F4F37D7129ED}.MinSizeRel|Win32.Build.0 = MinSizeRel|Win32
		{34FC87B6-EBBC-30B8-8D2A-F4F37D7129ED}.RelWithDebInfo|Win32.ActiveCfg = RelWithDebInfo|Win32
		{34FC87B6-EBBC-30B8-8D2A-F4F37D7129ED}.RelWithDebInfo|Win32.Build.0 = RelWithDebInfo|Win32
		{45225B23-4BE9-3D7C-B621-05211B1E142E}.Debug|Win32.ActiveCfg = Debug|Win32
		{45225B23-4BE9-3D7C-B621-05211B1E142E}.Debug|Win32.Build.0 = Debug|Win32
		{45225B23-4BE9-3D7C-B621-05211B1E142E}.Release|Win32.ActiveCfg = Release|Win32
		{45225B23-4BE9-3D7C-B621-05211B1E142E}.Release|Win32.Build.0 = Release|Win32
		{45225B23-4BE9-3D7C-B621-05211B1E142E}.MinSizeRel|Win32.ActiveCfg = MinSizeRel|Win32
		{45225B23-4BE9-3D7C-B621-05211B1E142E}.MinSizeRel|Win32.Build.0 = MinSizeRel|Win32
		{45225B23-4BE9-3D7C-B621-05211B1E142E}.RelWithDebInfo|Win32.ActiveCfg = RelWithDebInfo|Win32
		{45225B23-4BE9-3D7C-B621-05211B1E142E}.RelWithDebInfo|Win32.Build.0 = RelWithDebInfo|Win32
		{729ACC78-3816-3C8C-A4D1-373F71EA39C0}.Debug|Win32.ActiveCfg = Debug|Win32
		{729ACC78-3816-3C8C-A4D1-373F71EA39C0}.Debug|Win32.Build.0 = Debug|Win32
		{729ACC78-3816-3C8C-A4D1-373F71EA39C0}.Release|Win32.ActiveCfg = Release|Win32
		{729ACC78-3816-3C8C-A4D1-373F71EA39C0}.Release|Win32.Build.0 = Release|Win32
		{729ACC78-3816-3C8C-A4D1-373F71EA39C0}.MinSizeRel|Win32.ActiveCfg = MinSizeRel|Win32
		{729ACC78-3816-3C8C-A4D1-373F71EA39C0}.MinSizeRel|Win32.Build.0 = MinSizeRel|Win32
		{729ACC78-3816-3C8C-A4D1-373F71EA39C0}.RelWithDebInfo|Win32.ActiveCfg = RelWithDebInfo|Win32
		{729ACC78-3816-3C8C-A4D1-373F71EA39C0}.RelWithDebInfo|Win32.Build.0 = RelWithDebInfo|Win32
		{8DEA80C2-5BF3-38EB-828F-009110FC1456}.Debug|Win32.ActiveCfg = Debug|Win32
		{8DEA80C2-5BF3-38EB-828F-009110FC1456}.Debug|Win32.Build.0 = Debug|Win32
		{8DEA80C2-5BF3-38EB-828F-009110FC1456}.Release|Win32.ActiveCfg = Release|Win32
		{8DEA80C2-5BF3-38EB-828F-009110FC1456}.Release|Win32.Build.0 = Release|Win32
		{8DEA80C2-5BF3-38EB-828F-009110FC1456}.MinSizeRel|Win32.ActiveCfg = MinSizeRel|Win32
		{8DEA80C2-5BF3-38EB-828F-009110FC1456}.MinSizeRel|Win32.Build.0 = MinSizeRel|Win32
		{8DEA80C2-5BF3-38EB-828F-009110FC1456}.RelWithDebInfo|Win32.ActiveCfg = RelWithDebInfo|Win32
		{8DEA80C2-5BF3-38EB-828F-009110FC1456}.RelWithDebInfo|Win32.Build.0 = RelWithDebInfo|Win32
		{D3805FD0-ADF5-3234-A3FF-84F62C9ACAEE}.Debug|Win32.ActiveCfg = Debug|Win32
		{D3805FD0-ADF5-3234-A3FF-84F62C9ACAEE}.Debug|Win32.Build.0 = Debug|Win32
		{D3805FD0-ADF5-3234-A3FF-84F62C9ACAEE}.Release|Win32.ActiveCfg = Release|Win32
		{D3805FD0-ADF5-3234-A3FF-84F62C9ACAEE}.Release|Win32.Build.0 = Release|Win32
		{D3805FD0-ADF5-3234-A3FF-84F62C9ACAEE}.MinSizeRel|Win32.ActiveCfg = MinSizeRel|Win32
		{D3805FD0-ADF5-3234-A3FF-84F62C9ACAEE}.MinSizeRel|Win32.Build.0 = MinSizeRel|Win32
		{D3805FD0-ADF5-3234-A3FF-84F62C9ACAEE}.RelWithDebInfo|Win32.ActiveCfg = RelWithDebInfo|Win32
		{D3805FD0-ADF5-3234-A3FF-84F62C9ACAEE}.RelWithDebInfo|Win32.Build.0 = RelWithDebInfo|Win32
		{CA69B585-EF8A-309D-9DDC-38C259665558}.Debug|Win32.ActiveCfg = Debug|Win32
		{CA69B585-EF8A-309D-9DDC-38C259665558}.Debug|Win32.Build.0 = Debug|Win32
		{CA69B585-EF8A-309D-9DDC-38C259665558}.Release|Win32.ActiveCfg = Release|Win32
		{CA69B585-EF8A-309D-9DDC-38C259665558}.Release|Win32.Build.0 = Release|Win32
		{CA69B585-EF8A-309D-9DDC-38C259665558}.MinSizeRel|Win32.ActiveCfg = MinSizeRel|Win32
		{CA69B585-EF8A-309D-9DDC-38C259665558}.MinSizeRel|Win32.Build.0 = MinSizeRel|Win32
		{CA69B585-EF8A-309D-9DDC-38C259665558}.RelWithDebInfo|Win32.ActiveCfg = RelWithDebInfo|Win32
		{CA69B585-EF8A-309D-9DDC-38C259665558}.RelWithDebInfo|Win32.Build.0 = RelWithDebInfo|Win32
	EndGlobalSection
	GlobalSection(ExtensibilityGlobals) = postSolution
		SolutionGuid = {59B6B90C-8F86-336F-A6B0-9CD6496C8004}
	EndGlobalSection
	GlobalSection(ExtensibilityAddIns) = postSolution
	EndGlobalSection
EndGlobal
