Microsoft Visual Studio Solution File, Format Version 12.00
# Visual Studio 15
Project("{8BC9CEB8-8B4A-11D0-8D11-00A0C91BC942}") = "ALL_BUILD", "ALL_BUILD.vcxproj", "{4845399B-363C-3D45-A3C9-05736AD8655A}"
	ProjectSection(ProjectDependencies) = postProject
		{63CFA43D-862E-3555-844D-45E7B425ABB1} = {63CFA43D-862E-3555-844D-45E7B425ABB1}
		{A8967B70-1526-33FA-AEF9-B8D3C9614DE2} = {A8967B70-1526-33FA-AEF9-B8D3C9614DE2}
		{BEC5C81A-1D9E-3DC6-8FBD-EF22C0077747} = {BEC5C81A-1D9E-3DC6-8FBD-EF22C0077747}
		{28CF2C51-4111-3FB2-9652-E3550EB69CC2} = {28CF2C51-4111-3FB2-9652-E3550EB69CC2}
		{A44A901D-F4CB-3BCA-85DA-844C58EC4673} = {A44A901D-F4CB-3BCA-85DA-844C58EC4673}
		{F716E777-9425-373B-9D47-412A32059E66} = {F716E777-9425-373B-9D47-412A32059E66}
		{EE4A234E-C63B-3AE1-A91B-B166879BAEDA} = {EE4A234E-C63B-3AE1-A91B-B166879BAEDA}
		{98DF1FE3-9F28-3F34-B76C-30E8B4C20405} = {98DF1FE3-9F28-3F34-B76C-30E8B4C20405}
		{228EF192-EF0D-3391-B73C-19635F9AED6C} = {228EF192-EF0D-3391-B73C-19635F9AED6C}
		{8CFC97FF-2840-3E72-A717-F8400C80DDC6} = {8CFC97FF-2840-3E72-A717-F8400C80DDC6}
		{C215FD85-BD67-3809-B5C9-D1C2D4B173AF} = {C215FD85-BD67-3809-B5C9-D1C2D4B173AF}
		{729ACC78-3816-3C8C-A4D1-373F71EA39C0} = {729ACC78-3816-3C8C-A4D1-373F71EA39C0}
	EndProjectSection
EndProject
Project("{8BC9CEB8-8B4A-11D0-8D11-00A0C91BC942}") = "Bullet2FileLoader", "src\Bullet3Serialize\Bullet2FileLoader\Bullet2FileLoader.vcxproj", "{63CFA43D-862E-3555-844D-45E7B425ABB1}"
	ProjectSection(ProjectDependencies) = postProject
		{729ACC78-3816-3C8C-A4D1-373F71EA39C0} = {729ACC78-3816-3C8C-A4D1-373F71EA39C0}
	EndProjectSection
EndProject
Project("{8BC9CEB8-8B4A-11D0-8D11-00A0C91BC942}") = "Bullet3Collision", "src\Bullet3Collision\Bullet3Collision.vcxproj", "{A8967B70-1526-33FA-AEF9-B8D3C9614DE2}"
	ProjectSection(ProjectDependencies) = postProject
		{729ACC78-3816-3C8C-A4D1-373F71EA39C0} = {729ACC78-3816-3C8C-A4D1-373F71EA39C0}
	EndProjectSection
EndProject
Project("{8BC9CEB8-8B4A-11D0-8D11-00A0C91BC942}") = "Bullet3Common", "src\Bullet3Common\Bullet3Common.vcxproj", "{BEC5C81A-1D9E-3DC6-8FBD-EF22C0077747}"
	ProjectSection(ProjectDependencies) = postProject
		{729ACC78-3816-3C8C-A4D1-373F71EA39C0} = {729ACC78-3816-3C8C-A4D1-373F71EA39C0}
	EndProjectSection
EndProject
Project("{8BC9CEB8-8B4A-11D0-8D11-00A0C91BC942}") = "Bullet3Dynamics", "src\Bullet3Dynamics\Bullet3Dynamics.vcxproj", "{28CF2C51-4111-3FB2-9652-E3550EB69CC2}"
	ProjectSection(ProjectDependencies) = postProject
		{729ACC78-3816-3C8C-A4D1-373F71EA39C0} = {729ACC78-3816-3C8C-A4D1-373F71EA39C0}
	EndProjectSection
EndProject
Project("{8BC9CEB8-8B4A-11D0-8D11-00A0C91BC942}") = "Bullet3Geometry", "src\Bullet3Geometry\Bullet3Geometry.vcxproj", "{A44A901D-F4CB-3BCA-85DA-844C58EC4673}"
	ProjectSection(ProjectDependencies) = postProject
		{729ACC78-3816-3C8C-A4D1-373F71EA39C0} = {729ACC78-3816-3C8C-A4D1-373F71EA39C0}
	EndProjectSection
EndProject
Project("{8BC9CEB8-8B4A-11D0-8D11-00A0C91BC942}") = "Bullet3OpenCL_clew", "src\Bullet3OpenCL\Bullet3OpenCL_clew.vcxproj", "{F716E777-9425-373B-9D47-412A32059E66}"
	ProjectSection(ProjectDependencies) = postProject
		{729ACC78-3816-3C8C-A4D1-373F71EA39C0} = {729ACC78-3816-3C8C-A4D1-373F71EA39C0}
	EndProjectSection
EndProject
Project("{8BC9CEB8-8B4A-11D0-8D11-00A0C91BC942}") = "BulletCollision", "src\BulletCollision\BulletCollision.vcxproj", "{EE4A234E-C63B-3AE1-A91B-B166879BAEDA}"
	ProjectSection(ProjectDependencies) = postProject
		{729ACC78-3816-3C8C-A4D1-373F71EA39C0} = {729ACC78-3816-3C8C-A4D1-373F71EA39C0}
	EndProjectSection
EndProject
Project("{8BC9CEB8-8B4A-11D0-8D11-00A0C91BC942}") = "BulletDynamics", "src\BulletDynamics\BulletDynamics.vcxproj", "{98DF1FE3-9F28-3F34-B76C-30E8B4C20405}"
	ProjectSection(ProjectDependencies) = postProject
		{729ACC78-3816-3C8C-A4D1-373F71EA39C0} = {729ACC78-3816-3C8C-A4D1-373F71EA39C0}
	EndProjectSection
EndProject
Project("{8BC9CEB8-8B4A-11D0-8D11-00A0C91BC942}") = "BulletInverseDynamics", "src\BulletInverseDynamics\BulletInverseDynamics.vcxproj", "{228EF192-EF0D-3391-B73C-19635F9AED6C}"
	ProjectSection(ProjectDependencies) = postProject
		{729ACC78-3816-3C8C-A4D1-373F71EA39C0} = {729ACC78-3816-3C8C-A4D1-373F71EA39C0}
	EndProjectSection
EndProject
Project("{8BC9CEB8-8B4A-11D0-8D11-00A0C91BC942}") = "BulletSoftBody", "src\BulletSoftBody\BulletSoftBody.vcxproj", "{8CFC97FF-2840-3E72-A717-F8400C80DDC6}"
	ProjectSection(ProjectDependencies) = postProject
		{729ACC78-3816-3C8C-A4D1-373F71EA39C0} = {729ACC78-3816-3C8C-A4D1-373F71EA39C0}
	EndProjectSection
EndProject
Project("{8BC9CEB8-8B4A-11D0-8D11-00A0C91BC942}") = "INSTALL", "INSTALL.vcxproj", "{39F348BD-5218-35A4-A365-83A2AEC88087}"
	ProjectSection(ProjectDependencies) = postProject
		{4845399B-363C-3D45-A3C9-05736AD8655A} = {4845399B-363C-3D45-A3C9-05736AD8655A}
		{729ACC78-3816-3C8C-A4D1-373F71EA39C0} = {729ACC78-3816-3C8C-A4D1-373F71EA39C0}
	EndProjectSection
EndProject
Project("{8BC9CEB8-8B4A-11D0-8D11-00A0C91BC942}") = "LinearMath", "src\LinearMath\LinearMath.vcxproj", "{C215FD85-BD67-3809-B5C9-D1C2D4B173AF}"
	ProjectSection(ProjectDependencies) = postProject
		{729ACC78-3816-3C8C-A4D1-373F71EA39C0} = {729ACC78-3816-3C8C-A4D1-373F71EA39C0}
	EndProjectSection
EndProject
Project("{8BC9CEB8-8B4A-11D0-8D11-00A0C91BC942}") = "ZERO_CHECK", "ZERO_CHECK.vcxproj", "{729ACC78-3816-3C8C-A4D1-373F71EA39C0}"
	ProjectSection(ProjectDependencies) = postProject
	EndProjectSection
EndProject
Global
	GlobalSection(SolutionConfigurationPlatforms) = preSolution
		Debug|Win32 = Debug|Win32
		Release|Win32 = Release|Win32
		MinSizeRel|Win32 = MinSizeRel|Win32
		RelWithDebInfo|Win32 = RelWithDebInfo|Win32
	EndGlobalSection
	GlobalSection(ProjectConfigurationPlatforms) = postSolution
		{4845399B-363C-3D45-A3C9-05736AD8655A}.Debug|Win32.ActiveCfg = Debug|Win32
		{4845399B-363C-3D45-A3C9-05736AD8655A}.Debug|Win32.Build.0 = Debug|Win32
		{4845399B-363C-3D45-A3C9-05736AD8655A}.Release|Win32.ActiveCfg = Release|Win32
		{4845399B-363C-3D45-A3C9-05736AD8655A}.Release|Win32.Build.0 = Release|Win32
		{4845399B-363C-3D45-A3C9-05736AD8655A}.MinSizeRel|Win32.ActiveCfg = MinSizeRel|Win32
		{4845399B-363C-3D45-A3C9-05736AD8655A}.MinSizeRel|Win32.Build.0 = MinSizeRel|Win32
		{4845399B-363C-3D45-A3C9-05736AD8655A}.RelWithDebInfo|Win32.ActiveCfg = RelWithDebInfo|Win32
		{4845399B-363C-3D45-A3C9-05736AD8655A}.RelWithDebInfo|Win32.Build.0 = RelWithDebInfo|Win32
		{63CFA43D-862E-3555-844D-45E7B425ABB1}.Debug|Win32.ActiveCfg = Debug|Win32
		{63CFA43D-862E-3555-844D-45E7B425ABB1}.Debug|Win32.Build.0 = Debug|Win32
		{63CFA43D-862E-3555-844D-45E7B425ABB1}.Release|Win32.ActiveCfg = Release|Win32
		{63CFA43D-862E-3555-844D-45E7B425ABB1}.Release|Win32.Build.0 = Release|Win32
		{63CFA43D-862E-3555-844D-45E7B425ABB1}.MinSizeRel|Win32.ActiveCfg = MinSizeRel|Win32
		{63CFA43D-862E-3555-844D-45E7B425ABB1}.MinSizeRel|Win32.Build.0 = MinSizeRel|Win32
		{63CFA43D-862E-3555-844D-45E7B425ABB1}.RelWithDebInfo|Win32.ActiveCfg = RelWithDebInfo|Win32
		{63CFA43D-862E-3555-844D-45E7B425ABB1}.RelWithDebInfo|Win32.Build.0 = RelWithDebInfo|Win32
		{A8967B70-1526-33FA-AEF9-B8D3C9614DE2}.Debug|Win32.ActiveCfg = Debug|Win32
		{A8967B70-1526-33FA-AEF9-B8D3C9614DE2}.Debug|Win32.Build.0 = Debug|Win32
		{A8967B70-1526-33FA-AEF9-B8D3C9614DE2}.Release|Win32.ActiveCfg = Release|Win32
		{A8967B70-1526-33FA-AEF9-B8D3C9614DE2}.Release|Win32.Build.0 = Release|Win32
		{A8967B70-1526-33FA-AEF9-B8D3C9614DE2}.MinSizeRel|Win32.ActiveCfg = MinSizeRel|Win32
		{A8967B70-1526-33FA-AEF9-B8D3C9614DE2}.MinSizeRel|Win32.Build.0 = MinSizeRel|Win32
		{A8967B70-1526-33FA-AEF9-B8D3C9614DE2}.RelWithDebInfo|Win32.ActiveCfg = RelWithDebInfo|Win32
		{A8967B70-1526-33FA-AEF9-B8D3C9614DE2}.RelWithDebInfo|Win32.Build.0 = RelWithDebInfo|Win32
		{BEC5C81A-1D9E-3DC6-8FBD-EF22C0077747}.Debug|Win32.ActiveCfg = Debug|Win32
		{BEC5C81A-1D9E-3DC6-8FBD-EF22C0077747}.Debug|Win32.Build.0 = Debug|Win32
		{BEC5C81A-1D9E-3DC6-8FBD-EF22C0077747}.Release|Win32.ActiveCfg = Release|Win32
		{BEC5C81A-1D9E-3DC6-8FBD-EF22C0077747}.Release|Win32.Build.0 = Release|Win32
		{BEC5C81A-1D9E-3DC6-8FBD-EF22C0077747}.MinSizeRel|Win32.ActiveCfg = MinSizeRel|Win32
		{BEC5C81A-1D9E-3DC6-8FBD-EF22C0077747}.MinSizeRel|Win32.Build.0 = MinSizeRel|Win32
		{BEC5C81A-1D9E-3DC6-8FBD-EF22C0077747}.RelWithDebInfo|Win32.ActiveCfg = RelWithDebInfo|Win32
		{BEC5C81A-1D9E-3DC6-8FBD-EF22C0077747}.RelWithDebInfo|Win32.Build.0 = RelWithDebInfo|Win32
		{28CF2C51-4111-3FB2-9652-E3550EB69CC2}.Debug|Win32.ActiveCfg = Debug|Win32
		{28CF2C51-4111-3FB2-9652-E3550EB69CC2}.Debug|Win32.Build.0 = Debug|Win32
		{28CF2C51-4111-3FB2-9652-E3550EB69CC2}.Release|Win32.ActiveCfg = Release|Win32
		{28CF2C51-4111-3FB2-9652-E3550EB69CC2}.Release|Win32.Build.0 = Release|Win32
		{28CF2C51-4111-3FB2-9652-E3550EB69CC2}.MinSizeRel|Win32.ActiveCfg = MinSizeRel|Win32
		{28CF2C51-4111-3FB2-9652-E3550EB69CC2}.MinSizeRel|Win32.Build.0 = MinSizeRel|Win32
		{28CF2C51-4111-3FB2-9652-E3550EB69CC2}.RelWithDebInfo|Win32.ActiveCfg = RelWithDebInfo|Win32
		{28CF2C51-4111-3FB2-9652-E3550EB69CC2}.RelWithDebInfo|Win32.Build.0 = RelWithDebInfo|Win32
		{A44A901D-F4CB-3BCA-85DA-844C58EC4673}.Debug|Win32.ActiveCfg = Debug|Win32
		{A44A901D-F4CB-3BCA-85DA-844C58EC4673}.Debug|Win32.Build.0 = Debug|Win32
		{A44A901D-F4CB-3BCA-85DA-844C58EC4673}.Release|Win32.ActiveCfg = Release|Win32
		{A44A901D-F4CB-3BCA-85DA-844C58EC4673}.Release|Win32.Build.0 = Release|Win32
		{A44A901D-F4CB-3BCA-85DA-844C58EC4673}.MinSizeRel|Win32.ActiveCfg = MinSizeRel|Win32
		{A44A901D-F4CB-3BCA-85DA-844C58EC4673}.MinSizeRel|Win32.Build.0 = MinSizeRel|Win32
		{A44A901D-F4CB-3BCA-85DA-844C58EC4673}.RelWithDebInfo|Win32.ActiveCfg = RelWithDebInfo|Win32
		{A44A901D-F4CB-3BCA-85DA-844C58EC4673}.RelWithDebInfo|Win32.Build.0 = RelWithDebInfo|Win32
		{F716E777-9425-373B-9D47-412A32059E66}.Debug|Win32.ActiveCfg = Debug|Win32
		{F716E777-9425-373B-9D47-412A32059E66}.Debug|Win32.Build.0 = Debug|Win32
		{F716E777-9425-373B-9D47-412A32059E66}.Release|Win32.ActiveCfg = Release|Win32
		{F716E777-9425-373B-9D47-412A32059E66}.Release|Win32.Build.0 = Release|Win32
		{F716E777-9425-373B-9D47-412A32059E66}.MinSizeRel|Win32.ActiveCfg = MinSizeRel|Win32
		{F716E777-9425-373B-9D47-412A32059E66}.MinSizeRel|Win32.Build.0 = MinSizeRel|Win32
		{F716E777-9425-373B-9D47-412A32059E66}.RelWithDebInfo|Win32.ActiveCfg = RelWithDebInfo|Win32
		{F716E777-9425-373B-9D47-412A32059E66}.RelWithDebInfo|Win32.Build.0 = RelWithDebInfo|Win32
		{EE4A234E-C63B-3AE1-A91B-B166879BAEDA}.Debug|Win32.ActiveCfg = Debug|Win32
		{EE4A234E-C63B-3AE1-A91B-B166879BAEDA}.Debug|Win32.Build.0 = Debug|Win32
		{EE4A234E-C63B-3AE1-A91B-B166879BAEDA}.Release|Win32.ActiveCfg = Release|Win32
		{EE4A234E-C63B-3AE1-A91B-B166879BAEDA}.Release|Win32.Build.0 = Release|Win32
		{EE4A234E-C63B-3AE1-A91B-B166879BAEDA}.MinSizeRel|Win32.ActiveCfg = MinSizeRel|Win32
		{EE4A234E-C63B-3AE1-A91B-B166879BAEDA}.MinSizeRel|Win32.Build.0 = MinSizeRel|Win32
		{EE4A234E-C63B-3AE1-A91B-B166879BAEDA}.RelWithDebInfo|Win32.ActiveCfg = RelWithDebInfo|Win32
		{EE4A234E-C63B-3AE1-A91B-B166879BAEDA}.RelWithDebInfo|Win32.Build.0 = RelWithDebInfo|Win32
		{98DF1FE3-9F28-3F34-B76C-30E8B4C20405}.Debug|Win32.ActiveCfg = Debug|Win32
		{98DF1FE3-9F28-3F34-B76C-30E8B4C20405}.Debug|Win32.Build.0 = Debug|Win32
		{98DF1FE3-9F28-3F34-B76C-30E8B4C20405}.Release|Win32.ActiveCfg = Release|Win32
		{98DF1FE3-9F28-3F34-B76C-30E8B4C20405}.Release|Win32.Build.0 = Release|Win32
		{98DF1FE3-9F28-3F34-B76C-30E8B4C20405}.MinSizeRel|Win32.ActiveCfg = MinSizeRel|Win32
		{98DF1FE3-9F28-3F34-B76C-30E8B4C20405}.MinSizeRel|Win32.Build.0 = MinSizeRel|Win32
		{98DF1FE3-9F28-3F34-B76C-30E8B4C20405}.RelWithDebInfo|Win32.ActiveCfg = RelWithDebInfo|Win32
		{98DF1FE3-9F28-3F34-B76C-30E8B4C20405}.RelWithDebInfo|Win32.Build.0 = RelWithDebInfo|Win32
		{228EF192-EF0D-3391-B73C-19635F9AED6C}.Debug|Win32.ActiveCfg = Debug|Win32
		{228EF192-EF0D-3391-B73C-19635F9AED6C}.Debug|Win32.Build.0 = Debug|Win32
		{228EF192-EF0D-3391-B73C-19635F9AED6C}.Release|Win32.ActiveCfg = Release|Win32
		{228EF192-EF0D-3391-B73C-19635F9AED6C}.Release|Win32.Build.0 = Release|Win32
		{228EF192-EF0D-3391-B73C-19635F9AED6C}.MinSizeRel|Win32.ActiveCfg = MinSizeRel|Win32
		{228EF192-EF0D-3391-B73C-19635F9AED6C}.MinSizeRel|Win32.Build.0 = MinSizeRel|Win32
		{228EF192-EF0D-3391-B73C-19635F9AED6C}.RelWithDebInfo|Win32.ActiveCfg = RelWithDebInfo|Win32
		{228EF192-EF0D-3391-B73C-19635F9AED6C}.RelWithDebInfo|Win32.Build.0 = RelWithDebInfo|Win32
		{8CFC97FF-2840-3E72-A717-F8400C80DDC6}.Debug|Win32.ActiveCfg = Debug|Win32
		{8CFC97FF-2840-3E72-A717-F8400C80DDC6}.Debug|Win32.Build.0 = Debug|Win32
		{8CFC97FF-2840-3E72-A717-F8400C80DDC6}.Release|Win32.ActiveCfg = Release|Win32
		{8CFC97FF-2840-3E72-A717-F8400C80DDC6}.Release|Win32.Build.0 = Release|Win32
		{8CFC97FF-2840-3E72-A717-F8400C80DDC6}.MinSizeRel|Win32.ActiveCfg = MinSizeRel|Win32
		{8CFC97FF-2840-3E72-A717-F8400C80DDC6}.MinSizeRel|Win32.Build.0 = MinSizeRel|Win32
		{8CFC97FF-2840-3E72-A717-F8400C80DDC6}.RelWithDebInfo|Win32.ActiveCfg = RelWithDebInfo|Win32
		{8CFC97FF-2840-3E72-A717-F8400C80DDC6}.RelWithDebInfo|Win32.Build.0 = RelWithDebInfo|Win32
		{39F348BD-5218-35A4-A365-83A2AEC88087}.Debug|Win32.ActiveCfg = Debug|Win32
		{39F348BD-5218-35A4-A365-83A2AEC88087}.Release|Win32.ActiveCfg = Release|Win32
		{39F348BD-5218-35A4-A365-83A2AEC88087}.MinSizeRel|Win32.ActiveCfg = MinSizeRel|Win32
		{39F348BD-5218-35A4-A365-83A2AEC88087}.RelWithDebInfo|Win32.ActiveCfg = RelWithDebInfo|Win32
		{C215FD85-BD67-3809-B5C9-D1C2D4B173AF}.Debug|Win32.ActiveCfg = Debug|Win32
		{C215FD85-BD67-3809-B5C9-D1C2D4B173AF}.Debug|Win32.Build.0 = Debug|Win32
		{C215FD85-BD67-3809-B5C9-D1C2D4B173AF}.Release|Win32.ActiveCfg = Release|Win32
		{C215FD85-BD67-3809-B5C9-D1C2D4B173AF}.Release|Win32.Build.0 = Release|Win32
		{C215FD85-BD67-3809-B5C9-D1C2D4B173AF}.MinSizeRel|Win32.ActiveCfg = MinSizeRel|Win32
		{C215FD85-BD67-3809-B5C9-D1C2D4B173AF}.MinSizeRel|Win32.Build.0 = MinSizeRel|Win32
		{C215FD85-BD67-3809-B5C9-D1C2D4B173AF}.RelWithDebInfo|Win32.ActiveCfg = RelWithDebInfo|Win32
		{C215FD85-BD67-3809-B5C9-D1C2D4B173AF}.RelWithDebInfo|Win32.Build.0 = RelWithDebInfo|Win32
		{729ACC78-3816-3C8C-A4D1-373F71EA39C0}.Debug|Win32.ActiveCfg = Debug|Win32
		{729ACC78-3816-3C8C-A4D1-373F71EA39C0}.Debug|Win32.Build.0 = Debug|Win32
		{729ACC78-3816-3C8C-A4D1-373F71EA39C0}.Release|Win32.ActiveCfg = Release|Win32
		{729ACC78-3816-3C8C-A4D1-373F71EA39C0}.Release|Win32.Build.0 = Release|Win32
		{729ACC78-3816-3C8C-A4D1-373F71EA39C0}.MinSizeRel|Win32.ActiveCfg = MinSizeRel|Win32
		{729ACC78-3816-3C8C-A4D1-373F71EA39C0}.MinSizeRel|Win32.Build.0 = MinSizeRel|Win32
		{729ACC78-3816-3C8C-A4D1-373F71EA39C0}.RelWithDebInfo|Win32.ActiveCfg = RelWithDebInfo|Win32
		{729ACC78-3816-3C8C-A4D1-373F71EA39C0}.RelWithDebInfo|Win32.Build.0 = RelWithDebInfo|Win32
	EndGlobalSection
	GlobalSection(ExtensibilityGlobals) = postSolution
		SolutionGuid = {59B6B90C-8F86-336F-A6B0-9CD6496C8004}
	EndGlobalSection
	GlobalSection(ExtensibilityAddIns) = postSolution
	EndGlobalSection
EndGlobal
