<?xml version="1.0" encoding="utf-8"?>
<Project ToolsVersion="15.0" xmlns="http://schemas.microsoft.com/developer/msbuild/2003">
  <ItemGroup>
    <CustomBuild Include="C:\Users\ben32\source\repos\BenMarshall98\Game-Engine\Assimp\CMakeFiles\fdf1fb92e2c6c075c321f9304d1b5bab\INSTALL_force.rule">
      <Filter>CMake Rules</Filter>
    </CustomBuild>
  </ItemGroup>
  <ItemGroup>
    <Filter Include="CMake Rules">
      <UniqueIdentifier>{463FDD87-AC1D-3D53-BD38-1B48BB3F6635}</UniqueIdentifier>
    </Filter>
  </ItemGroup>
</Project>
