<?xml version="1.0" encoding="utf-8"?>
<Project ToolsVersion="15.0" xmlns="http://schemas.microsoft.com/developer/msbuild/2003">
  <ItemGroup>
    <ClCompile Include="C:\Users\ben32\source\repos\BenMarshall98\Game-Engine\BulletPhysics\examples\HelloWorld\HelloWorld.cpp">
      <Filter>Source Files</Filter>
    </ClCompile>
  </ItemGroup>
  <ItemGroup>
    <CustomBuild Include="C:\Users\ben32\source\repos\BenMarshall98\Game-Engine\BulletPhysics\examples\HelloWorld\CMakeLists.txt" />
  </ItemGroup>
  <ItemGroup>
    <ResourceCompile Include="C:\Users\ben32\source\repos\BenMarshall98\Game-Engine\BulletPhysics\build3\bullet.rc">
      <Filter>Source Files</Filter>
    </ResourceCompile>
  </ItemGroup>
  <ItemGroup>
    <Filter Include="Source Files">
      <UniqueIdentifier>{14CC725B-5857-3F81-84FE-B85103BD94A4}</UniqueIdentifier>
    </Filter>
  </ItemGroup>
</Project>
