<?xml version="1.0" encoding="utf-8"?>
<Project ToolsVersion="4.0" xmlns="http://schemas.microsoft.com/developer/msbuild/2003">
  <ItemGroup>
    <Filter Include="Levels">
      <UniqueIdentifier>{5fc87f17-9025-4fbd-9c2c-1e6c9ab2b45c}</UniqueIdentifier>
    </Filter>
    <Filter Include="Models">
      <UniqueIdentifier>{17267a8e-a6d2-4e6c-a70e-1f98d5bacd17}</UniqueIdentifier>
    </Filter>
    <Filter Include="Shaders">
      <UniqueIdentifier>{a1df2660-304f-4159-8155-a871857bdcb5}</UniqueIdentifier>
    </Filter>
    <Filter Include="Textures">
      <UniqueIdentifier>{79556bd9-8744-40a0-a7c0-d7b78b3a8d27}</UniqueIdentifier>
    </Filter>
    <Filter Include="Scripts">
      <UniqueIdentifier>{77085c74-32d8-4558-8cd9-7f55378d567b}</UniqueIdentifier>
    </Filter>
    <Filter Include="Audio">
      <UniqueIdentifier>{06ed896a-55cd-42b5-a3f8-7f1d0d595d2f}</UniqueIdentifier>
    </Filter>
    <Filter Include="Menus">
      <UniqueIdentifier>{1b1df461-2280-4c68-8496-07483a0ce4f4}</UniqueIdentifier>
    </Filter>
  </ItemGroup>
  <ItemGroup>
    <ClCompile Include="Main.cpp" />
  </ItemGroup>
  <ItemGroup>
    <Content Include="Textures/2k_earth_daymap.jpg">
      <Filter>Textures</Filter>
    </Content>
    <Content Include="Textures/container.jpg">
      <Filter>Textures</Filter>
    </Content>
    <Content Include="Textures/containerNormal.jpg">
      <Filter>Textures</Filter>
    </Content>
    <Content Include="Textures/Earth_Normal.jpg">
      <Filter>Textures</Filter>
    </Content>
    <Content Include="Textures/concrete.jpg">
      <Filter>Textures</Filter>
    </Content>
    <Content Include="Textures/concreteNormal.jpg">
      <Filter>Textures</Filter>
    </Content>
    <Content Include="Scripts\PlatformerPlayerFunctions.lua">
      <Filter>Scripts</Filter>
    </Content>
    <Content Include="Scripts\3DLevelPlayerFunctions.lua">
      <Filter>Scripts</Filter>
    </Content>
  </ItemGroup>
  <ItemGroup>
    <Content Include="Models/cube.obj">
      <Filter>Models</Filter>
    </Content>
    <Content Include="Models/sphere.obj">
      <Filter>Models</Filter>
    </Content>
  </ItemGroup>
  <ItemGroup>
    <Content Include="Shaders/NormalFragment.frag">
      <Filter>Shaders</Filter>
    </Content>
    <Content Include="Shaders/NormalVertex.vert">
      <Filter>Shaders</Filter>
    </Content>
    <Content Include="Scripts/Vector3.lua">
      <Filter>Scripts</Filter>
    </Content>
    <Content Include="Scripts/Quaternion.lua">
      <Filter>Scripts</Filter>
    </Content>
    <Content Include="Scripts/Matrix4.lua">
      <Filter>Scripts</Filter>
    </Content>
    <Content Include="Levels/PlatformLevel.json">
      <Filter>Levels</Filter>
    </Content>
    <Content Include="Levels/3DLevel.json">
      <Filter>Levels</Filter>
    </Content>
    <Content Include="Shaders/ShadowMapping.frag">
      <Filter>Shaders</Filter>
    </Content>
    <Content Include="Shaders/ShadowMapping.vert">
      <Filter>Shaders</Filter>
    </Content>
    <Content Include="Shaders/PointShadow.vert">
      <Filter>Shaders</Filter>
    </Content>
    <Content Include="Shaders/PointShadow.frag">
      <Filter>Shaders</Filter>
    </Content>
    <Content Include="Shaders/PointShadow.geom">
      <Filter>Shaders</Filter>
    </Content>
  </ItemGroup>
  <ItemGroup>
    <Content Include="Models/Collectable.obj">
      <Filter>Models</Filter>
    </Content>
    <Content Include="Models/Floor.obj">
      <Filter>Models</Filter>
    </Content>
  </ItemGroup>
  <ItemGroup>
    <Content Include="Levels/Level.txt">
      <Filter>Levels</Filter>
    </Content>
  </ItemGroup>
  <ItemGroup>
    <Content Include="Audio/Collectable.wav">
      <Filter>Audio</Filter>
    </Content>
    <Content Include="Audio/CollectableNear.wav">
      <Filter>Audio</Filter>
    </Content>
    <Content Include="Audio/Thump.wav">
      <Filter>Audio</Filter>
    </Content>
  </ItemGroup>
  <ItemGroup>
    <None Include="Models\Test.dae">
      <Filter>Models</Filter>
    </None>
    <None Include="Shaders\RiggedFragment.frag">
      <Filter>Shaders</Filter>
    </None>
    <None Include="Shaders\RiggedVertex.vert">
      <Filter>Shaders</Filter>
    </None>
    <None Include="Shaders\RiggedPointShadow.frag">
      <Filter>Shaders</Filter>
    </None>
    <None Include="Shaders\RiggedPointShadow.geom">
      <Filter>Shaders</Filter>
    </None>
    <None Include="Shaders\RiggedPointShadow.vert">
      <Filter>Shaders</Filter>
    </None>
    <None Include="Shaders\RiggedShadowMapping.frag">
      <Filter>Shaders</Filter>
    </None>
    <None Include="Shaders\RiggedShadowMapping.vert">
      <Filter>Shaders</Filter>
    </None>
    <None Include="3DLevelGuardFunctions.lua">
      <Filter>Scripts</Filter>
    </None>
    <None Include="GameChoosing.json">
      <Filter>Menus</Filter>
    </None>
    <None Include="TextVertex.vert">
      <Filter>Shaders</Filter>
    </None>
    <None Include="TextFragment.frag">
      <Filter>Shaders</Filter>
    </None>
    <None Include="GameChoosing.lua">
      <Filter>Scripts</Filter>
    </None>
    <None Include="HitBoxMainMenu.lua">
      <Filter>Scripts</Filter>
    </None>
    <None Include="SuperWorldMainMenu.lua">
      <Filter>Scripts</Filter>
    </None>
    <None Include="HitBoxMainMenu.json">
      <Filter>Menus</Filter>
    </None>
    <None Include="SuperWorldMenu.json">
      <Filter>Menus</Filter>
    </None>
    <None Include="Options.json">
      <Filter>Menus</Filter>
    </None>
    <None Include="Pause.json">
      <Filter>Menus</Filter>
    </None>
    <None Include="PauseMenu.lua">
      <Filter>Scripts</Filter>
    </None>
    <None Include="PlatformerCoinFunctions.lua">
      <Filter>Scripts</Filter>
    </None>
    <None Include="PlatformerSceneFunctions.lua">
      <Filter>Scripts</Filter>
    </None>
    <None Include="packages.config" />
  </ItemGroup>
  <ItemGroup>
    <Text Include="3DLevel.txt">
      <Filter>Levels</Filter>
    </Text>
  </ItemGroup>
  <ItemGroup>
    <Object Include="Models\bullet.obj">
      <Filter>Models</Filter>
    </Object>
  </ItemGroup>
</Project>