<?xml version="1.0" encoding="utf-8"?>
<Project ToolsVersion="4.0" xmlns="http://schemas.microsoft.com/developer/msbuild/2003">
  <ItemGroup>
    <Filter Include="src">
      <UniqueIdentifier>{d10214c2-1a2b-45d4-b5b6-e8807b86b90a}</UniqueIdentifier>
    </Filter>
    <Filter Include="src\base">
      <UniqueIdentifier>{7e700650-1616-4eb1-87ea-e685ff938195}</UniqueIdentifier>
    </Filter>
    <Filter Include="src\psnames">
      <UniqueIdentifier>{d90a6b18-f460-49e1-ae5c-ea2041522412}</UniqueIdentifier>
    </Filter>
    <Filter Include="src\raster">
      <UniqueIdentifier>{656b01b2-7ad1-4df6-9382-2c7fe78a45f8}</UniqueIdentifier>
    </Filter>
    <Filter Include="src\smooth">
      <UniqueIdentifier>{d331fe23-9e0b-4df9-a333-b7f17723e3eb}</UniqueIdentifier>
    </Filter>
    <Filter Include="src\truetype">
      <UniqueIdentifier>{33d51927-2e40-47e8-b64a-e8e469f8b164}</UniqueIdentifier>
    </Filter>
    <Filter Include="include">
      <UniqueIdentifier>{d5f90304-f071-4977-8ddd-505720be4255}</UniqueIdentifier>
    </Filter>
    <Filter Include="include\freetype">
      <UniqueIdentifier>{07aae3e9-a9e2-4551-985a-699a5d5c99dd}</UniqueIdentifier>
    </Filter>
    <Filter Include="include\freetype\config">
      <UniqueIdentifier>{d9d45891-5be8-404d-80ee-3db33d73f03e}</UniqueIdentifier>
    </Filter>
    <Filter Include="include\freetype\internal">
      <UniqueIdentifier>{ff84d52e-6cd1-4217-8426-f3bcae3c0767}</UniqueIdentifier>
    </Filter>
    <Filter Include="include\freetype\internal\services">
      <UniqueIdentifier>{59b0fd1a-689d-4cc3-a7f8-d9fedaec21de}</UniqueIdentifier>
    </Filter>
    <Filter Include="src\sfnt">
      <UniqueIdentifier>{9b7ef686-3a07-4704-84ba-c9ebd2fcb222}</UniqueIdentifier>
    </Filter>
  </ItemGroup>
  <ItemGroup>
    <ClInclude Include="src\base\ftbase.h">
      <Filter>src\base</Filter>
    </ClInclude>
    <ClInclude Include="src\base\md5.h">
      <Filter>src\base</Filter>
    </ClInclude>
    <ClInclude Include="src\psnames\psmodule.h">
      <Filter>src\psnames</Filter>
    </ClInclude>
    <ClInclude Include="src\psnames\psnamerr.h">
      <Filter>src\psnames</Filter>
    </ClInclude>
    <ClInclude Include="src\psnames\pstables.h">
      <Filter>src\psnames</Filter>
    </ClInclude>
    <ClInclude Include="src\raster\ftmisc.h">
      <Filter>src\raster</Filter>
    </ClInclude>
    <ClInclude Include="src\raster\ftraster.h">
      <Filter>src\raster</Filter>
    </ClInclude>
    <ClInclude Include="src\raster\ftrend1.h">
      <Filter>src\raster</Filter>
    </ClInclude>
    <ClInclude Include="src\raster\rasterrs.h">
      <Filter>src\raster</Filter>
    </ClInclude>
    <ClInclude Include="src\smooth\ftgrays.h">
      <Filter>src\smooth</Filter>
    </ClInclude>
    <ClInclude Include="src\smooth\ftsmerrs.h">
      <Filter>src\smooth</Filter>
    </ClInclude>
    <ClInclude Include="src\smooth\ftsmooth.h">
      <Filter>src\smooth</Filter>
    </ClInclude>
    <ClInclude Include="src\truetype\ttdriver.h">
      <Filter>src\truetype</Filter>
    </ClInclude>
    <ClInclude Include="src\truetype\tterrors.h">
      <Filter>src\truetype</Filter>
    </ClInclude>
    <ClInclude Include="src\truetype\ttgload.h">
      <Filter>src\truetype</Filter>
    </ClInclude>
    <ClInclude Include="src\truetype\ttgxvar.h">
      <Filter>src\truetype</Filter>
    </ClInclude>
    <ClInclude Include="src\truetype\ttinterp.h">
      <Filter>src\truetype</Filter>
    </ClInclude>
    <ClInclude Include="src\truetype\ttobjs.h">
      <Filter>src\truetype</Filter>
    </ClInclude>
    <ClInclude Include="src\truetype\ttpload.h">
      <Filter>src\truetype</Filter>
    </ClInclude>
    <ClInclude Include="src\truetype\ttsubpix.h">
      <Filter>src\truetype</Filter>
    </ClInclude>
    <ClInclude Include="include\ft2build.h">
      <Filter>include</Filter>
    </ClInclude>
    <ClInclude Include="include\freetype\freetype.h">
      <Filter>include\freetype</Filter>
    </ClInclude>
    <ClInclude Include="include\freetype\ftadvanc.h">
      <Filter>include\freetype</Filter>
    </ClInclude>
    <ClInclude Include="include\freetype\ftbbox.h">
      <Filter>include\freetype</Filter>
    </ClInclude>
    <ClInclude Include="include\freetype\ftbdf.h">
      <Filter>include\freetype</Filter>
    </ClInclude>
    <ClInclude Include="include\freetype\ftbitmap.h">
      <Filter>include\freetype</Filter>
    </ClInclude>
    <ClInclude Include="include\freetype\ftbzip2.h">
      <Filter>include\freetype</Filter>
    </ClInclude>
    <ClInclude Include="include\freetype\ftcache.h">
      <Filter>include\freetype</Filter>
    </ClInclude>
    <ClInclude Include="include\freetype\ftchapters.h">
      <Filter>include\freetype</Filter>
    </ClInclude>
    <ClInclude Include="include\freetype\ftcid.h">
      <Filter>include\freetype</Filter>
    </ClInclude>
    <ClInclude Include="include\freetype\ftcolor.h">
      <Filter>include\freetype</Filter>
    </ClInclude>
    <ClInclude Include="include\freetype\ftdriver.h">
      <Filter>include\freetype</Filter>
    </ClInclude>
    <ClInclude Include="include\freetype\fterrdef.h">
      <Filter>include\freetype</Filter>
    </ClInclude>
    <ClInclude Include="include\freetype\fterrors.h">
      <Filter>include\freetype</Filter>
    </ClInclude>
    <ClInclude Include="include\freetype\ftfntfmt.h">
      <Filter>include\freetype</Filter>
    </ClInclude>
    <ClInclude Include="include\freetype\ftgasp.h">
      <Filter>include\freetype</Filter>
    </ClInclude>
    <ClInclude Include="include\freetype\ftglyph.h">
      <Filter>include\freetype</Filter>
    </ClInclude>
    <ClInclude Include="include\freetype\ftgxval.h">
      <Filter>include\freetype</Filter>
    </ClInclude>
    <ClInclude Include="include\freetype\ftgzip.h">
      <Filter>include\freetype</Filter>
    </ClInclude>
    <ClInclude Include="include\freetype\ftimage.h">
      <Filter>include\freetype</Filter>
    </ClInclude>
    <ClInclude Include="include\freetype\ftincrem.h">
      <Filter>include\freetype</Filter>
    </ClInclude>
    <ClInclude Include="include\freetype\ftlcdfil.h">
      <Filter>include\freetype</Filter>
    </ClInclude>
    <ClInclude Include="include\freetype\ftlist.h">
      <Filter>include\freetype</Filter>
    </ClInclude>
    <ClInclude Include="include\freetype\ftlzw.h">
      <Filter>include\freetype</Filter>
    </ClInclude>
    <ClInclude Include="include\freetype\ftmac.h">
      <Filter>include\freetype</Filter>
    </ClInclude>
    <ClInclude Include="include\freetype\ftmm.h">
      <Filter>include\freetype</Filter>
    </ClInclude>
    <ClInclude Include="include\freetype\ftmodapi.h">
      <Filter>include\freetype</Filter>
    </ClInclude>
    <ClInclude Include="include\freetype\ftmoderr.h">
      <Filter>include\freetype</Filter>
    </ClInclude>
    <ClInclude Include="include\freetype\ftotval.h">
      <Filter>include\freetype</Filter>
    </ClInclude>
    <ClInclude Include="include\freetype\ftoutln.h">
      <Filter>include\freetype</Filter>
    </ClInclude>
    <ClInclude Include="include\freetype\ftparams.h">
      <Filter>include\freetype</Filter>
    </ClInclude>
    <ClInclude Include="include\freetype\ftpfr.h">
      <Filter>include\freetype</Filter>
    </ClInclude>
    <ClInclude Include="include\freetype\ftrender.h">
      <Filter>include\freetype</Filter>
    </ClInclude>
    <ClInclude Include="include\freetype\ftsizes.h">
      <Filter>include\freetype</Filter>
    </ClInclude>
    <ClInclude Include="include\freetype\ftsnames.h">
      <Filter>include\freetype</Filter>
    </ClInclude>
    <ClInclude Include="include\freetype\ftstroke.h">
      <Filter>include\freetype</Filter>
    </ClInclude>
    <ClInclude Include="include\freetype\ftsynth.h">
      <Filter>include\freetype</Filter>
    </ClInclude>
    <ClInclude Include="include\freetype\ftsystem.h">
      <Filter>include\freetype</Filter>
    </ClInclude>
    <ClInclude Include="include\freetype\fttrigon.h">
      <Filter>include\freetype</Filter>
    </ClInclude>
    <ClInclude Include="include\freetype\fttypes.h">
      <Filter>include\freetype</Filter>
    </ClInclude>
    <ClInclude Include="include\freetype\ftwinfnt.h">
      <Filter>include\freetype</Filter>
    </ClInclude>
    <ClInclude Include="include\freetype\t1tables.h">
      <Filter>include\freetype</Filter>
    </ClInclude>
    <ClInclude Include="include\freetype\ttnameid.h">
      <Filter>include\freetype</Filter>
    </ClInclude>
    <ClInclude Include="include\freetype\tttables.h">
      <Filter>include\freetype</Filter>
    </ClInclude>
    <ClInclude Include="include\freetype\tttags.h">
      <Filter>include\freetype</Filter>
    </ClInclude>
    <ClInclude Include="include\freetype\config\ftconfig.h">
      <Filter>include\freetype\config</Filter>
    </ClInclude>
    <ClInclude Include="include\freetype\config\ftheader.h">
      <Filter>include\freetype\config</Filter>
    </ClInclude>
    <ClInclude Include="include\freetype\config\ftmodule.h">
      <Filter>include\freetype\config</Filter>
    </ClInclude>
    <ClInclude Include="include\freetype\config\ftoption.h">
      <Filter>include\freetype\config</Filter>
    </ClInclude>
    <ClInclude Include="include\freetype\config\ftstdlib.h">
      <Filter>include\freetype\config</Filter>
    </ClInclude>
    <ClInclude Include="include\freetype\internal\autohint.h">
      <Filter>include\freetype\internal</Filter>
    </ClInclude>
    <ClInclude Include="include\freetype\internal\cffotypes.h">
      <Filter>include\freetype\internal</Filter>
    </ClInclude>
    <ClInclude Include="include\freetype\internal\cfftypes.h">
      <Filter>include\freetype\internal</Filter>
    </ClInclude>
    <ClInclude Include="include\freetype\internal\ftcalc.h">
      <Filter>include\freetype\internal</Filter>
    </ClInclude>
    <ClInclude Include="include\freetype\internal\ftdebug.h">
      <Filter>include\freetype\internal</Filter>
    </ClInclude>
    <ClInclude Include="include\freetype\internal\ftdrv.h">
      <Filter>include\freetype\internal</Filter>
    </ClInclude>
    <ClInclude Include="include\freetype\internal\ftgloadr.h">
      <Filter>include\freetype\internal</Filter>
    </ClInclude>
    <ClInclude Include="include\freetype\internal\fthash.h">
      <Filter>include\freetype\internal</Filter>
    </ClInclude>
    <ClInclude Include="include\freetype\internal\ftmemory.h">
      <Filter>include\freetype\internal</Filter>
    </ClInclude>
    <ClInclude Include="include\freetype\internal\ftobjs.h">
      <Filter>include\freetype\internal</Filter>
    </ClInclude>
    <ClInclude Include="include\freetype\internal\ftpsprop.h">
      <Filter>include\freetype\internal</Filter>
    </ClInclude>
    <ClInclude Include="include\freetype\internal\ftrfork.h">
      <Filter>include\freetype\internal</Filter>
    </ClInclude>
    <ClInclude Include="include\freetype\internal\ftserv.h">
      <Filter>include\freetype\internal</Filter>
    </ClInclude>
    <ClInclude Include="include\freetype\internal\ftstream.h">
      <Filter>include\freetype\internal</Filter>
    </ClInclude>
    <ClInclude Include="include\freetype\internal\fttrace.h">
      <Filter>include\freetype\internal</Filter>
    </ClInclude>
    <ClInclude Include="include\freetype\internal\ftvalid.h">
      <Filter>include\freetype\internal</Filter>
    </ClInclude>
    <ClInclude Include="include\freetype\internal\internal.h">
      <Filter>include\freetype\internal</Filter>
    </ClInclude>
    <ClInclude Include="include\freetype\internal\psaux.h">
      <Filter>include\freetype\internal</Filter>
    </ClInclude>
    <ClInclude Include="include\freetype\internal\pshints.h">
      <Filter>include\freetype\internal</Filter>
    </ClInclude>
    <ClInclude Include="include\freetype\internal\sfnt.h">
      <Filter>include\freetype\internal</Filter>
    </ClInclude>
    <ClInclude Include="include\freetype\internal\t1types.h">
      <Filter>include\freetype\internal</Filter>
    </ClInclude>
    <ClInclude Include="include\freetype\internal\tttypes.h">
      <Filter>include\freetype\internal</Filter>
    </ClInclude>
    <ClInclude Include="include\freetype\internal\services\svbdf.h">
      <Filter>include\freetype\internal\services</Filter>
    </ClInclude>
    <ClInclude Include="include\freetype\internal\services\svcfftl.h">
      <Filter>include\freetype\internal\services</Filter>
    </ClInclude>
    <ClInclude Include="include\freetype\internal\services\svcid.h">
      <Filter>include\freetype\internal\services</Filter>
    </ClInclude>
    <ClInclude Include="include\freetype\internal\services\svfntfmt.h">
      <Filter>include\freetype\internal\services</Filter>
    </ClInclude>
    <ClInclude Include="include\freetype\internal\services\svgldict.h">
      <Filter>include\freetype\internal\services</Filter>
    </ClInclude>
    <ClInclude Include="include\freetype\internal\services\svgxval.h">
      <Filter>include\freetype\internal\services</Filter>
    </ClInclude>
    <ClInclude Include="include\freetype\internal\services\svkern.h">
      <Filter>include\freetype\internal\services</Filter>
    </ClInclude>
    <ClInclude Include="include\freetype\internal\services\svmetric.h">
      <Filter>include\freetype\internal\services</Filter>
    </ClInclude>
    <ClInclude Include="include\freetype\internal\services\svmm.h">
      <Filter>include\freetype\internal\services</Filter>
    </ClInclude>
    <ClInclude Include="include\freetype\internal\services\svotval.h">
      <Filter>include\freetype\internal\services</Filter>
    </ClInclude>
    <ClInclude Include="include\freetype\internal\services\svpfr.h">
      <Filter>include\freetype\internal\services</Filter>
    </ClInclude>
    <ClInclude Include="include\freetype\internal\services\svpostnm.h">
      <Filter>include\freetype\internal\services</Filter>
    </ClInclude>
    <ClInclude Include="include\freetype\internal\services\svprop.h">
      <Filter>include\freetype\internal\services</Filter>
    </ClInclude>
    <ClInclude Include="include\freetype\internal\services\svpscmap.h">
      <Filter>include\freetype\internal\services</Filter>
    </ClInclude>
    <ClInclude Include="include\freetype\internal\services\svpsinfo.h">
      <Filter>include\freetype\internal\services</Filter>
    </ClInclude>
    <ClInclude Include="include\freetype\internal\services\svsfnt.h">
      <Filter>include\freetype\internal\services</Filter>
    </ClInclude>
    <ClInclude Include="include\freetype\internal\services\svttcmap.h">
      <Filter>include\freetype\internal\services</Filter>
    </ClInclude>
    <ClInclude Include="include\freetype\internal\services\svtteng.h">
      <Filter>include\freetype\internal\services</Filter>
    </ClInclude>
    <ClInclude Include="include\freetype\internal\services\svttglyf.h">
      <Filter>include\freetype\internal\services</Filter>
    </ClInclude>
    <ClInclude Include="include\freetype\internal\services\svwinfnt.h">
      <Filter>include\freetype\internal\services</Filter>
    </ClInclude>
    <ClInclude Include="src\sfnt\pngshim.h">
      <Filter>src\sfnt</Filter>
    </ClInclude>
    <ClInclude Include="src\sfnt\sfdriver.h">
      <Filter>src\sfnt</Filter>
    </ClInclude>
    <ClInclude Include="src\sfnt\sferrors.h">
      <Filter>src\sfnt</Filter>
    </ClInclude>
    <ClInclude Include="src\sfnt\sfobjs.h">
      <Filter>src\sfnt</Filter>
    </ClInclude>
    <ClInclude Include="src\sfnt\ttbdf.h">
      <Filter>src\sfnt</Filter>
    </ClInclude>
    <ClInclude Include="src\sfnt\ttcmap.h">
      <Filter>src\sfnt</Filter>
    </ClInclude>
    <ClInclude Include="src\sfnt\ttcmapc.h">
      <Filter>src\sfnt</Filter>
    </ClInclude>
    <ClInclude Include="src\sfnt\ttcolr.h">
      <Filter>src\sfnt</Filter>
    </ClInclude>
    <ClInclude Include="src\sfnt\ttcpal.h">
      <Filter>src\sfnt</Filter>
    </ClInclude>
    <ClInclude Include="src\sfnt\ttkern.h">
      <Filter>src\sfnt</Filter>
    </ClInclude>
    <ClInclude Include="src\sfnt\ttload.h">
      <Filter>src\sfnt</Filter>
    </ClInclude>
    <ClInclude Include="src\sfnt\ttmtx.h">
      <Filter>src\sfnt</Filter>
    </ClInclude>
    <ClInclude Include="src\sfnt\ttpost.h">
      <Filter>src\sfnt</Filter>
    </ClInclude>
    <ClInclude Include="src\sfnt\ttsbit.h">
      <Filter>src\sfnt</Filter>
    </ClInclude>
  </ItemGroup>
  <ItemGroup>
    <ClCompile Include="src\base\ftadvanc.c">
      <Filter>src\base</Filter>
    </ClCompile>
    <ClCompile Include="src\base\ftbase.c">
      <Filter>src\base</Filter>
    </ClCompile>
    <ClCompile Include="src\base\ftbbox.c">
      <Filter>src\base</Filter>
    </ClCompile>
    <ClCompile Include="src\base\ftbdf.c">
      <Filter>src\base</Filter>
    </ClCompile>
    <ClCompile Include="src\base\ftbitmap.c">
      <Filter>src\base</Filter>
    </ClCompile>
    <ClCompile Include="src\base\ftcalc.c">
      <Filter>src\base</Filter>
    </ClCompile>
    <ClCompile Include="src\base\ftcid.c">
      <Filter>src\base</Filter>
    </ClCompile>
    <ClCompile Include="src\base\ftcolor.c">
      <Filter>src\base</Filter>
    </ClCompile>
    <ClCompile Include="src\base\ftdbgmem.c">
      <Filter>src\base</Filter>
    </ClCompile>
    <ClCompile Include="src\base\ftdebug.c">
      <Filter>src\base</Filter>
    </ClCompile>
    <ClCompile Include="src\base\ftfntfmt.c">
      <Filter>src\base</Filter>
    </ClCompile>
    <ClCompile Include="src\base\ftfstype.c">
      <Filter>src\base</Filter>
    </ClCompile>
    <ClCompile Include="src\base\ftgasp.c">
      <Filter>src\base</Filter>
    </ClCompile>
    <ClCompile Include="src\base\ftgloadr.c">
      <Filter>src\base</Filter>
    </ClCompile>
    <ClCompile Include="src\base\ftglyph.c">
      <Filter>src\base</Filter>
    </ClCompile>
    <ClCompile Include="src\base\ftgxval.c">
      <Filter>src\base</Filter>
    </ClCompile>
    <ClCompile Include="src\base\fthash.c">
      <Filter>src\base</Filter>
    </ClCompile>
    <ClCompile Include="src\base\ftinit.c">
      <Filter>src\base</Filter>
    </ClCompile>
    <ClCompile Include="src\base\ftlcdfil.c">
      <Filter>src\base</Filter>
    </ClCompile>
    <ClCompile Include="src\base\ftmac.c">
      <Filter>src\base</Filter>
    </ClCompile>
    <ClCompile Include="src\base\ftmm.c">
      <Filter>src\base</Filter>
    </ClCompile>
    <ClCompile Include="src\base\ftobjs.c">
      <Filter>src\base</Filter>
    </ClCompile>
    <ClCompile Include="src\base\ftotval.c">
      <Filter>src\base</Filter>
    </ClCompile>
    <ClCompile Include="src\base\ftoutln.c">
      <Filter>src\base</Filter>
    </ClCompile>
    <ClCompile Include="src\base\ftpatent.c">
      <Filter>src\base</Filter>
    </ClCompile>
    <ClCompile Include="src\base\ftpfr.c">
      <Filter>src\base</Filter>
    </ClCompile>
    <ClCompile Include="src\base\ftpsprop.c">
      <Filter>src\base</Filter>
    </ClCompile>
    <ClCompile Include="src\base\ftrfork.c">
      <Filter>src\base</Filter>
    </ClCompile>
    <ClCompile Include="src\base\ftsnames.c">
      <Filter>src\base</Filter>
    </ClCompile>
    <ClCompile Include="src\base\ftstream.c">
      <Filter>src\base</Filter>
    </ClCompile>
    <ClCompile Include="src\base\ftstroke.c">
      <Filter>src\base</Filter>
    </ClCompile>
    <ClCompile Include="src\base\ftsynth.c">
      <Filter>src\base</Filter>
    </ClCompile>
    <ClCompile Include="src\base\ftsystem.c">
      <Filter>src\base</Filter>
    </ClCompile>
    <ClCompile Include="src\base\fttrigon.c">
      <Filter>src\base</Filter>
    </ClCompile>
    <ClCompile Include="src\base\fttype1.c">
      <Filter>src\base</Filter>
    </ClCompile>
    <ClCompile Include="src\base\ftutil.c">
      <Filter>src\base</Filter>
    </ClCompile>
    <ClCompile Include="src\base\ftwinfnt.c">
      <Filter>src\base</Filter>
    </ClCompile>
    <ClCompile Include="src\base\md5.c">
      <Filter>src\base</Filter>
    </ClCompile>
    <ClCompile Include="src\psnames\psmodule.c">
      <Filter>src\psnames</Filter>
    </ClCompile>
    <ClCompile Include="src\psnames\psnames.c">
      <Filter>src\psnames</Filter>
    </ClCompile>
    <ClCompile Include="src\raster\ftraster.c">
      <Filter>src\raster</Filter>
    </ClCompile>
    <ClCompile Include="src\raster\ftrend1.c">
      <Filter>src\raster</Filter>
    </ClCompile>
    <ClCompile Include="src\raster\raster.c">
      <Filter>src\raster</Filter>
    </ClCompile>
    <ClCompile Include="src\smooth\ftgrays.c">
      <Filter>src\smooth</Filter>
    </ClCompile>
    <ClCompile Include="src\smooth\ftsmooth.c">
      <Filter>src\smooth</Filter>
    </ClCompile>
    <ClCompile Include="src\smooth\smooth.c">
      <Filter>src\smooth</Filter>
    </ClCompile>
    <ClCompile Include="src\truetype\truetype.c">
      <Filter>src\truetype</Filter>
    </ClCompile>
    <ClCompile Include="src\truetype\ttdriver.c">
      <Filter>src\truetype</Filter>
    </ClCompile>
    <ClCompile Include="src\truetype\ttgload.c">
      <Filter>src\truetype</Filter>
    </ClCompile>
    <ClCompile Include="src\truetype\ttgxvar.c">
      <Filter>src\truetype</Filter>
    </ClCompile>
    <ClCompile Include="src\truetype\ttinterp.c">
      <Filter>src\truetype</Filter>
    </ClCompile>
    <ClCompile Include="src\truetype\ttobjs.c">
      <Filter>src\truetype</Filter>
    </ClCompile>
    <ClCompile Include="src\truetype\ttpload.c">
      <Filter>src\truetype</Filter>
    </ClCompile>
    <ClCompile Include="src\truetype\ttsubpix.c">
      <Filter>src\truetype</Filter>
    </ClCompile>
    <ClCompile Include="src\sfnt\pngshim.c">
      <Filter>src\sfnt</Filter>
    </ClCompile>
    <ClCompile Include="src\sfnt\sfdriver.c">
      <Filter>src\sfnt</Filter>
    </ClCompile>
    <ClCompile Include="src\sfnt\sfnt.c">
      <Filter>src\sfnt</Filter>
    </ClCompile>
    <ClCompile Include="src\sfnt\sfobjs.c">
      <Filter>src\sfnt</Filter>
    </ClCompile>
    <ClCompile Include="src\sfnt\ttbdf.c">
      <Filter>src\sfnt</Filter>
    </ClCompile>
    <ClCompile Include="src\sfnt\ttcmap.c">
      <Filter>src\sfnt</Filter>
    </ClCompile>
    <ClCompile Include="src\sfnt\ttcolr.c">
      <Filter>src\sfnt</Filter>
    </ClCompile>
    <ClCompile Include="src\sfnt\ttcpal.c">
      <Filter>src\sfnt</Filter>
    </ClCompile>
    <ClCompile Include="src\sfnt\ttkern.c">
      <Filter>src\sfnt</Filter>
    </ClCompile>
    <ClCompile Include="src\sfnt\ttload.c">
      <Filter>src\sfnt</Filter>
    </ClCompile>
    <ClCompile Include="src\sfnt\ttmtx.c">
      <Filter>src\sfnt</Filter>
    </ClCompile>
    <ClCompile Include="src\sfnt\ttpost.c">
      <Filter>src\sfnt</Filter>
    </ClCompile>
    <ClCompile Include="src\sfnt\ttsbit.c">
      <Filter>src\sfnt</Filter>
    </ClCompile>
  </ItemGroup>
  <ItemGroup>
    <ResourceCompile Include="src\base\ftver.rc">
      <Filter>src\base</Filter>
    </ResourceCompile>
  </ItemGroup>
</Project>