<?xml version="1.0" encoding="utf-8"?>
<Project ToolsVersion="15.0" xmlns="http://schemas.microsoft.com/developer/msbuild/2003">
  <ItemGroup>
    <ClCompile Include="C:\Users\ben32\source\repos\BenMarshall98\Game-Engine\BulletPhysics\Extras\InverseDynamics\CloneTreeCreator.cpp">
      <Filter>Source Files</Filter>
    </ClCompile>
    <ClCompile Include="C:\Users\ben32\source\repos\BenMarshall98\Game-Engine\BulletPhysics\Extras\InverseDynamics\CoilCreator.cpp">
      <Filter>Source Files</Filter>
    </ClCompile>
    <ClCompile Include="C:\Users\ben32\source\repos\BenMarshall98\Game-Engine\BulletPhysics\Extras\InverseDynamics\MultiBodyTreeCreator.cpp">
      <Filter>Source Files</Filter>
    </ClCompile>
    <ClCompile Include="C:\Users\ben32\source\repos\BenMarshall98\Game-Engine\BulletPhysics\Extras\InverseDynamics\btMultiBodyTreeCreator.cpp">
      <Filter>Source Files</Filter>
    </ClCompile>
    <ClCompile Include="C:\Users\ben32\source\repos\BenMarshall98\Game-Engine\BulletPhysics\Extras\InverseDynamics\DillCreator.cpp">
      <Filter>Source Files</Filter>
    </ClCompile>
    <ClCompile Include="C:\Users\ben32\source\repos\BenMarshall98\Game-Engine\BulletPhysics\Extras\InverseDynamics\MultiBodyTreeDebugGraph.cpp">
      <Filter>Source Files</Filter>
    </ClCompile>
    <ClCompile Include="C:\Users\ben32\source\repos\BenMarshall98\Game-Engine\BulletPhysics\Extras\InverseDynamics\invdyn_bullet_comparison.cpp">
      <Filter>Source Files</Filter>
    </ClCompile>
    <ClCompile Include="C:\Users\ben32\source\repos\BenMarshall98\Game-Engine\BulletPhysics\Extras\InverseDynamics\IDRandomUtil.cpp">
      <Filter>Source Files</Filter>
    </ClCompile>
    <ClCompile Include="C:\Users\ben32\source\repos\BenMarshall98\Game-Engine\BulletPhysics\Extras\InverseDynamics\RandomTreeCreator.cpp">
      <Filter>Source Files</Filter>
    </ClCompile>
    <ClCompile Include="C:\Users\ben32\source\repos\BenMarshall98\Game-Engine\BulletPhysics\Extras\InverseDynamics\SimpleTreeCreator.cpp">
      <Filter>Source Files</Filter>
    </ClCompile>
    <ClCompile Include="C:\Users\ben32\source\repos\BenMarshall98\Game-Engine\BulletPhysics\Extras\InverseDynamics\MultiBodyNameMap.cpp">
      <Filter>Source Files</Filter>
    </ClCompile>
    <ClCompile Include="C:\Users\ben32\source\repos\BenMarshall98\Game-Engine\BulletPhysics\Extras\InverseDynamics\User2InternalIndex.cpp">
      <Filter>Source Files</Filter>
    </ClCompile>
  </ItemGroup>
  <ItemGroup>
    <CustomBuild Include="C:\Users\ben32\source\repos\BenMarshall98\Game-Engine\BulletPhysics\Extras\InverseDynamics\CMakeLists.txt" />
  </ItemGroup>
  <ItemGroup>
    <Filter Include="Source Files">
      <UniqueIdentifier>{14CC725B-5857-3F81-84FE-B85103BD94A4}</UniqueIdentifier>
    </Filter>
  </ItemGroup>
</Project>
