<?xml version="1.0" encoding="utf-8"?>
<Project ToolsVersion="15.0" xmlns="http://schemas.microsoft.com/developer/msbuild/2003">
  <ItemGroup>
    <CustomBuild Include="C:\Users\ben32\source\repos\BenMarshall98\Game-Engine\BulletPhysics\lib\CMakeFiles\9b4b4d3a08548806194d273b9e682ba3\INSTALL_force.rule">
      <Filter>CMake Rules</Filter>
    </CustomBuild>
  </ItemGroup>
  <ItemGroup>
    <Filter Include="CMake Rules">
      <UniqueIdentifier>{46BDF0FF-B4DB-3186-8BEE-308311693FCE}</UniqueIdentifier>
    </Filter>
  </ItemGroup>
</Project>
