<?xml version="1.0" encoding="utf-8"?>
<Project ToolsVersion="15.0" xmlns="http://schemas.microsoft.com/developer/msbuild/2003">
  <ItemGroup>
    <ClCompile Include="C:\Users\ben32\source\repos\BenMarshall98\Game-Engine\BulletPhysics\Extras\Serialize\BulletFileLoader\bChunk.cpp">
      <Filter>Source Files</Filter>
    </ClCompile>
    <ClCompile Include="C:\Users\ben32\source\repos\BenMarshall98\Game-Engine\BulletPhysics\Extras\Serialize\BulletFileLoader\bDNA.cpp">
      <Filter>Source Files</Filter>
    </ClCompile>
    <ClCompile Include="C:\Users\ben32\source\repos\BenMarshall98\Game-Engine\BulletPhysics\Extras\Serialize\BulletFileLoader\bFile.cpp">
      <Filter>Source Files</Filter>
    </ClCompile>
    <ClCompile Include="C:\Users\ben32\source\repos\BenMarshall98\Game-Engine\BulletPhysics\Extras\Serialize\BulletFileLoader\btBulletFile.cpp">
      <Filter>Source Files</Filter>
    </ClCompile>
  </ItemGroup>
  <ItemGroup>
    <ClInclude Include="C:\Users\ben32\source\repos\BenMarshall98\Game-Engine\BulletPhysics\Extras\Serialize\BulletFileLoader\bChunk.h">
      <Filter>Header Files</Filter>
    </ClInclude>
    <ClInclude Include="C:\Users\ben32\source\repos\BenMarshall98\Game-Engine\BulletPhysics\Extras\Serialize\BulletFileLoader\bCommon.h">
      <Filter>Header Files</Filter>
    </ClInclude>
    <ClInclude Include="C:\Users\ben32\source\repos\BenMarshall98\Game-Engine\BulletPhysics\Extras\Serialize\BulletFileLoader\bDefines.h">
      <Filter>Header Files</Filter>
    </ClInclude>
    <ClInclude Include="C:\Users\ben32\source\repos\BenMarshall98\Game-Engine\BulletPhysics\Extras\Serialize\BulletFileLoader\bDNA.h">
      <Filter>Header Files</Filter>
    </ClInclude>
    <ClInclude Include="C:\Users\ben32\source\repos\BenMarshall98\Game-Engine\BulletPhysics\Extras\Serialize\BulletFileLoader\bFile.h">
      <Filter>Header Files</Filter>
    </ClInclude>
    <ClInclude Include="C:\Users\ben32\source\repos\BenMarshall98\Game-Engine\BulletPhysics\Extras\Serialize\BulletFileLoader\btBulletFile.h">
      <Filter>Header Files</Filter>
    </ClInclude>
  </ItemGroup>
  <ItemGroup>
    <CustomBuild Include="C:\Users\ben32\source\repos\BenMarshall98\Game-Engine\BulletPhysics\Extras\Serialize\BulletFileLoader\CMakeLists.txt" />
  </ItemGroup>
  <ItemGroup>
    <Filter Include="Header Files">
      <UniqueIdentifier>{47C35B25-EB1D-32F2-89B3-791A295A7422}</UniqueIdentifier>
    </Filter>
    <Filter Include="Source Files">
      <UniqueIdentifier>{14CC725B-5857-3F81-84FE-B85103BD94A4}</UniqueIdentifier>
    </Filter>
  </ItemGroup>
</Project>
