<?xml version="1.0" encoding="utf-8"?>
<Project ToolsVersion="4.0" xmlns="http://schemas.microsoft.com/developer/msbuild/2003">
  <ItemGroup>
    <Filter Include="GameEngineLibraries">
      <UniqueIdentifier>{37e91711-5a2e-444b-ad72-89573dccb1ca}</UniqueIdentifier>
    </Filter>
    <Filter Include="GameCode">
      <UniqueIdentifier>{ecf537a7-b033-4c4c-9556-eafc9f8498aa}</UniqueIdentifier>
    </Filter>
    <Filter Include="GameEngineLibraries\OpenGL">
      <UniqueIdentifier>{f7eb6cce-748d-4a97-8227-894cfdd6de0e}</UniqueIdentifier>
    </Filter>
    <Filter Include="GameEngineLibraries\Utility">
      <UniqueIdentifier>{95a82282-c449-4b1a-9bec-7ec827c5b8b1}</UniqueIdentifier>
    </Filter>
    <Filter Include="GameEngineLibraries\Utility\Models">
      <UniqueIdentifier>{47590f5e-a480-4a20-96f5-b9bf6b7a99e9}</UniqueIdentifier>
    </Filter>
    <Filter Include="GameEngineLibraries\Entity Manager">
      <UniqueIdentifier>{ceb312ba-5044-4234-bcec-be67352ee446}</UniqueIdentifier>
    </Filter>
    <Filter Include="GameEngineLibraries\System Manager">
      <UniqueIdentifier>{fb7c6b32-3b20-41b0-970a-250a090546cc}</UniqueIdentifier>
    </Filter>
    <Filter Include="GameEngineLibraries\Scene Manager">
      <UniqueIdentifier>{87029c81-b448-498b-8d7a-6dc290f771ae}</UniqueIdentifier>
    </Filter>
    <Filter Include="GameCode\Scenes">
      <UniqueIdentifier>{1abaae8a-6442-42c6-b8fb-2251cd812e75}</UniqueIdentifier>
    </Filter>
    <Filter Include="GameCode\Textures">
      <UniqueIdentifier>{bb1475d6-bae7-472f-b042-6ebc8126e95e}</UniqueIdentifier>
    </Filter>
    <Filter Include="GameCode\Models">
      <UniqueIdentifier>{04c3f81c-c4b0-486f-8182-693c9608b71e}</UniqueIdentifier>
    </Filter>
    <Filter Include="GameCode\Shaders">
      <UniqueIdentifier>{d1be5fae-3c05-44d7-8e23-ccd7c5063eec}</UniqueIdentifier>
    </Filter>
    <Filter Include="GameEngineLibraries\Components">
      <UniqueIdentifier>{f61ea21b-977c-4ceb-8763-3d654d337831}</UniqueIdentifier>
    </Filter>
    <Filter Include="GameEngineLibraries\Systems">
      <UniqueIdentifier>{2fdbc526-47d8-46ca-9dca-4c93a5b27624}</UniqueIdentifier>
    </Filter>
    <Filter Include="GameEngineLibraries\Camera">
      <UniqueIdentifier>{482caee8-fef9-4cc8-b4fc-2918ccce631e}</UniqueIdentifier>
    </Filter>
    <Filter Include="GameEngineLibraries\Input Manager">
      <UniqueIdentifier>{4fba9a28-1da2-494c-b0c4-8de3c540d5fc}</UniqueIdentifier>
    </Filter>
  </ItemGroup>
  <ItemGroup>
    <ClCompile Include="Main.cpp">
      <Filter>GameCode</Filter>
    </ClCompile>
    <ClCompile Include="ResourceManager.cpp">
      <Filter>GameEngineLibraries\Utility</Filter>
    </ClCompile>
    <ClCompile Include="Shader.cpp">
      <Filter>GameEngineLibraries\Utility</Filter>
    </ClCompile>
    <ClCompile Include="Texture.cpp">
      <Filter>GameEngineLibraries\Utility</Filter>
    </ClCompile>
    <ClCompile Include="StaticModel.cpp">
      <Filter>GameEngineLibraries\Utility\Models</Filter>
    </ClCompile>
    <ClCompile Include="ModelLoader.cpp">
      <Filter>GameEngineLibraries\Utility\Models</Filter>
    </ClCompile>
    <ClCompile Include="EntityManager.cpp">
      <Filter>GameEngineLibraries\Entity Manager</Filter>
    </ClCompile>
    <ClCompile Include="Entity.cpp">
      <Filter>GameEngineLibraries\Entity Manager</Filter>
    </ClCompile>
    <ClCompile Include="SystemManager.cpp">
      <Filter>GameEngineLibraries\System Manager</Filter>
    </ClCompile>
    <ClCompile Include="GLFWWindow.cpp">
      <Filter>GameEngineLibraries</Filter>
    </ClCompile>
    <ClCompile Include="SceneManager.cpp">
      <Filter>GameEngineLibraries\Scene Manager</Filter>
    </ClCompile>
    <ClCompile Include="iScene.cpp">
      <Filter>GameEngineLibraries\Scene Manager</Filter>
    </ClCompile>
    <ClCompile Include="TestGameScene.cpp">
      <Filter>GameCode\Scenes</Filter>
    </ClCompile>
    <ClCompile Include="iComponent.cpp">
      <Filter>GameEngineLibraries\Components</Filter>
    </ClCompile>
    <ClCompile Include="ComponentPosition.cpp">
      <Filter>GameEngineLibraries\Components</Filter>
    </ClCompile>
    <ClCompile Include="ComponentModel.cpp">
      <Filter>GameEngineLibraries\Components</Filter>
    </ClCompile>
    <ClCompile Include="ComponentShader.cpp">
      <Filter>GameEngineLibraries\Components</Filter>
    </ClCompile>
    <ClCompile Include="iSystem.cpp">
      <Filter>GameEngineLibraries\Systems</Filter>
    </ClCompile>
    <ClCompile Include="RenderSystem.cpp">
      <Filter>GameEngineLibraries\Systems</Filter>
    </ClCompile>
    <ClCompile Include="AnimatedModel.cpp">
      <Filter>GameEngineLibraries\Utility\Models</Filter>
    </ClCompile>
    <ClCompile Include="ComponentTexture.cpp">
      <Filter>GameEngineLibraries\Components</Filter>
    </ClCompile>
    <ClCompile Include="Projection.cpp">
      <Filter>GameEngineLibraries\Camera</Filter>
    </ClCompile>
    <ClCompile Include="OpenGL.cpp">
      <Filter>GameEngineLibraries\OpenGL</Filter>
    </ClCompile>
    <ClCompile Include="InputManager.cpp">
      <Filter>GameEngineLibraries\Input Manager</Filter>
    </ClCompile>
    <ClCompile Include="InputFunction.cpp">
      <Filter>GameEngineLibraries\Input Manager</Filter>
    </ClCompile>
    <ClCompile Include="GLFWInput.cpp" />
    <ClCompile Include="ComponentInput.cpp">
      <Filter>GameEngineLibraries\Components</Filter>
    </ClCompile>
    <ClCompile Include="InputSystem.cpp">
      <Filter>GameEngineLibraries\Systems</Filter>
    </ClCompile>
  </ItemGroup>
  <ItemGroup>
    <ClInclude Include="resource.h" />
    <ClInclude Include="ResourceManager.h">
      <Filter>GameEngineLibraries\Utility</Filter>
    </ClInclude>
    <ClInclude Include="Shader.h">
      <Filter>GameEngineLibraries\Utility</Filter>
    </ClInclude>
    <ClInclude Include="Texture.h">
      <Filter>GameEngineLibraries\Utility</Filter>
    </ClInclude>
    <ClInclude Include="iModel.h">
      <Filter>GameEngineLibraries\Utility\Models</Filter>
    </ClInclude>
    <ClInclude Include="StaticModel.h">
      <Filter>GameEngineLibraries\Utility\Models</Filter>
    </ClInclude>
    <ClInclude Include="ModelLoader.h">
      <Filter>GameEngineLibraries\Utility\Models</Filter>
    </ClInclude>
    <ClInclude Include="stb_image.h">
      <Filter>GameEngineLibraries\Utility</Filter>
    </ClInclude>
    <ClInclude Include="EntityManager.h">
      <Filter>GameEngineLibraries\Entity Manager</Filter>
    </ClInclude>
    <ClInclude Include="Entity.h">
      <Filter>GameEngineLibraries\Entity Manager</Filter>
    </ClInclude>
    <ClInclude Include="SystemManager.h">
      <Filter>GameEngineLibraries\System Manager</Filter>
    </ClInclude>
    <ClInclude Include="GLFWWindow.h">
      <Filter>GameEngineLibraries</Filter>
    </ClInclude>
    <ClInclude Include="SceneManager.h">
      <Filter>GameEngineLibraries\Scene Manager</Filter>
    </ClInclude>
    <ClInclude Include="iScene.h">
      <Filter>GameEngineLibraries\Scene Manager</Filter>
    </ClInclude>
    <ClInclude Include="TestGameScene.h">
      <Filter>GameCode\Scenes</Filter>
    </ClInclude>
    <ClInclude Include="iComponent.h">
      <Filter>GameEngineLibraries\Components</Filter>
    </ClInclude>
    <ClInclude Include="ComponentPosition.h">
      <Filter>GameEngineLibraries\Components</Filter>
    </ClInclude>
    <ClInclude Include="ComponentModel.h">
      <Filter>GameEngineLibraries\Components</Filter>
    </ClInclude>
    <ClInclude Include="ComponentShader.h">
      <Filter>GameEngineLibraries\Components</Filter>
    </ClInclude>
    <ClInclude Include="iSystem.h">
      <Filter>GameEngineLibraries\Systems</Filter>
    </ClInclude>
    <ClInclude Include="RenderSystem.h">
      <Filter>GameEngineLibraries\Systems</Filter>
    </ClInclude>
    <ClInclude Include="AnimatedModel.h">
      <Filter>GameEngineLibraries\Utility\Models</Filter>
    </ClInclude>
    <ClInclude Include="ComponentTexture.h">
      <Filter>GameEngineLibraries\Components</Filter>
    </ClInclude>
    <ClInclude Include="Camera.h">
      <Filter>GameEngineLibraries\Camera</Filter>
    </ClInclude>
    <ClInclude Include="Projection.h">
      <Filter>GameEngineLibraries\Camera</Filter>
    </ClInclude>
    <ClInclude Include="OpenGL.h">
      <Filter>GameEngineLibraries\OpenGL</Filter>
    </ClInclude>
    <ClInclude Include="InputManager.h">
      <Filter>GameEngineLibraries\Input Manager</Filter>
    </ClInclude>
    <ClInclude Include="InputFunction.h">
      <Filter>GameEngineLibraries\Input Manager</Filter>
    </ClInclude>
    <ClInclude Include="InputMapping.h">
      <Filter>GameEngineLibraries\Input Manager</Filter>
    </ClInclude>
    <ClInclude Include="GLFWInput.h" />
    <ClInclude Include="ComponentInput.h">
      <Filter>GameEngineLibraries\Components</Filter>
    </ClInclude>
    <ClInclude Include="InputSystem.h">
      <Filter>GameEngineLibraries\Systems</Filter>
    </ClInclude>
  </ItemGroup>
  <ItemGroup>
    <ResourceCompile Include="GameEngine.rc" />
  </ItemGroup>
  <ItemGroup>
    <None Include="packages.config" />
    <None Include="TestVertex.vert">
      <Filter>GameCode\Shaders</Filter>
    </None>
    <None Include="TestFragment.frag">
      <Filter>GameCode\Shaders</Filter>
    </None>
    <None Include="RiggedFragment.frag">
      <Filter>GameCode\Shaders</Filter>
    </None>
    <None Include="RiggedVertex.vert">
      <Filter>GameCode\Shaders</Filter>
    </None>
  </ItemGroup>
  <ItemGroup>
    <Text Include="Useful Links.txt" />
  </ItemGroup>
  <ItemGroup>
    <Resource Include="cube.obj">
      <Filter>GameCode\Models</Filter>
    </Resource>
  </ItemGroup>
  <ItemGroup>
    <Image Include="container.jpg">
      <Filter>GameCode\Textures</Filter>
    </Image>
  </ItemGroup>
</Project>