<?xml version="1.0" encoding="utf-8"?>
<Project ToolsVersion="4.0" xmlns="http://schemas.microsoft.com/developer/msbuild/2003">
  <ItemGroup>
    <Filter Include="Camera">
      <UniqueIdentifier>{482caee8-fef9-4cc8-b4fc-2918ccce631e}</UniqueIdentifier>
    </Filter>
    <Filter Include="Components">
      <UniqueIdentifier>{f61ea21b-977c-4ceb-8763-3d654d337831}</UniqueIdentifier>
    </Filter>
    <Filter Include="Entity Manager">
      <UniqueIdentifier>{ceb312ba-5044-4234-bcec-be67352ee446}</UniqueIdentifier>
    </Filter>
    <Filter Include="Input Manager">
      <UniqueIdentifier>{4fba9a28-1da2-494c-b0c4-8de3c540d5fc}</UniqueIdentifier>
    </Filter>
    <Filter Include="Light Manager">
      <UniqueIdentifier>{7b0eab55-f561-4d5f-97fe-aba99eef52b6}</UniqueIdentifier>
    </Filter>
    <Filter Include="Logging Manager">
      <UniqueIdentifier>{567f75f0-c8b0-46a5-9ae1-124e6632364f}</UniqueIdentifier>
    </Filter>
    <Filter Include="OpenGL">
      <UniqueIdentifier>{f7eb6cce-748d-4a97-8227-894cfdd6de0e}</UniqueIdentifier>
    </Filter>
    <Filter Include="Physics Manager">
      <UniqueIdentifier>{ed7564d2-a891-422f-b9b4-adedfe974c89}</UniqueIdentifier>
    </Filter>
    <Filter Include="Physics Manager\CollisionShpaes">
      <UniqueIdentifier>{294a5ecc-e10d-4698-837b-80757ea04515}</UniqueIdentifier>
    </Filter>
    <Filter Include="Scene Manager">
      <UniqueIdentifier>{87029c81-b448-498b-8d7a-6dc290f771ae}</UniqueIdentifier>
    </Filter>
    <Filter Include="System Manager">
      <UniqueIdentifier>{fb7c6b32-3b20-41b0-970a-250a090546cc}</UniqueIdentifier>
    </Filter>
    <Filter Include="Systems">
      <UniqueIdentifier>{2fdbc526-47d8-46ca-9dca-4c93a5b27624}</UniqueIdentifier>
    </Filter>
    <Filter Include="Utility">
      <UniqueIdentifier>{95a82282-c449-4b1a-9bec-7ec827c5b8b1}</UniqueIdentifier>
    </Filter>
    <Filter Include="Utility\Models">
      <UniqueIdentifier>{47590f5e-a480-4a20-96f5-b9bf6b7a99e9}</UniqueIdentifier>
    </Filter>
    <Filter Include="Window">
      <UniqueIdentifier>{40040610-bfaa-4fb6-ac9f-4a258317c9f6}</UniqueIdentifier>
    </Filter>
    <Filter Include="Window\GLFW">
      <UniqueIdentifier>{16af0385-b6a9-4bc0-8545-e30f74096ea3}</UniqueIdentifier>
    </Filter>
    <Filter Include="Level Loaders">
      <UniqueIdentifier>{68f96209-94ac-42bb-ad9b-4642a67e437a}</UniqueIdentifier>
    </Filter>
    <Filter Include="Scripting Manager">
      <UniqueIdentifier>{50985445-f885-4060-a80c-415b1ad545ad}</UniqueIdentifier>
    </Filter>
  </ItemGroup>
  <ItemGroup>
    <ClCompile Include="ResourceManager.cpp">
      <Filter>Utility</Filter>
    </ClCompile>
    <ClCompile Include="Shader.cpp">
      <Filter>Utility</Filter>
    </ClCompile>
    <ClCompile Include="Texture.cpp">
      <Filter>Utility</Filter>
    </ClCompile>
    <ClCompile Include="StaticModel.cpp">
      <Filter>Utility\Models</Filter>
    </ClCompile>
    <ClCompile Include="ModelLoader.cpp">
      <Filter>Utility\Models</Filter>
    </ClCompile>
    <ClCompile Include="EntityManager.cpp">
      <Filter>Entity Manager</Filter>
    </ClCompile>
    <ClCompile Include="Entity.cpp">
      <Filter>Entity Manager</Filter>
    </ClCompile>
    <ClCompile Include="SystemManager.cpp">
      <Filter>System Manager</Filter>
    </ClCompile>
    <ClCompile Include="SceneManager.cpp">
      <Filter>Scene Manager</Filter>
    </ClCompile>
    <ClCompile Include="iScene.cpp">
      <Filter>Scene Manager</Filter>
    </ClCompile>
    <ClCompile Include="iComponent.cpp">
      <Filter>Components</Filter>
    </ClCompile>
    <ClCompile Include="ComponentPosition.cpp">
      <Filter>Components</Filter>
    </ClCompile>
    <ClCompile Include="ComponentModel.cpp">
      <Filter>Components</Filter>
    </ClCompile>
    <ClCompile Include="ComponentShader.cpp">
      <Filter>Components</Filter>
    </ClCompile>
    <ClCompile Include="iSystem.cpp">
      <Filter>Systems</Filter>
    </ClCompile>
    <ClCompile Include="RenderSystem.cpp">
      <Filter>Systems</Filter>
    </ClCompile>
    <ClCompile Include="ComponentTexture.cpp">
      <Filter>Components</Filter>
    </ClCompile>
    <ClCompile Include="OpenGL.cpp">
      <Filter>OpenGL</Filter>
    </ClCompile>
    <ClCompile Include="InputManager.cpp">
      <Filter>Input Manager</Filter>
    </ClCompile>
    <ClCompile Include="InputFunction.cpp">
      <Filter>Input Manager</Filter>
    </ClCompile>
    <ClCompile Include="ComponentInput.cpp">
      <Filter>Components</Filter>
    </ClCompile>
    <ClCompile Include="InputSystem.cpp">
      <Filter>Systems</Filter>
    </ClCompile>
    <ClCompile Include="Projection.cpp">
      <Filter>Camera</Filter>
    </ClCompile>
    <ClCompile Include="LightManager.cpp">
      <Filter>Light Manager</Filter>
    </ClCompile>
    <ClCompile Include="GLFWWindow.cpp">
      <Filter>Window\GLFW</Filter>
    </ClCompile>
    <ClCompile Include="GLFWInput.cpp">
      <Filter>Window\GLFW</Filter>
    </ClCompile>
    <ClCompile Include="LoggingManager.cpp">
      <Filter>Logging Manager</Filter>
    </ClCompile>
    <ClCompile Include="ComponentDirection.cpp">
      <Filter>Components</Filter>
    </ClCompile>
    <ClCompile Include="ComponentPhysics.cpp">
      <Filter>Components</Filter>
    </ClCompile>
    <ClCompile Include="PhysicsSystem.cpp">
      <Filter>Systems</Filter>
    </ClCompile>
    <ClCompile Include="PhysicsManager.cpp">
      <Filter>Physics Manager</Filter>
    </ClCompile>
    <ClCompile Include="BulletPhysicsEngine.cpp">
      <Filter>Physics Manager</Filter>
    </ClCompile>
    <ClCompile Include="CollisionShape.cpp">
      <Filter>Physics Manager\CollisionShpaes</Filter>
    </ClCompile>
    <ClCompile Include="CollisionSphere.cpp">
      <Filter>Physics Manager\CollisionShpaes</Filter>
    </ClCompile>
    <ClCompile Include="CollisionCuboid.cpp">
      <Filter>Physics Manager\CollisionShpaes</Filter>
    </ClCompile>
    <ClCompile Include="AnimatedModel.cpp">
      <Filter>Utility\Models</Filter>
    </ClCompile>
    <ClCompile Include="FollowPlaneCamera.cpp">
      <Filter>Camera</Filter>
    </ClCompile>
    <ClCompile Include="ComponentNormalTexture.cpp">
      <Filter>Components</Filter>
    </ClCompile>
    <ClCompile Include="LevelLoader.cpp">
      <Filter>Level Loaders</Filter>
    </ClCompile>
    <ClCompile Include="ScriptingManager.cpp">
      <Filter>Scripting Manager</Filter>
    </ClCompile>
  </ItemGroup>
  <ItemGroup>
    <ClInclude Include="resource.h" />
    <ClInclude Include="ResourceManager.h">
      <Filter>Utility</Filter>
    </ClInclude>
    <ClInclude Include="Shader.h">
      <Filter>Utility</Filter>
    </ClInclude>
    <ClInclude Include="Texture.h">
      <Filter>Utility</Filter>
    </ClInclude>
    <ClInclude Include="iModel.h">
      <Filter>Utility\Models</Filter>
    </ClInclude>
    <ClInclude Include="StaticModel.h">
      <Filter>Utility\Models</Filter>
    </ClInclude>
    <ClInclude Include="ModelLoader.h">
      <Filter>Utility\Models</Filter>
    </ClInclude>
    <ClInclude Include="stb_image.h">
      <Filter>Utility</Filter>
    </ClInclude>
    <ClInclude Include="EntityManager.h">
      <Filter>Entity Manager</Filter>
    </ClInclude>
    <ClInclude Include="Entity.h">
      <Filter>Entity Manager</Filter>
    </ClInclude>
    <ClInclude Include="SystemManager.h">
      <Filter>System Manager</Filter>
    </ClInclude>
    <ClInclude Include="SceneManager.h">
      <Filter>Scene Manager</Filter>
    </ClInclude>
    <ClInclude Include="iScene.h">
      <Filter>Scene Manager</Filter>
    </ClInclude>
    <ClInclude Include="iComponent.h">
      <Filter>Components</Filter>
    </ClInclude>
    <ClInclude Include="ComponentPosition.h">
      <Filter>Components</Filter>
    </ClInclude>
    <ClInclude Include="ComponentModel.h">
      <Filter>Components</Filter>
    </ClInclude>
    <ClInclude Include="ComponentShader.h">
      <Filter>Components</Filter>
    </ClInclude>
    <ClInclude Include="iSystem.h">
      <Filter>Systems</Filter>
    </ClInclude>
    <ClInclude Include="RenderSystem.h">
      <Filter>Systems</Filter>
    </ClInclude>
    <ClInclude Include="ComponentTexture.h">
      <Filter>Components</Filter>
    </ClInclude>
    <ClInclude Include="Camera.h">
      <Filter>Camera</Filter>
    </ClInclude>
    <ClInclude Include="OpenGL.h">
      <Filter>OpenGL</Filter>
    </ClInclude>
    <ClInclude Include="InputManager.h">
      <Filter>Input Manager</Filter>
    </ClInclude>
    <ClInclude Include="InputFunction.h">
      <Filter>Input Manager</Filter>
    </ClInclude>
    <ClInclude Include="InputMapping.h">
      <Filter>Input Manager</Filter>
    </ClInclude>
    <ClInclude Include="ComponentInput.h">
      <Filter>Components</Filter>
    </ClInclude>
    <ClInclude Include="InputSystem.h">
      <Filter>Systems</Filter>
    </ClInclude>
    <ClInclude Include="Projection.h">
      <Filter>Camera</Filter>
    </ClInclude>
    <ClInclude Include="LightManager.h">
      <Filter>Light Manager</Filter>
    </ClInclude>
    <ClInclude Include="GLFWWindow.h">
      <Filter>Window\GLFW</Filter>
    </ClInclude>
    <ClInclude Include="GLFWInput.h">
      <Filter>Window\GLFW</Filter>
    </ClInclude>
    <ClInclude Include="LoggingManager.h">
      <Filter>Logging Manager</Filter>
    </ClInclude>
    <ClInclude Include="ComponentDirection.h">
      <Filter>Components</Filter>
    </ClInclude>
    <ClInclude Include="ComponentPhysics.h">
      <Filter>Components</Filter>
    </ClInclude>
    <ClInclude Include="PhysicsSystem.h">
      <Filter>Systems</Filter>
    </ClInclude>
    <ClInclude Include="PhysicsManager.h">
      <Filter>Physics Manager</Filter>
    </ClInclude>
    <ClInclude Include="BulletPhysicsEngine.h">
      <Filter>Physics Manager</Filter>
    </ClInclude>
    <ClInclude Include="CollisionShape.h">
      <Filter>Physics Manager\CollisionShpaes</Filter>
    </ClInclude>
    <ClInclude Include="CollisionSphere.h">
      <Filter>Physics Manager\CollisionShpaes</Filter>
    </ClInclude>
    <ClInclude Include="CollisionCuboid.h">
      <Filter>Physics Manager\CollisionShpaes</Filter>
    </ClInclude>
    <ClInclude Include="AnimatedModel.h">
      <Filter>Utility\Models</Filter>
    </ClInclude>
    <ClInclude Include="FollowPlaneCamera.h">
      <Filter>Camera</Filter>
    </ClInclude>
    <ClInclude Include="ComponentNormalTexture.h">
      <Filter>Components</Filter>
    </ClInclude>
    <ClInclude Include="LevelLoader.h">
      <Filter>Level Loaders</Filter>
    </ClInclude>
    <ClInclude Include="ScriptingManager.h">
      <Filter>Scripting Manager</Filter>
    </ClInclude>
  </ItemGroup>
  <ItemGroup>
    <ResourceCompile Include="GameEngine.rc" />
  </ItemGroup>
  <ItemGroup>
    <None Include="packages.config" />
  </ItemGroup>
  <ItemGroup>
    <Text Include="Useful Links.txt" />
  </ItemGroup>
</Project>