<?xml version="1.0" encoding="utf-8"?>
<Project ToolsVersion="4.0" xmlns="http://schemas.microsoft.com/developer/msbuild/2003">
  <ItemGroup>
    <Filter Include="Components">
      <UniqueIdentifier>{f61ea21b-977c-4ceb-8763-3d654d337831}</UniqueIdentifier>
    </Filter>
    <Filter Include="Entity Manager">
      <UniqueIdentifier>{ceb312ba-5044-4234-bcec-be67352ee446}</UniqueIdentifier>
    </Filter>
    <Filter Include="Input Manager">
      <UniqueIdentifier>{4fba9a28-1da2-494c-b0c4-8de3c540d5fc}</UniqueIdentifier>
    </Filter>
    <Filter Include="Light Manager">
      <UniqueIdentifier>{7b0eab55-f561-4d5f-97fe-aba99eef52b6}</UniqueIdentifier>
    </Filter>
    <Filter Include="Logging Manager">
      <UniqueIdentifier>{567f75f0-c8b0-46a5-9ae1-124e6632364f}</UniqueIdentifier>
    </Filter>
    <Filter Include="Physics Manager">
      <UniqueIdentifier>{ed7564d2-a891-422f-b9b4-adedfe974c89}</UniqueIdentifier>
    </Filter>
    <Filter Include="Scene Manager">
      <UniqueIdentifier>{87029c81-b448-498b-8d7a-6dc290f771ae}</UniqueIdentifier>
    </Filter>
    <Filter Include="System Manager">
      <UniqueIdentifier>{fb7c6b32-3b20-41b0-970a-250a090546cc}</UniqueIdentifier>
    </Filter>
    <Filter Include="Systems">
      <UniqueIdentifier>{2fdbc526-47d8-46ca-9dca-4c93a5b27624}</UniqueIdentifier>
    </Filter>
    <Filter Include="Utility">
      <UniqueIdentifier>{95a82282-c449-4b1a-9bec-7ec827c5b8b1}</UniqueIdentifier>
    </Filter>
    <Filter Include="Utility\Models">
      <UniqueIdentifier>{47590f5e-a480-4a20-96f5-b9bf6b7a99e9}</UniqueIdentifier>
    </Filter>
    <Filter Include="Window">
      <UniqueIdentifier>{40040610-bfaa-4fb6-ac9f-4a258317c9f6}</UniqueIdentifier>
    </Filter>
    <Filter Include="Window\GLFW">
      <UniqueIdentifier>{16af0385-b6a9-4bc0-8545-e30f74096ea3}</UniqueIdentifier>
    </Filter>
    <Filter Include="Scripting Manager">
      <UniqueIdentifier>{50985445-f885-4060-a80c-415b1ad545ad}</UniqueIdentifier>
    </Filter>
    <Filter Include="Camera Manager">
      <UniqueIdentifier>{482caee8-fef9-4cc8-b4fc-2918ccce631e}</UniqueIdentifier>
    </Filter>
    <Filter Include="Audio Manager">
      <UniqueIdentifier>{f72519cc-02eb-446c-b7d6-c791bd55cadc}</UniqueIdentifier>
    </Filter>
    <Filter Include="Utility\Models\RiggedModel">
      <UniqueIdentifier>{7e7901dd-31f3-4180-8325-5f119ba9eece}</UniqueIdentifier>
    </Filter>
    <Filter Include="Artificial Intelligence">
      <UniqueIdentifier>{110348f9-8e20-45bf-a6d3-58ad3c73b0b6}</UniqueIdentifier>
    </Filter>
    <Filter Include="Physics Manager\BulletPhysicsEngine">
      <UniqueIdentifier>{06865258-fbac-43ef-9833-1e1c04abb2bb}</UniqueIdentifier>
    </Filter>
    <Filter Include="Physics Manager\GenericPhysicsEngine">
      <UniqueIdentifier>{ce85653d-f26f-4f9c-9cea-f41620c802b4}</UniqueIdentifier>
    </Filter>
    <Filter Include="Window\GenericWindow">
      <UniqueIdentifier>{122726f1-83ee-4310-8a10-eb1a34a06c73}</UniqueIdentifier>
    </Filter>
    <Filter Include="Physics Manager\CollisionShapes">
      <UniqueIdentifier>{294a5ecc-e10d-4698-837b-80757ea04515}</UniqueIdentifier>
    </Filter>
    <Filter Include="Menu">
      <UniqueIdentifier>{cba22153-9ec5-4809-a6cb-d281946f097a}</UniqueIdentifier>
    </Filter>
    <Filter Include="Menu Loader">
      <UniqueIdentifier>{82e133e5-65cb-439f-b24f-10e8ddb29e1b}</UniqueIdentifier>
    </Filter>
    <Filter Include="Level Loader">
      <UniqueIdentifier>{68f96209-94ac-42bb-ad9b-4642a67e437a}</UniqueIdentifier>
    </Filter>
    <Filter Include="Render Manager">
      <UniqueIdentifier>{5bd11447-1cff-47fc-93a4-50525ba759de}</UniqueIdentifier>
    </Filter>
    <Filter Include="Render Manager\GenericRender">
      <UniqueIdentifier>{5d08c880-6965-4306-a0d0-1f29abb81ed7}</UniqueIdentifier>
    </Filter>
    <Filter Include="Render Manager\GenericRender\Models">
      <UniqueIdentifier>{18ab1a5b-701e-4a96-b800-c1953f7df196}</UniqueIdentifier>
    </Filter>
    <Filter Include="Render Manager\GenericRender\Shader">
      <UniqueIdentifier>{4946c6a6-6488-4bea-ad0d-ef82838b34a4}</UniqueIdentifier>
    </Filter>
    <Filter Include="Render Manager\GenericRender\Texture">
      <UniqueIdentifier>{1b75c059-7aa5-425d-85c2-649a75db3101}</UniqueIdentifier>
    </Filter>
    <Filter Include="Render Manager\OpenGL330">
      <UniqueIdentifier>{d3cdd79b-8396-4d28-ada7-dd0c6f1c2770}</UniqueIdentifier>
    </Filter>
    <Filter Include="Render Manager\OpenGL330\Models">
      <UniqueIdentifier>{cf8f7009-5fcb-48ea-8dff-df5fc29129f2}</UniqueIdentifier>
    </Filter>
    <Filter Include="Render Manager\OpenGL330\Texture">
      <UniqueIdentifier>{0a52d694-0cd5-4285-9986-425f6dac3028}</UniqueIdentifier>
    </Filter>
    <Filter Include="Render Manager\OpenGL330\Shader">
      <UniqueIdentifier>{48dc0525-6bbb-4e9c-b95e-9f0aa2f4209a}</UniqueIdentifier>
    </Filter>
    <Filter Include="Render Manager\GenericRender\FrameBuffer">
      <UniqueIdentifier>{c0c00380-f321-4ecd-9464-fbb939b957b7}</UniqueIdentifier>
    </Filter>
    <Filter Include="Render Manager\OpenGL330\FrameBuffer">
      <UniqueIdentifier>{3e8a7980-08f1-4757-b9a0-d816306aa4df}</UniqueIdentifier>
    </Filter>
    <Filter Include="Render Manager\GenericRender\TextRender">
      <UniqueIdentifier>{aec2d690-1b6e-44a4-8963-5d25b4ea5e74}</UniqueIdentifier>
    </Filter>
    <Filter Include="Render Manager\OpenGL330\TextRender">
      <UniqueIdentifier>{8c8a7e93-0d0c-40ce-bd3a-b22e2a7ad235}</UniqueIdentifier>
    </Filter>
  </ItemGroup>
  <ItemGroup>
    <ClCompile Include="ResourceManager.cpp">
      <Filter>Utility</Filter>
    </ClCompile>
    <ClCompile Include="ModelLoader.cpp">
      <Filter>Utility\Models</Filter>
    </ClCompile>
    <ClCompile Include="EntityManager.cpp">
      <Filter>Entity Manager</Filter>
    </ClCompile>
    <ClCompile Include="Entity.cpp">
      <Filter>Entity Manager</Filter>
    </ClCompile>
    <ClCompile Include="SystemManager.cpp">
      <Filter>System Manager</Filter>
    </ClCompile>
    <ClCompile Include="iScene.cpp">
      <Filter>Scene Manager</Filter>
    </ClCompile>
    <ClCompile Include="iComponent.cpp">
      <Filter>Components</Filter>
    </ClCompile>
    <ClCompile Include="ComponentPosition.cpp">
      <Filter>Components</Filter>
    </ClCompile>
    <ClCompile Include="ComponentModel.cpp">
      <Filter>Components</Filter>
    </ClCompile>
    <ClCompile Include="ComponentShader.cpp">
      <Filter>Components</Filter>
    </ClCompile>
    <ClCompile Include="iSystem.cpp">
      <Filter>Systems</Filter>
    </ClCompile>
    <ClCompile Include="RenderSystem.cpp">
      <Filter>Systems</Filter>
    </ClCompile>
    <ClCompile Include="ComponentTexture.cpp">
      <Filter>Components</Filter>
    </ClCompile>
    <ClCompile Include="InputManager.cpp">
      <Filter>Input Manager</Filter>
    </ClCompile>
    <ClCompile Include="InputFunction.cpp">
      <Filter>Input Manager</Filter>
    </ClCompile>
    <ClCompile Include="ComponentInput.cpp">
      <Filter>Components</Filter>
    </ClCompile>
    <ClCompile Include="InputSystem.cpp">
      <Filter>Systems</Filter>
    </ClCompile>
    <ClCompile Include="Projection.cpp">
      <Filter>Camera Manager</Filter>
    </ClCompile>
    <ClCompile Include="LightManager.cpp">
      <Filter>Light Manager</Filter>
    </ClCompile>
    <ClCompile Include="GLFWWindow.cpp">
      <Filter>Window\GLFW</Filter>
    </ClCompile>
    <ClCompile Include="GLFWInput.cpp">
      <Filter>Window\GLFW</Filter>
    </ClCompile>
    <ClCompile Include="LoggingManager.cpp">
      <Filter>Logging Manager</Filter>
    </ClCompile>
    <ClCompile Include="ComponentDirection.cpp">
      <Filter>Components</Filter>
    </ClCompile>
    <ClCompile Include="ComponentPhysics.cpp">
      <Filter>Components</Filter>
    </ClCompile>
    <ClCompile Include="PhysicsSystem.cpp">
      <Filter>Systems</Filter>
    </ClCompile>
    <ClCompile Include="PhysicsManager.cpp">
      <Filter>Physics Manager</Filter>
    </ClCompile>
    <ClCompile Include="CollisionShape.cpp">
      <Filter>Physics Manager\CollisionShapes</Filter>
    </ClCompile>
    <ClCompile Include="CollisionSphere.cpp">
      <Filter>Physics Manager\CollisionShapes</Filter>
    </ClCompile>
    <ClCompile Include="CollisionCuboid.cpp">
      <Filter>Physics Manager\CollisionShapes</Filter>
    </ClCompile>
    <ClCompile Include="FollowPlaneCamera.cpp">
      <Filter>Camera Manager</Filter>
    </ClCompile>
    <ClCompile Include="ComponentNormalTexture.cpp">
      <Filter>Components</Filter>
    </ClCompile>
    <ClCompile Include="LevelLoader.cpp">
      <Filter>Level Loader</Filter>
    </ClCompile>
    <ClCompile Include="ScriptingManager.cpp">
      <Filter>Scripting Manager</Filter>
    </ClCompile>
    <ClCompile Include="InputMapping.cpp">
      <Filter>Input Manager</Filter>
    </ClCompile>
    <ClCompile Include="CameraManager.cpp">
      <Filter>Camera Manager</Filter>
    </ClCompile>
    <ClCompile Include="FollowPlayerCamera.cpp">
      <Filter>Camera Manager</Filter>
    </ClCompile>
    <ClCompile Include="Camera.cpp">
      <Filter>Camera Manager</Filter>
    </ClCompile>
    <ClCompile Include="ShadowSystem.cpp">
      <Filter>Systems</Filter>
    </ClCompile>
    <ClCompile Include="ComponentAudio.cpp">
      <Filter>Components</Filter>
    </ClCompile>
    <ClCompile Include="AudioSystem.cpp">
      <Filter>Systems</Filter>
    </ClCompile>
    <ClCompile Include="AudioManager.cpp">
      <Filter>Audio Manager</Filter>
    </ClCompile>
    <ClCompile Include="ComponentRiggedAnimation.cpp">
      <Filter>Components</Filter>
    </ClCompile>
    <ClCompile Include="RiggedAnimationSystem.cpp">
      <Filter>Systems</Filter>
    </ClCompile>
    <ClCompile Include="ComponentShadowShader.cpp">
      <Filter>Components</Filter>
    </ClCompile>
    <ClCompile Include="Vec3AnimKey.cpp">
      <Filter>Utility\Models\RiggedModel</Filter>
    </ClCompile>
    <ClCompile Include="QuatAnimKey.cpp">
      <Filter>Utility\Models\RiggedModel</Filter>
    </ClCompile>
    <ClCompile Include="AnimNode.cpp">
      <Filter>Utility\Models\RiggedModel</Filter>
    </ClCompile>
    <ClCompile Include="Animation.cpp">
      <Filter>Utility\Models\RiggedModel</Filter>
    </ClCompile>
    <ClCompile Include="Bone.cpp">
      <Filter>Utility\Models\RiggedModel</Filter>
    </ClCompile>
    <ClCompile Include="Node.cpp">
      <Filter>Utility\Models\RiggedModel</Filter>
    </ClCompile>
    <ClCompile Include="ComponentArtificalIntelligence.cpp">
      <Filter>Components</Filter>
    </ClCompile>
    <ClCompile Include="PathFollowing.cpp">
      <Filter>Artificial Intelligence</Filter>
    </ClCompile>
    <ClCompile Include="ArtificialIntelligenceSystem.cpp">
      <Filter>Systems</Filter>
    </ClCompile>
    <ClCompile Include="LocationSound.cpp">
      <Filter>Audio Manager</Filter>
    </ClCompile>
    <ClCompile Include="EntitySound.cpp">
      <Filter>Audio Manager</Filter>
    </ClCompile>
    <ClCompile Include="PathFinding.cpp">
      <Filter>Artificial Intelligence</Filter>
    </ClCompile>
    <ClCompile Include="AIStateMachine.cpp">
      <Filter>Artificial Intelligence</Filter>
    </ClCompile>
    <ClCompile Include="BulletPhysicsEngine.cpp">
      <Filter>Physics Manager\BulletPhysicsEngine</Filter>
    </ClCompile>
    <ClCompile Include="BulletRigidBody.cpp">
      <Filter>Physics Manager\BulletPhysicsEngine</Filter>
    </ClCompile>
    <ClCompile Include="PhysicsEngine.cpp">
      <Filter>Physics Manager\GenericPhysicsEngine</Filter>
    </ClCompile>
    <ClCompile Include="RigidBody.cpp">
      <Filter>Physics Manager\GenericPhysicsEngine</Filter>
    </ClCompile>
    <ClCompile Include="Window.cpp">
      <Filter>Window\GenericWindow</Filter>
    </ClCompile>
    <ClCompile Include="Input.cpp">
      <Filter>Window\GenericWindow</Filter>
    </ClCompile>
    <ClCompile Include="MenuItem.cpp">
      <Filter>Menu</Filter>
    </ClCompile>
    <ClCompile Include="Text.cpp">
      <Filter>Menu</Filter>
    </ClCompile>
    <ClCompile Include="Button.cpp">
      <Filter>Menu</Filter>
    </ClCompile>
    <ClCompile Include="MenuScene.cpp">
      <Filter>Scene Manager</Filter>
    </ClCompile>
    <ClCompile Include="GameScene.cpp">
      <Filter>Scene Manager</Filter>
    </ClCompile>
    <ClCompile Include="MenuLoader.cpp">
      <Filter>Menu Loader</Filter>
    </ClCompile>
    <ClCompile Include="SceneManager.cpp">
      <Filter>Scene Manager</Filter>
    </ClCompile>
    <ClCompile Include="ComponentAnimation.cpp">
      <Filter>Components</Filter>
    </ClCompile>
    <ClCompile Include="ComponentState.cpp">
      <Filter>Components</Filter>
    </ClCompile>
    <ClCompile Include="AnimationSystem.cpp">
      <Filter>Systems</Filter>
    </ClCompile>
    <ClCompile Include="RenderManager.cpp">
      <Filter>Render Manager</Filter>
    </ClCompile>
    <ClCompile Include="RenderEngine.cpp">
      <Filter>Render Manager\GenericRender</Filter>
    </ClCompile>
    <ClCompile Include="iModel.cpp">
      <Filter>Render Manager\GenericRender\Models</Filter>
    </ClCompile>
    <ClCompile Include="StaticModel.cpp">
      <Filter>Render Manager\GenericRender\Models</Filter>
    </ClCompile>
    <ClCompile Include="Shader.cpp">
      <Filter>Render Manager\GenericRender\Shader</Filter>
    </ClCompile>
    <ClCompile Include="Texture.cpp">
      <Filter>Render Manager\GenericRender\Texture</Filter>
    </ClCompile>
    <ClCompile Include="OpenGL330Engine.cpp">
      <Filter>Render Manager\OpenGL330</Filter>
    </ClCompile>
    <ClCompile Include="OpenGL330StaticModel.cpp">
      <Filter>Render Manager\OpenGL330\Models</Filter>
    </ClCompile>
    <ClCompile Include="OpenGL330AnimatedModel.cpp">
      <Filter>Render Manager\OpenGL330\Models</Filter>
    </ClCompile>
    <ClCompile Include="OpenGL330Shader.cpp">
      <Filter>Render Manager\OpenGL330\Shader</Filter>
    </ClCompile>
    <ClCompile Include="OpenGL330Texture.cpp">
      <Filter>Render Manager\OpenGL330\Texture</Filter>
    </ClCompile>
    <ClCompile Include="FrameBuffer.cpp">
      <Filter>Render Manager\GenericRender\FrameBuffer</Filter>
    </ClCompile>
    <ClCompile Include="OpenGL330DirectionalShadowFramebuffer.cpp">
      <Filter>Render Manager\OpenGL330\FrameBuffer</Filter>
    </ClCompile>
    <ClCompile Include="OpenGL330PointShadowFramebuffer.cpp">
      <Filter>Render Manager\OpenGL330\FrameBuffer</Filter>
    </ClCompile>
    <ClCompile Include="AnimatedModel.cpp">
      <Filter>Utility\Models\RiggedModel</Filter>
    </ClCompile>
    <ClCompile Include="AnimatedModelMesh.cpp">
      <Filter>Render Manager\GenericRender\Models</Filter>
    </ClCompile>
    <ClCompile Include="UniformLocation.cpp">
      <Filter>Render Manager\GenericRender\Shader</Filter>
    </ClCompile>
    <ClCompile Include="OpenGL330UniformLocation.cpp">
      <Filter>Render Manager\OpenGL330\Shader</Filter>
    </ClCompile>
    <ClCompile Include="TextRender.cpp">
      <Filter>Render Manager\GenericRender\TextRender</Filter>
    </ClCompile>
    <ClCompile Include="OpenGL330TextRender.cpp">
      <Filter>Render Manager\OpenGL330\TextRender</Filter>
    </ClCompile>
  </ItemGroup>
  <ItemGroup>
    <ClInclude Include="resource.h" />
    <ClInclude Include="ResourceManager.h">
      <Filter>Utility</Filter>
    </ClInclude>
    <ClInclude Include="ModelLoader.h">
      <Filter>Utility\Models</Filter>
    </ClInclude>
    <ClInclude Include="EntityManager.h">
      <Filter>Entity Manager</Filter>
    </ClInclude>
    <ClInclude Include="Entity.h">
      <Filter>Entity Manager</Filter>
    </ClInclude>
    <ClInclude Include="SystemManager.h">
      <Filter>System Manager</Filter>
    </ClInclude>
    <ClInclude Include="iScene.h">
      <Filter>Scene Manager</Filter>
    </ClInclude>
    <ClInclude Include="iComponent.h">
      <Filter>Components</Filter>
    </ClInclude>
    <ClInclude Include="ComponentPosition.h">
      <Filter>Components</Filter>
    </ClInclude>
    <ClInclude Include="ComponentModel.h">
      <Filter>Components</Filter>
    </ClInclude>
    <ClInclude Include="ComponentShader.h">
      <Filter>Components</Filter>
    </ClInclude>
    <ClInclude Include="iSystem.h">
      <Filter>Systems</Filter>
    </ClInclude>
    <ClInclude Include="RenderSystem.h">
      <Filter>Systems</Filter>
    </ClInclude>
    <ClInclude Include="ComponentTexture.h">
      <Filter>Components</Filter>
    </ClInclude>
    <ClInclude Include="Camera.h">
      <Filter>Camera Manager</Filter>
    </ClInclude>
    <ClInclude Include="InputManager.h">
      <Filter>Input Manager</Filter>
    </ClInclude>
    <ClInclude Include="InputFunction.h">
      <Filter>Input Manager</Filter>
    </ClInclude>
    <ClInclude Include="InputMapping.h">
      <Filter>Input Manager</Filter>
    </ClInclude>
    <ClInclude Include="ComponentInput.h">
      <Filter>Components</Filter>
    </ClInclude>
    <ClInclude Include="InputSystem.h">
      <Filter>Systems</Filter>
    </ClInclude>
    <ClInclude Include="Projection.h">
      <Filter>Camera Manager</Filter>
    </ClInclude>
    <ClInclude Include="LightManager.h">
      <Filter>Light Manager</Filter>
    </ClInclude>
    <ClInclude Include="GLFWWindow.h">
      <Filter>Window\GLFW</Filter>
    </ClInclude>
    <ClInclude Include="GLFWInput.h">
      <Filter>Window\GLFW</Filter>
    </ClInclude>
    <ClInclude Include="LoggingManager.h">
      <Filter>Logging Manager</Filter>
    </ClInclude>
    <ClInclude Include="ComponentDirection.h">
      <Filter>Components</Filter>
    </ClInclude>
    <ClInclude Include="ComponentPhysics.h">
      <Filter>Components</Filter>
    </ClInclude>
    <ClInclude Include="PhysicsSystem.h">
      <Filter>Systems</Filter>
    </ClInclude>
    <ClInclude Include="PhysicsManager.h">
      <Filter>Physics Manager</Filter>
    </ClInclude>
    <ClInclude Include="CollisionShape.h">
      <Filter>Physics Manager\CollisionShapes</Filter>
    </ClInclude>
    <ClInclude Include="CollisionSphere.h">
      <Filter>Physics Manager\CollisionShapes</Filter>
    </ClInclude>
    <ClInclude Include="CollisionCuboid.h">
      <Filter>Physics Manager\CollisionShapes</Filter>
    </ClInclude>
    <ClInclude Include="FollowPlaneCamera.h">
      <Filter>Camera Manager</Filter>
    </ClInclude>
    <ClInclude Include="ComponentNormalTexture.h">
      <Filter>Components</Filter>
    </ClInclude>
    <ClInclude Include="LevelLoader.h">
      <Filter>Level Loader</Filter>
    </ClInclude>
    <ClInclude Include="ScriptingManager.h">
      <Filter>Scripting Manager</Filter>
    </ClInclude>
    <ClInclude Include="CameraManager.h">
      <Filter>Camera Manager</Filter>
    </ClInclude>
    <ClInclude Include="FollowPlayerCamera.h">
      <Filter>Camera Manager</Filter>
    </ClInclude>
    <ClInclude Include="ShadowSystem.h">
      <Filter>Systems</Filter>
    </ClInclude>
    <ClInclude Include="ComponentAudio.h">
      <Filter>Components</Filter>
    </ClInclude>
    <ClInclude Include="AudioSystem.h">
      <Filter>Systems</Filter>
    </ClInclude>
    <ClInclude Include="AudioManager.h">
      <Filter>Audio Manager</Filter>
    </ClInclude>
    <ClInclude Include="ComponentRiggedAnimation.h">
      <Filter>Components</Filter>
    </ClInclude>
    <ClInclude Include="RiggedAnimationSystem.h">
      <Filter>Systems</Filter>
    </ClInclude>
    <ClInclude Include="ComponentShadowShader.h">
      <Filter>Components</Filter>
    </ClInclude>
    <ClInclude Include="Vec3AnimKey.h">
      <Filter>Utility\Models\RiggedModel</Filter>
    </ClInclude>
    <ClInclude Include="QuatAnimKey.h">
      <Filter>Utility\Models\RiggedModel</Filter>
    </ClInclude>
    <ClInclude Include="AnimNode.h">
      <Filter>Utility\Models\RiggedModel</Filter>
    </ClInclude>
    <ClInclude Include="Animation.h">
      <Filter>Utility\Models\RiggedModel</Filter>
    </ClInclude>
    <ClInclude Include="Bone.h">
      <Filter>Utility\Models\RiggedModel</Filter>
    </ClInclude>
    <ClInclude Include="Node.h">
      <Filter>Utility\Models\RiggedModel</Filter>
    </ClInclude>
    <ClInclude Include="ComponentArtificalIntelligence.h">
      <Filter>Components</Filter>
    </ClInclude>
    <ClInclude Include="PathFollowing.h">
      <Filter>Artificial Intelligence</Filter>
    </ClInclude>
    <ClInclude Include="ArtificialIntelligenceSystem.h">
      <Filter>Systems</Filter>
    </ClInclude>
    <ClInclude Include="LocationSound.h">
      <Filter>Audio Manager</Filter>
    </ClInclude>
    <ClInclude Include="EntitySound.h">
      <Filter>Audio Manager</Filter>
    </ClInclude>
    <ClInclude Include="PathFinding.h">
      <Filter>Artificial Intelligence</Filter>
    </ClInclude>
    <ClInclude Include="AIStateMachine.h">
      <Filter>Artificial Intelligence</Filter>
    </ClInclude>
    <ClInclude Include="BulletPhysicsEngine.h">
      <Filter>Physics Manager\BulletPhysicsEngine</Filter>
    </ClInclude>
    <ClInclude Include="BulletRigidBody.h">
      <Filter>Physics Manager\BulletPhysicsEngine</Filter>
    </ClInclude>
    <ClInclude Include="PhysicsEngine.h">
      <Filter>Physics Manager\GenericPhysicsEngine</Filter>
    </ClInclude>
    <ClInclude Include="RigidBody.h">
      <Filter>Physics Manager\GenericPhysicsEngine</Filter>
    </ClInclude>
    <ClInclude Include="Window.h">
      <Filter>Window\GenericWindow</Filter>
    </ClInclude>
    <ClInclude Include="Input.h">
      <Filter>Window\GenericWindow</Filter>
    </ClInclude>
    <ClInclude Include="MenuItem.h">
      <Filter>Menu</Filter>
    </ClInclude>
    <ClInclude Include="Text.h">
      <Filter>Menu</Filter>
    </ClInclude>
    <ClInclude Include="Button.h">
      <Filter>Menu</Filter>
    </ClInclude>
    <ClInclude Include="MenuScene.h">
      <Filter>Scene Manager</Filter>
    </ClInclude>
    <ClInclude Include="GameScene.h">
      <Filter>Scene Manager</Filter>
    </ClInclude>
    <ClInclude Include="MenuLoader.h">
      <Filter>Menu Loader</Filter>
    </ClInclude>
    <ClInclude Include="SceneManager.h">
      <Filter>Scene Manager</Filter>
    </ClInclude>
    <ClInclude Include="ComponentAnimation.h">
      <Filter>Components</Filter>
    </ClInclude>
    <ClInclude Include="ComponentState.h">
      <Filter>Components</Filter>
    </ClInclude>
    <ClInclude Include="AnimationSystem.h">
      <Filter>Systems</Filter>
    </ClInclude>
    <ClInclude Include="RenderManager.h">
      <Filter>Render Manager</Filter>
    </ClInclude>
    <ClInclude Include="RenderEngine.h">
      <Filter>Render Manager\GenericRender</Filter>
    </ClInclude>
    <ClInclude Include="iModel.h">
      <Filter>Render Manager\GenericRender\Models</Filter>
    </ClInclude>
    <ClInclude Include="StaticModel.h">
      <Filter>Render Manager\GenericRender\Models</Filter>
    </ClInclude>
    <ClInclude Include="Shader.h">
      <Filter>Render Manager\GenericRender\Shader</Filter>
    </ClInclude>
    <ClInclude Include="Texture.h">
      <Filter>Render Manager\GenericRender\Texture</Filter>
    </ClInclude>
    <ClInclude Include="OpenGL330Engine.h">
      <Filter>Render Manager\OpenGL330</Filter>
    </ClInclude>
    <ClInclude Include="OpenGL330StaticModel.h">
      <Filter>Render Manager\OpenGL330\Models</Filter>
    </ClInclude>
    <ClInclude Include="OpenGL330AnimatedModel.h">
      <Filter>Render Manager\OpenGL330\Models</Filter>
    </ClInclude>
    <ClInclude Include="OpenGL330Shader.h">
      <Filter>Render Manager\OpenGL330\Shader</Filter>
    </ClInclude>
    <ClInclude Include="OpenGL330Texture.h">
      <Filter>Render Manager\OpenGL330\Texture</Filter>
    </ClInclude>
    <ClInclude Include="FrameBuffer.h">
      <Filter>Render Manager\GenericRender\FrameBuffer</Filter>
    </ClInclude>
    <ClInclude Include="OpenGL330DirectionalShadowFramebuffer.h">
      <Filter>Render Manager\OpenGL330\FrameBuffer</Filter>
    </ClInclude>
    <ClInclude Include="OpenGL330PointShadowFramebuffer.h">
      <Filter>Render Manager\OpenGL330\FrameBuffer</Filter>
    </ClInclude>
    <ClInclude Include="AnimatedModel.h">
      <Filter>Utility\Models\RiggedModel</Filter>
    </ClInclude>
    <ClInclude Include="AnimatedModelMesh.h">
      <Filter>Render Manager\GenericRender\Models</Filter>
    </ClInclude>
    <ClInclude Include="UniformLocation.h">
      <Filter>Render Manager\GenericRender\Shader</Filter>
    </ClInclude>
    <ClInclude Include="OpenGL330UniformLocation.h">
      <Filter>Render Manager\OpenGL330\Shader</Filter>
    </ClInclude>
    <ClInclude Include="TextRender.h">
      <Filter>Render Manager\GenericRender\TextRender</Filter>
    </ClInclude>
    <ClInclude Include="OpenGL330TextRender.h">
      <Filter>Render Manager\OpenGL330\TextRender</Filter>
    </ClInclude>
  </ItemGroup>
  <ItemGroup>
    <ResourceCompile Include="GameEngine.rc" />
  </ItemGroup>
  <ItemGroup>
    <None Include="packages.config" />
  </ItemGroup>
  <ItemGroup>
    <Text Include="Useful Links.txt" />
  </ItemGroup>
</Project>